{
  "version": 4,
  "terraform_version": "1.14.2",
  "serial": 304,
  "lineage": "41a2faca-4dbc-e99b-8214-c880f2395687",
  "outputs": {},
  "resources": [
    {
      "mode": "managed",
      "type": "aws_s3_bucket",
      "name": "e-commerce_product_images",
      "provider": "provider[\"registry.terraform.io/hashicorp/aws\"]",
      "instances": [
        {
          "schema_version": 0,
          "attributes": {
            "acceleration_status": "",
            "acl": null,
            "arn": "arn:aws:s3:::e-commerce-product-images-bucket",
            "bucket": "e-commerce-product-images-bucket",
            "bucket_domain_name": "e-commerce-product-images-bucket.s3.amazonaws.com",
            "bucket_prefix": "",
            "bucket_region": "ap-south-1",
            "bucket_regional_domain_name": "e-commerce-product-images-bucket.s3.ap-south-1.amazonaws.com",
            "cors_rule": [],
            "force_destroy": false,
            "grant": [
              {
                "id": "66fd0e081c07739da484cb143a99e3d41ea5419840ca7fd64a05b7129fdb2944",
                "permissions": [
                  "FULL_CONTROL"
                ],
                "type": "CanonicalUser",
                "uri": ""
              }
            ],
            "hosted_zone_id": "Z11RGJOFQNVJUP",
            "id": "e-commerce-product-images-bucket",
            "lifecycle_rule": [],
            "logging": [],
            "object_lock_configuration": [],
            "object_lock_enabled": false,
            "policy": "",
            "region": "ap-south-1",
            "replication_configuration": [],
            "request_payer": "BucketOwner",
            "server_side_encryption_configuration": [
              {
                "rule": [
                  {
                    "apply_server_side_encryption_by_default": [
                      {
                        "kms_master_key_id": "",
                        "sse_algorithm": "AES256"
                      }
                    ],
                    "bucket_key_enabled": false
                  }
                ]
              }
            ],
            "tags": {
              "Environment": "Production",
              "Name": "E-Commerce Product Images Bucket"
            },
            "tags_all": {
              "Environment": "Production",
              "Name": "E-Commerce Product Images Bucket"
            },
            "timeouts": null,
            "versioning": [
              {
                "enabled": true,
                "mfa_delete": false
              }
            ],
            "website": [],
            "website_domain": null,
            "website_endpoint": null
          },
          "sensitive_attributes": [],
          "identity_schema_version": 0,
          "identity": {
            "account_id": "471112555655",
            "bucket": "e-commerce-product-images-bucket",
            "region": "ap-south-1"
          },
          "private": "eyJlMmJmYjczMC1lY2FhLTExZTYtOGY4OC0zNDM2M2JjN2M0YzAiOnsiY3JlYXRlIjoxMjAwMDAwMDAwMDAwLCJkZWxldGUiOjM2MDAwMDAwMDAwMDAsInJlYWQiOjEyMDAwMDAwMDAwMDAsInVwZGF0ZSI6MTIwMDAwMDAwMDAwMH19"
        }
      ]
    },
    {
      "mode": "managed",
      "type": "aws_s3_object",
      "name": "product_images",
      "provider": "provider[\"registry.terraform.io/hashicorp/aws\"]",
      "instances": [
        {
          "index_key": "100%_LINEN_SHIRT_1.jpg",
          "schema_version": 0,
          "attributes": {
            "acl": null,
            "arn": "arn:aws:s3:::e-commerce-product-images-bucket/images/100%_LINEN_SHIRT_1.jpg",
            "bucket": "e-commerce-product-images-bucket",
            "bucket_key_enabled": false,
            "cache_control": "",
            "checksum_algorithm": null,
            "checksum_crc32": "",
            "checksum_crc32c": "",
            "checksum_crc64nvme": "",
            "checksum_sha1": "",
            "checksum_sha256": "",
            "content": null,
            "content_base64": null,
            "content_disposition": "",
            "content_encoding": "",
            "content_language": "",
            "content_type": "image/jpeg",
            "etag": "680cce8a65945dce6b7f8db6306f04b9",
            "force_destroy": false,
            "id": "e-commerce-product-images-bucket/images/100%_LINEN_SHIRT_1.jpg",
            "key": "images/100%_LINEN_SHIRT_1.jpg",
            "kms_key_id": null,
            "metadata": null,
            "object_lock_legal_hold_status": "",
            "object_lock_mode": "",
            "object_lock_retain_until_date": "",
            "override_provider": [],
            "region": "ap-south-1",
            "server_side_encryption": "AES256",
            "source": "downloaded_images/100%_LINEN_SHIRT_1.jpg",
            "source_hash": null,
            "storage_class": "STANDARD",
            "tags": null,
            "tags_all": {},
            "version_id": "kQMr1MLHlE7Cxy7PEMbqGsRLHNE4_jBV",
            "website_redirect": ""
          },
          "sensitive_attributes": [],
          "identity_schema_version": 0,
          "identity": {
            "account_id": "471112555655",
            "bucket": "e-commerce-product-images-bucket",
            "key": "images/100%_LINEN_SHIRT_1.jpg",
            "region": "ap-south-1"
          },
          "private": "bnVsbA=="
        },
        {
          "index_key": "ABSTRACT_JACQUARD_SHIRT_1.jpg",
          "schema_version": 0,
          "attributes": {
            "acl": null,
            "arn": "arn:aws:s3:::e-commerce-product-images-bucket/images/ABSTRACT_JACQUARD_SHIRT_1.jpg",
            "bucket": "e-commerce-product-images-bucket",
            "bucket_key_enabled": false,
            "cache_control": "",
            "checksum_algorithm": null,
            "checksum_crc32": "",
            "checksum_crc32c": "",
            "checksum_crc64nvme": "",
            "checksum_sha1": "",
            "checksum_sha256": "",
            "content": null,
            "content_base64": null,
            "content_disposition": "",
            "content_encoding": "",
            "content_language": "",
            "content_type": "image/jpeg",
            "etag": "9aa142531b37f609512039e92b5f33c9",
            "force_destroy": false,
            "id": "e-commerce-product-images-bucket/images/ABSTRACT_JACQUARD_SHIRT_1.jpg",
            "key": "images/ABSTRACT_JACQUARD_SHIRT_1.jpg",
            "kms_key_id": null,
            "metadata": null,
            "object_lock_legal_hold_status": "",
            "object_lock_mode": "",
            "object_lock_retain_until_date": "",
            "override_provider": [],
            "region": "ap-south-1",
            "server_side_encryption": "AES256",
            "source": "downloaded_images/ABSTRACT_JACQUARD_SHIRT_1.jpg",
            "source_hash": null,
            "storage_class": "STANDARD",
            "tags": null,
            "tags_all": {},
            "version_id": "wPVEH17k61W9Ws4SH71qh9Gymq62KJVu",
            "website_redirect": ""
          },
          "sensitive_attributes": [],
          "identity_schema_version": 0,
          "identity": {
            "account_id": "471112555655",
            "bucket": "e-commerce-product-images-bucket",
            "key": "images/ABSTRACT_JACQUARD_SHIRT_1.jpg",
            "region": "ap-south-1"
          },
          "private": "bnVsbA=="
        },
        {
          "index_key": "ABSTRACT_JACQUARD_SHIRT_2.jpg",
          "schema_version": 0,
          "attributes": {
            "acl": null,
            "arn": "arn:aws:s3:::e-commerce-product-images-bucket/images/ABSTRACT_JACQUARD_SHIRT_2.jpg",
            "bucket": "e-commerce-product-images-bucket",
            "bucket_key_enabled": false,
            "cache_control": "",
            "checksum_algorithm": null,
            "checksum_crc32": "",
            "checksum_crc32c": "",
            "checksum_crc64nvme": "",
            "checksum_sha1": "",
            "checksum_sha256": "",
            "content": null,
            "content_base64": null,
            "content_disposition": "",
            "content_encoding": "",
            "content_language": "",
            "content_type": "image/jpeg",
            "etag": "714855db474bf4e77b4efc2a549e5f29",
            "force_destroy": false,
            "id": "e-commerce-product-images-bucket/images/ABSTRACT_JACQUARD_SHIRT_2.jpg",
            "key": "images/ABSTRACT_JACQUARD_SHIRT_2.jpg",
            "kms_key_id": null,
            "metadata": null,
            "object_lock_legal_hold_status": "",
            "object_lock_mode": "",
            "object_lock_retain_until_date": "",
            "override_provider": [],
            "region": "ap-south-1",
            "server_side_encryption": "AES256",
            "source": "downloaded_images/ABSTRACT_JACQUARD_SHIRT_2.jpg",
            "source_hash": null,
            "storage_class": "STANDARD",
            "tags": null,
            "tags_all": {},
            "version_id": "uaPNkDOp59buceyvYiW4aE2ey350Ekuj",
            "website_redirect": ""
          },
          "sensitive_attributes": [],
          "identity_schema_version": 0,
          "identity": {
            "account_id": "471112555655",
            "bucket": "e-commerce-product-images-bucket",
            "key": "images/ABSTRACT_JACQUARD_SHIRT_2.jpg",
            "region": "ap-south-1"
          },
          "private": "bnVsbA=="
        },
        {
          "index_key": "ABSTRACT_PRINT_DENIM_SHIRT_1.jpg",
          "schema_version": 0,
          "attributes": {
            "acl": null,
            "arn": "arn:aws:s3:::e-commerce-product-images-bucket/images/ABSTRACT_PRINT_DENIM_SHIRT_1.jpg",
            "bucket": "e-commerce-product-images-bucket",
            "bucket_key_enabled": false,
            "cache_control": "",
            "checksum_algorithm": null,
            "checksum_crc32": "",
            "checksum_crc32c": "",
            "checksum_crc64nvme": "",
            "checksum_sha1": "",
            "checksum_sha256": "",
            "content": null,
            "content_base64": null,
            "content_disposition": "",
            "content_encoding": "",
            "content_language": "",
            "content_type": "image/jpeg",
            "etag": "0a9e14e1024062ddbf410d1a3f0b82ad",
            "force_destroy": false,
            "id": "e-commerce-product-images-bucket/images/ABSTRACT_PRINT_DENIM_SHIRT_1.jpg",
            "key": "images/ABSTRACT_PRINT_DENIM_SHIRT_1.jpg",
            "kms_key_id": null,
            "metadata": null,
            "object_lock_legal_hold_status": "",
            "object_lock_mode": "",
            "object_lock_retain_until_date": "",
            "override_provider": [],
            "region": "ap-south-1",
            "server_side_encryption": "AES256",
            "source": "downloaded_images/ABSTRACT_PRINT_DENIM_SHIRT_1.jpg",
            "source_hash": null,
            "storage_class": "STANDARD",
            "tags": null,
            "tags_all": {},
            "version_id": "WV_YDwxU3Qzw_U2s3OgZm8BBw6qA2o4k",
            "website_redirect": ""
          },
          "sensitive_attributes": [],
          "identity_schema_version": 0,
          "identity": {
            "account_id": "471112555655",
            "bucket": "e-commerce-product-images-bucket",
            "key": "images/ABSTRACT_PRINT_DENIM_SHIRT_1.jpg",
            "region": "ap-south-1"
          },
          "private": "bnVsbA=="
        },
        {
          "index_key": "ABSTRACT_PRINT_DENIM_SHIRT_2.jpg",
          "schema_version": 0,
          "attributes": {
            "acl": null,
            "arn": "arn:aws:s3:::e-commerce-product-images-bucket/images/ABSTRACT_PRINT_DENIM_SHIRT_2.jpg",
            "bucket": "e-commerce-product-images-bucket",
            "bucket_key_enabled": false,
            "cache_control": "",
            "checksum_algorithm": null,
            "checksum_crc32": "",
            "checksum_crc32c": "",
            "checksum_crc64nvme": "",
            "checksum_sha1": "",
            "checksum_sha256": "",
            "content": null,
            "content_base64": null,
            "content_disposition": "",
            "content_encoding": "",
            "content_language": "",
            "content_type": "image/jpeg",
            "etag": "e312747830edc9a03245c801f113173e",
            "force_destroy": false,
            "id": "e-commerce-product-images-bucket/images/ABSTRACT_PRINT_DENIM_SHIRT_2.jpg",
            "key": "images/ABSTRACT_PRINT_DENIM_SHIRT_2.jpg",
            "kms_key_id": null,
            "metadata": null,
            "object_lock_legal_hold_status": "",
            "object_lock_mode": "",
            "object_lock_retain_until_date": "",
            "override_provider": [],
            "region": "ap-south-1",
            "server_side_encryption": "AES256",
            "source": "downloaded_images/ABSTRACT_PRINT_DENIM_SHIRT_2.jpg",
            "source_hash": null,
            "storage_class": "STANDARD",
            "tags": null,
            "tags_all": {},
            "version_id": "MihQ5N8UcwieYSzufNaix8O5C060CbhO",
            "website_redirect": ""
          },
          "sensitive_attributes": [],
          "identity_schema_version": 0,
          "identity": {
            "account_id": "471112555655",
            "bucket": "e-commerce-product-images-bucket",
            "key": "images/ABSTRACT_PRINT_DENIM_SHIRT_2.jpg",
            "region": "ap-south-1"
          },
          "private": "bnVsbA=="
        },
        {
          "index_key": "ABSTRACT_PRINT_KNIT_SHIRT_1.jpg",
          "schema_version": 0,
          "attributes": {
            "acl": null,
            "arn": "arn:aws:s3:::e-commerce-product-images-bucket/images/ABSTRACT_PRINT_KNIT_SHIRT_1.jpg",
            "bucket": "e-commerce-product-images-bucket",
            "bucket_key_enabled": false,
            "cache_control": "",
            "checksum_algorithm": null,
            "checksum_crc32": "",
            "checksum_crc32c": "",
            "checksum_crc64nvme": "",
            "checksum_sha1": "",
            "checksum_sha256": "",
            "content": null,
            "content_base64": null,
            "content_disposition": "",
            "content_encoding": "",
            "content_language": "",
            "content_type": "image/jpeg",
            "etag": "7fb378e4cc67ad2ede94ea7fcd9f3a9d",
            "force_destroy": false,
            "id": "e-commerce-product-images-bucket/images/ABSTRACT_PRINT_KNIT_SHIRT_1.jpg",
            "key": "images/ABSTRACT_PRINT_KNIT_SHIRT_1.jpg",
            "kms_key_id": null,
            "metadata": null,
            "object_lock_legal_hold_status": "",
            "object_lock_mode": "",
            "object_lock_retain_until_date": "",
            "override_provider": [],
            "region": "ap-south-1",
            "server_side_encryption": "AES256",
            "source": "downloaded_images/ABSTRACT_PRINT_KNIT_SHIRT_1.jpg",
            "source_hash": null,
            "storage_class": "STANDARD",
            "tags": null,
            "tags_all": {},
            "version_id": "qIXijh49FK5R92PIgYgiy8R5m5n_dCco",
            "website_redirect": ""
          },
          "sensitive_attributes": [],
          "identity_schema_version": 0,
          "identity": {
            "account_id": "471112555655",
            "bucket": "e-commerce-product-images-bucket",
            "key": "images/ABSTRACT_PRINT_KNIT_SHIRT_1.jpg",
            "region": "ap-south-1"
          },
          "private": "bnVsbA=="
        },
        {
          "index_key": "ABSTRACT_PRINT_KNIT_SHIRT_2.jpg",
          "schema_version": 0,
          "attributes": {
            "acl": null,
            "arn": "arn:aws:s3:::e-commerce-product-images-bucket/images/ABSTRACT_PRINT_KNIT_SHIRT_2.jpg",
            "bucket": "e-commerce-product-images-bucket",
            "bucket_key_enabled": false,
            "cache_control": "",
            "checksum_algorithm": null,
            "checksum_crc32": "",
            "checksum_crc32c": "",
            "checksum_crc64nvme": "",
            "checksum_sha1": "",
            "checksum_sha256": "",
            "content": null,
            "content_base64": null,
            "content_disposition": "",
            "content_encoding": "",
            "content_language": "",
            "content_type": "image/jpeg",
            "etag": "a3bf831b0ec6627639f38f14d68fb841",
            "force_destroy": false,
            "id": "e-commerce-product-images-bucket/images/ABSTRACT_PRINT_KNIT_SHIRT_2.jpg",
            "key": "images/ABSTRACT_PRINT_KNIT_SHIRT_2.jpg",
            "kms_key_id": null,
            "metadata": null,
            "object_lock_legal_hold_status": "",
            "object_lock_mode": "",
            "object_lock_retain_until_date": "",
            "override_provider": [],
            "region": "ap-south-1",
            "server_side_encryption": "AES256",
            "source": "downloaded_images/ABSTRACT_PRINT_KNIT_SHIRT_2.jpg",
            "source_hash": null,
            "storage_class": "STANDARD",
            "tags": null,
            "tags_all": {},
            "version_id": "jaTNwE1aL2rI_80X4eSZs9WeQKgK3VxE",
            "website_redirect": ""
          },
          "sensitive_attributes": [],
          "identity_schema_version": 0,
          "identity": {
            "account_id": "471112555655",
            "bucket": "e-commerce-product-images-bucket",
            "key": "images/ABSTRACT_PRINT_KNIT_SHIRT_2.jpg",
            "region": "ap-south-1"
          },
          "private": "bnVsbA=="
        },
        {
          "index_key": "ABSTRACT_PRINT_SHIRT_1.jpg",
          "schema_version": 0,
          "attributes": {
            "acl": null,
            "arn": "arn:aws:s3:::e-commerce-product-images-bucket/images/ABSTRACT_PRINT_SHIRT_1.jpg",
            "bucket": "e-commerce-product-images-bucket",
            "bucket_key_enabled": false,
            "cache_control": "",
            "checksum_algorithm": null,
            "checksum_crc32": "",
            "checksum_crc32c": "",
            "checksum_crc64nvme": "",
            "checksum_sha1": "",
            "checksum_sha256": "",
            "content": null,
            "content_base64": null,
            "content_disposition": "",
            "content_encoding": "",
            "content_language": "",
            "content_type": "image/jpeg",
            "etag": "0b94381870046a38b64b34e1f6b713f0",
            "force_destroy": false,
            "id": "e-commerce-product-images-bucket/images/ABSTRACT_PRINT_SHIRT_1.jpg",
            "key": "images/ABSTRACT_PRINT_SHIRT_1.jpg",
            "kms_key_id": null,
            "metadata": null,
            "object_lock_legal_hold_status": "",
            "object_lock_mode": "",
            "object_lock_retain_until_date": "",
            "override_provider": [],
            "region": "ap-south-1",
            "server_side_encryption": "AES256",
            "source": "downloaded_images/ABSTRACT_PRINT_SHIRT_1.jpg",
            "source_hash": null,
            "storage_class": "STANDARD",
            "tags": null,
            "tags_all": {},
            "version_id": "68bTS_e26ARIvRhBxojEdayxz5DAAtgB",
            "website_redirect": ""
          },
          "sensitive_attributes": [],
          "identity_schema_version": 0,
          "identity": {
            "account_id": "471112555655",
            "bucket": "e-commerce-product-images-bucket",
            "key": "images/ABSTRACT_PRINT_SHIRT_1.jpg",
            "region": "ap-south-1"
          },
          "private": "bnVsbA=="
        },
        {
          "index_key": "ABSTRACT_PRINT_SHIRT_2.jpg",
          "schema_version": 0,
          "attributes": {
            "acl": null,
            "arn": "arn:aws:s3:::e-commerce-product-images-bucket/images/ABSTRACT_PRINT_SHIRT_2.jpg",
            "bucket": "e-commerce-product-images-bucket",
            "bucket_key_enabled": false,
            "cache_control": "",
            "checksum_algorithm": null,
            "checksum_crc32": "",
            "checksum_crc32c": "",
            "checksum_crc64nvme": "",
            "checksum_sha1": "",
            "checksum_sha256": "",
            "content": null,
            "content_base64": null,
            "content_disposition": "",
            "content_encoding": "",
            "content_language": "",
            "content_type": "image/jpeg",
            "etag": "766c705151f3bd9eb87bcde003e4d048",
            "force_destroy": false,
            "id": "e-commerce-product-images-bucket/images/ABSTRACT_PRINT_SHIRT_2.jpg",
            "key": "images/ABSTRACT_PRINT_SHIRT_2.jpg",
            "kms_key_id": null,
            "metadata": null,
            "object_lock_legal_hold_status": "",
            "object_lock_mode": "",
            "object_lock_retain_until_date": "",
            "override_provider": [],
            "region": "ap-south-1",
            "server_side_encryption": "AES256",
            "source": "downloaded_images/ABSTRACT_PRINT_SHIRT_2.jpg",
            "source_hash": null,
            "storage_class": "STANDARD",
            "tags": null,
            "tags_all": {},
            "version_id": "XxXhsF5_ZNZP6bzx6buU3BzE8azm3QwL",
            "website_redirect": ""
          },
          "sensitive_attributes": [],
          "identity_schema_version": 0,
          "identity": {
            "account_id": "471112555655",
            "bucket": "e-commerce-product-images-bucket",
            "key": "images/ABSTRACT_PRINT_SHIRT_2.jpg",
            "region": "ap-south-1"
          },
          "private": "bnVsbA=="
        },
        {
          "index_key": "ABSTRACT_PRINT_TEXTURED_SHIRT_1.jpg",
          "schema_version": 0,
          "attributes": {
            "acl": null,
            "arn": "arn:aws:s3:::e-commerce-product-images-bucket/images/ABSTRACT_PRINT_TEXTURED_SHIRT_1.jpg",
            "bucket": "e-commerce-product-images-bucket",
            "bucket_key_enabled": false,
            "cache_control": "",
            "checksum_algorithm": null,
            "checksum_crc32": "",
            "checksum_crc32c": "",
            "checksum_crc64nvme": "",
            "checksum_sha1": "",
            "checksum_sha256": "",
            "content": null,
            "content_base64": null,
            "content_disposition": "",
            "content_encoding": "",
            "content_language": "",
            "content_type": "image/jpeg",
            "etag": "3e5f6fa24c22ba59412f5a59a9ac51d6",
            "force_destroy": false,
            "id": "e-commerce-product-images-bucket/images/ABSTRACT_PRINT_TEXTURED_SHIRT_1.jpg",
            "key": "images/ABSTRACT_PRINT_TEXTURED_SHIRT_1.jpg",
            "kms_key_id": null,
            "metadata": null,
            "object_lock_legal_hold_status": "",
            "object_lock_mode": "",
            "object_lock_retain_until_date": "",
            "override_provider": [],
            "region": "ap-south-1",
            "server_side_encryption": "AES256",
            "source": "downloaded_images/ABSTRACT_PRINT_TEXTURED_SHIRT_1.jpg",
            "source_hash": null,
            "storage_class": "STANDARD",
            "tags": null,
            "tags_all": {},
            "version_id": "fF.n4muwN46gZ5NcBFlS_phePgs2SgwC",
            "website_redirect": ""
          },
          "sensitive_attributes": [],
          "identity_schema_version": 0,
          "identity": {
            "account_id": "471112555655",
            "bucket": "e-commerce-product-images-bucket",
            "key": "images/ABSTRACT_PRINT_TEXTURED_SHIRT_1.jpg",
            "region": "ap-south-1"
          },
          "private": "bnVsbA=="
        },
        {
          "index_key": "ABSTRACT_PRINT_TEXTURED_SHIRT_2.jpg",
          "schema_version": 0,
          "attributes": {
            "acl": null,
            "arn": "arn:aws:s3:::e-commerce-product-images-bucket/images/ABSTRACT_PRINT_TEXTURED_SHIRT_2.jpg",
            "bucket": "e-commerce-product-images-bucket",
            "bucket_key_enabled": false,
            "cache_control": "",
            "checksum_algorithm": null,
            "checksum_crc32": "",
            "checksum_crc32c": "",
            "checksum_crc64nvme": "",
            "checksum_sha1": "",
            "checksum_sha256": "",
            "content": null,
            "content_base64": null,
            "content_disposition": "",
            "content_encoding": "",
            "content_language": "",
            "content_type": "image/jpeg",
            "etag": "2e509af1bb7b772dfda9494c5abed5ab",
            "force_destroy": false,
            "id": "e-commerce-product-images-bucket/images/ABSTRACT_PRINT_TEXTURED_SHIRT_2.jpg",
            "key": "images/ABSTRACT_PRINT_TEXTURED_SHIRT_2.jpg",
            "kms_key_id": null,
            "metadata": null,
            "object_lock_legal_hold_status": "",
            "object_lock_mode": "",
            "object_lock_retain_until_date": "",
            "override_provider": [],
            "region": "ap-south-1",
            "server_side_encryption": "AES256",
            "source": "downloaded_images/ABSTRACT_PRINT_TEXTURED_SHIRT_2.jpg",
            "source_hash": null,
            "storage_class": "STANDARD",
            "tags": null,
            "tags_all": {},
            "version_id": "ZINTY0xNXqWgKo6e_DgfglITgDGVxo3B",
            "website_redirect": ""
          },
          "sensitive_attributes": [],
          "identity_schema_version": 0,
          "identity": {
            "account_id": "471112555655",
            "bucket": "e-commerce-product-images-bucket",
            "key": "images/ABSTRACT_PRINT_TEXTURED_SHIRT_2.jpg",
            "region": "ap-south-1"
          },
          "private": "bnVsbA=="
        },
        {
          "index_key": "ACTIVE_SHIRT_1.jpg",
          "schema_version": 0,
          "attributes": {
            "acl": null,
            "arn": "arn:aws:s3:::e-commerce-product-images-bucket/images/ACTIVE_SHIRT_1.jpg",
            "bucket": "e-commerce-product-images-bucket",
            "bucket_key_enabled": false,
            "cache_control": "",
            "checksum_algorithm": null,
            "checksum_crc32": "",
            "checksum_crc32c": "",
            "checksum_crc64nvme": "",
            "checksum_sha1": "",
            "checksum_sha256": "",
            "content": null,
            "content_base64": null,
            "content_disposition": "",
            "content_encoding": "",
            "content_language": "",
            "content_type": "image/jpeg",
            "etag": "d885403049ac2cb2e75a0c083a4470f2",
            "force_destroy": false,
            "id": "e-commerce-product-images-bucket/images/ACTIVE_SHIRT_1.jpg",
            "key": "images/ACTIVE_SHIRT_1.jpg",
            "kms_key_id": null,
            "metadata": null,
            "object_lock_legal_hold_status": "",
            "object_lock_mode": "",
            "object_lock_retain_until_date": "",
            "override_provider": [],
            "region": "ap-south-1",
            "server_side_encryption": "AES256",
            "source": "downloaded_images/ACTIVE_SHIRT_1.jpg",
            "source_hash": null,
            "storage_class": "STANDARD",
            "tags": null,
            "tags_all": {},
            "version_id": "Ul4y.KSrBCAyFSA8NVFFTZlNITx_uZmR",
            "website_redirect": ""
          },
          "sensitive_attributes": [],
          "identity_schema_version": 0,
          "identity": {
            "account_id": "471112555655",
            "bucket": "e-commerce-product-images-bucket",
            "key": "images/ACTIVE_SHIRT_1.jpg",
            "region": "ap-south-1"
          },
          "private": "bnVsbA=="
        },
        {
          "index_key": "BANDANA_PRINT_SHIRT_1.jpg",
          "schema_version": 0,
          "attributes": {
            "acl": null,
            "arn": "arn:aws:s3:::e-commerce-product-images-bucket/images/BANDANA_PRINT_SHIRT_1.jpg",
            "bucket": "e-commerce-product-images-bucket",
            "bucket_key_enabled": false,
            "cache_control": "",
            "checksum_algorithm": null,
            "checksum_crc32": "",
            "checksum_crc32c": "",
            "checksum_crc64nvme": "",
            "checksum_sha1": "",
            "checksum_sha256": "",
            "content": null,
            "content_base64": null,
            "content_disposition": "",
            "content_encoding": "",
            "content_language": "",
            "content_type": "image/jpeg",
            "etag": "f91eb85cc5d4b392a089a83ad80181ce",
            "force_destroy": false,
            "id": "e-commerce-product-images-bucket/images/BANDANA_PRINT_SHIRT_1.jpg",
            "key": "images/BANDANA_PRINT_SHIRT_1.jpg",
            "kms_key_id": null,
            "metadata": null,
            "object_lock_legal_hold_status": "",
            "object_lock_mode": "",
            "object_lock_retain_until_date": "",
            "override_provider": [],
            "region": "ap-south-1",
            "server_side_encryption": "AES256",
            "source": "downloaded_images/BANDANA_PRINT_SHIRT_1.jpg",
            "source_hash": null,
            "storage_class": "STANDARD",
            "tags": null,
            "tags_all": {},
            "version_id": "sPd7JLMmFpaQKsbnsmpHK2ktZl78lbH0",
            "website_redirect": ""
          },
          "sensitive_attributes": [],
          "identity_schema_version": 0,
          "identity": {
            "account_id": "471112555655",
            "bucket": "e-commerce-product-images-bucket",
            "key": "images/BANDANA_PRINT_SHIRT_1.jpg",
            "region": "ap-south-1"
          },
          "private": "bnVsbA=="
        },
        {
          "index_key": "BANDANA_PRINT_SHIRT_2.jpg",
          "schema_version": 0,
          "attributes": {
            "acl": null,
            "arn": "arn:aws:s3:::e-commerce-product-images-bucket/images/BANDANA_PRINT_SHIRT_2.jpg",
            "bucket": "e-commerce-product-images-bucket",
            "bucket_key_enabled": false,
            "cache_control": "",
            "checksum_algorithm": null,
            "checksum_crc32": "",
            "checksum_crc32c": "",
            "checksum_crc64nvme": "",
            "checksum_sha1": "",
            "checksum_sha256": "",
            "content": null,
            "content_base64": null,
            "content_disposition": "",
            "content_encoding": "",
            "content_language": "",
            "content_type": "image/jpeg",
            "etag": "79a361b824b9ddcdd4519bac12a8432b",
            "force_destroy": false,
            "id": "e-commerce-product-images-bucket/images/BANDANA_PRINT_SHIRT_2.jpg",
            "key": "images/BANDANA_PRINT_SHIRT_2.jpg",
            "kms_key_id": null,
            "metadata": null,
            "object_lock_legal_hold_status": "",
            "object_lock_mode": "",
            "object_lock_retain_until_date": "",
            "override_provider": [],
            "region": "ap-south-1",
            "server_side_encryption": "AES256",
            "source": "downloaded_images/BANDANA_PRINT_SHIRT_2.jpg",
            "source_hash": null,
            "storage_class": "STANDARD",
            "tags": null,
            "tags_all": {},
            "version_id": "9JlogoI_aKHXAWaqYkUIASGYbXHdxKW8",
            "website_redirect": ""
          },
          "sensitive_attributes": [],
          "identity_schema_version": 0,
          "identity": {
            "account_id": "471112555655",
            "bucket": "e-commerce-product-images-bucket",
            "key": "images/BANDANA_PRINT_SHIRT_2.jpg",
            "region": "ap-south-1"
          },
          "private": "bnVsbA=="
        },
        {
          "index_key": "CHECKED_JACQUARD_SHIRT_1.jpg",
          "schema_version": 0,
          "attributes": {
            "acl": null,
            "arn": "arn:aws:s3:::e-commerce-product-images-bucket/images/CHECKED_JACQUARD_SHIRT_1.jpg",
            "bucket": "e-commerce-product-images-bucket",
            "bucket_key_enabled": false,
            "cache_control": "",
            "checksum_algorithm": null,
            "checksum_crc32": "",
            "checksum_crc32c": "",
            "checksum_crc64nvme": "",
            "checksum_sha1": "",
            "checksum_sha256": "",
            "content": null,
            "content_base64": null,
            "content_disposition": "",
            "content_encoding": "",
            "content_language": "",
            "content_type": "image/jpeg",
            "etag": "4b18628c1715c7dabeae2733e733f1df",
            "force_destroy": false,
            "id": "e-commerce-product-images-bucket/images/CHECKED_JACQUARD_SHIRT_1.jpg",
            "key": "images/CHECKED_JACQUARD_SHIRT_1.jpg",
            "kms_key_id": null,
            "metadata": null,
            "object_lock_legal_hold_status": "",
            "object_lock_mode": "",
            "object_lock_retain_until_date": "",
            "override_provider": [],
            "region": "ap-south-1",
            "server_side_encryption": "AES256",
            "source": "downloaded_images/CHECKED_JACQUARD_SHIRT_1.jpg",
            "source_hash": null,
            "storage_class": "STANDARD",
            "tags": null,
            "tags_all": {},
            "version_id": "Noa68nPSSlBM1xCyMgltpS7UudEbtR0O",
            "website_redirect": ""
          },
          "sensitive_attributes": [],
          "identity_schema_version": 0,
          "identity": {
            "account_id": "471112555655",
            "bucket": "e-commerce-product-images-bucket",
            "key": "images/CHECKED_JACQUARD_SHIRT_1.jpg",
            "region": "ap-south-1"
          },
          "private": "bnVsbA=="
        },
        {
          "index_key": "CHECKED_JACQUARD_SHIRT_2.jpg",
          "schema_version": 0,
          "attributes": {
            "acl": null,
            "arn": "arn:aws:s3:::e-commerce-product-images-bucket/images/CHECKED_JACQUARD_SHIRT_2.jpg",
            "bucket": "e-commerce-product-images-bucket",
            "bucket_key_enabled": false,
            "cache_control": "",
            "checksum_algorithm": null,
            "checksum_crc32": "",
            "checksum_crc32c": "",
            "checksum_crc64nvme": "",
            "checksum_sha1": "",
            "checksum_sha256": "",
            "content": null,
            "content_base64": null,
            "content_disposition": "",
            "content_encoding": "",
            "content_language": "",
            "content_type": "image/jpeg",
            "etag": "358ea9120c644377c483877934b2a95b",
            "force_destroy": false,
            "id": "e-commerce-product-images-bucket/images/CHECKED_JACQUARD_SHIRT_2.jpg",
            "key": "images/CHECKED_JACQUARD_SHIRT_2.jpg",
            "kms_key_id": null,
            "metadata": null,
            "object_lock_legal_hold_status": "",
            "object_lock_mode": "",
            "object_lock_retain_until_date": "",
            "override_provider": [],
            "region": "ap-south-1",
            "server_side_encryption": "AES256",
            "source": "downloaded_images/CHECKED_JACQUARD_SHIRT_2.jpg",
            "source_hash": null,
            "storage_class": "STANDARD",
            "tags": null,
            "tags_all": {},
            "version_id": "01gU5MmpDr6vgUnDiydWEvcxCYn1s91b",
            "website_redirect": ""
          },
          "sensitive_attributes": [],
          "identity_schema_version": 0,
          "identity": {
            "account_id": "471112555655",
            "bucket": "e-commerce-product-images-bucket",
            "key": "images/CHECKED_JACQUARD_SHIRT_2.jpg",
            "region": "ap-south-1"
          },
          "private": "bnVsbA=="
        },
        {
          "index_key": "CITY_PRINT_SHIRT_1.jpg",
          "schema_version": 0,
          "attributes": {
            "acl": null,
            "arn": "arn:aws:s3:::e-commerce-product-images-bucket/images/CITY_PRINT_SHIRT_1.jpg",
            "bucket": "e-commerce-product-images-bucket",
            "bucket_key_enabled": false,
            "cache_control": "",
            "checksum_algorithm": null,
            "checksum_crc32": "",
            "checksum_crc32c": "",
            "checksum_crc64nvme": "",
            "checksum_sha1": "",
            "checksum_sha256": "",
            "content": null,
            "content_base64": null,
            "content_disposition": "",
            "content_encoding": "",
            "content_language": "",
            "content_type": "image/jpeg",
            "etag": "fe12fedd87fb111f37d9665338681eeb",
            "force_destroy": false,
            "id": "e-commerce-product-images-bucket/images/CITY_PRINT_SHIRT_1.jpg",
            "key": "images/CITY_PRINT_SHIRT_1.jpg",
            "kms_key_id": null,
            "metadata": null,
            "object_lock_legal_hold_status": "",
            "object_lock_mode": "",
            "object_lock_retain_until_date": "",
            "override_provider": [],
            "region": "ap-south-1",
            "server_side_encryption": "AES256",
            "source": "downloaded_images/CITY_PRINT_SHIRT_1.jpg",
            "source_hash": null,
            "storage_class": "STANDARD",
            "tags": null,
            "tags_all": {},
            "version_id": "T_OIbeQM.Im85pibtW1FZoK0OYNuCtY4",
            "website_redirect": ""
          },
          "sensitive_attributes": [],
          "identity_schema_version": 0,
          "identity": {
            "account_id": "471112555655",
            "bucket": "e-commerce-product-images-bucket",
            "key": "images/CITY_PRINT_SHIRT_1.jpg",
            "region": "ap-south-1"
          },
          "private": "bnVsbA=="
        },
        {
          "index_key": "CITY_PRINT_SHIRT_2.jpg",
          "schema_version": 0,
          "attributes": {
            "acl": null,
            "arn": "arn:aws:s3:::e-commerce-product-images-bucket/images/CITY_PRINT_SHIRT_2.jpg",
            "bucket": "e-commerce-product-images-bucket",
            "bucket_key_enabled": false,
            "cache_control": "",
            "checksum_algorithm": null,
            "checksum_crc32": "",
            "checksum_crc32c": "",
            "checksum_crc64nvme": "",
            "checksum_sha1": "",
            "checksum_sha256": "",
            "content": null,
            "content_base64": null,
            "content_disposition": "",
            "content_encoding": "",
            "content_language": "",
            "content_type": "image/jpeg",
            "etag": "7afafd50b2abb085b9ff8b0985a41d37",
            "force_destroy": false,
            "id": "e-commerce-product-images-bucket/images/CITY_PRINT_SHIRT_2.jpg",
            "key": "images/CITY_PRINT_SHIRT_2.jpg",
            "kms_key_id": null,
            "metadata": null,
            "object_lock_legal_hold_status": "",
            "object_lock_mode": "",
            "object_lock_retain_until_date": "",
            "override_provider": [],
            "region": "ap-south-1",
            "server_side_encryption": "AES256",
            "source": "downloaded_images/CITY_PRINT_SHIRT_2.jpg",
            "source_hash": null,
            "storage_class": "STANDARD",
            "tags": null,
            "tags_all": {},
            "version_id": "BMleeBYzan2qqAT_6O7Y15XjuEG8JA5S",
            "website_redirect": ""
          },
          "sensitive_attributes": [],
          "identity_schema_version": 0,
          "identity": {
            "account_id": "471112555655",
            "bucket": "e-commerce-product-images-bucket",
            "key": "images/CITY_PRINT_SHIRT_2.jpg",
            "region": "ap-south-1"
          },
          "private": "bnVsbA=="
        },
        {
          "index_key": "COLOURED_DENIM_OVERSHIRT_1.jpg",
          "schema_version": 0,
          "attributes": {
            "acl": null,
            "arn": "arn:aws:s3:::e-commerce-product-images-bucket/images/COLOURED_DENIM_OVERSHIRT_1.jpg",
            "bucket": "e-commerce-product-images-bucket",
            "bucket_key_enabled": false,
            "cache_control": "",
            "checksum_algorithm": null,
            "checksum_crc32": "",
            "checksum_crc32c": "",
            "checksum_crc64nvme": "",
            "checksum_sha1": "",
            "checksum_sha256": "",
            "content": null,
            "content_base64": null,
            "content_disposition": "",
            "content_encoding": "",
            "content_language": "",
            "content_type": "image/jpeg",
            "etag": "e0e4098096cfb44a18fb94bd02e1eb5d",
            "force_destroy": false,
            "id": "e-commerce-product-images-bucket/images/COLOURED_DENIM_OVERSHIRT_1.jpg",
            "key": "images/COLOURED_DENIM_OVERSHIRT_1.jpg",
            "kms_key_id": null,
            "metadata": null,
            "object_lock_legal_hold_status": "",
            "object_lock_mode": "",
            "object_lock_retain_until_date": "",
            "override_provider": [],
            "region": "ap-south-1",
            "server_side_encryption": "AES256",
            "source": "downloaded_images/COLOURED_DENIM_OVERSHIRT_1.jpg",
            "source_hash": null,
            "storage_class": "STANDARD",
            "tags": null,
            "tags_all": {},
            "version_id": "xZQrOTt7Zluhs2jyDQIeshVwGpgQI4SO",
            "website_redirect": ""
          },
          "sensitive_attributes": [],
          "identity_schema_version": 0,
          "identity": {
            "account_id": "471112555655",
            "bucket": "e-commerce-product-images-bucket",
            "key": "images/COLOURED_DENIM_OVERSHIRT_1.jpg",
            "region": "ap-south-1"
          },
          "private": "bnVsbA=="
        },
        {
          "index_key": "COLOURED_DENIM_OVERSHIRT_2.jpg",
          "schema_version": 0,
          "attributes": {
            "acl": null,
            "arn": "arn:aws:s3:::e-commerce-product-images-bucket/images/COLOURED_DENIM_OVERSHIRT_2.jpg",
            "bucket": "e-commerce-product-images-bucket",
            "bucket_key_enabled": false,
            "cache_control": "",
            "checksum_algorithm": null,
            "checksum_crc32": "",
            "checksum_crc32c": "",
            "checksum_crc64nvme": "",
            "checksum_sha1": "",
            "checksum_sha256": "",
            "content": null,
            "content_base64": null,
            "content_disposition": "",
            "content_encoding": "",
            "content_language": "",
            "content_type": "image/jpeg",
            "etag": "9664cf31cb9fdaa765ea532c7a4a84e6",
            "force_destroy": false,
            "id": "e-commerce-product-images-bucket/images/COLOURED_DENIM_OVERSHIRT_2.jpg",
            "key": "images/COLOURED_DENIM_OVERSHIRT_2.jpg",
            "kms_key_id": null,
            "metadata": null,
            "object_lock_legal_hold_status": "",
            "object_lock_mode": "",
            "object_lock_retain_until_date": "",
            "override_provider": [],
            "region": "ap-south-1",
            "server_side_encryption": "AES256",
            "source": "downloaded_images/COLOURED_DENIM_OVERSHIRT_2.jpg",
            "source_hash": null,
            "storage_class": "STANDARD",
            "tags": null,
            "tags_all": {},
            "version_id": "KbHvZHMbqHe4ETIJj0kBtZha0KgbKNot",
            "website_redirect": ""
          },
          "sensitive_attributes": [],
          "identity_schema_version": 0,
          "identity": {
            "account_id": "471112555655",
            "bucket": "e-commerce-product-images-bucket",
            "key": "images/COLOURED_DENIM_OVERSHIRT_2.jpg",
            "region": "ap-south-1"
          },
          "private": "bnVsbA=="
        },
        {
          "index_key": "COMFORT_OVERSHIRT_WITH_POCKETS_1.jpg",
          "schema_version": 0,
          "attributes": {
            "acl": null,
            "arn": "arn:aws:s3:::e-commerce-product-images-bucket/images/COMFORT_OVERSHIRT_WITH_POCKETS_1.jpg",
            "bucket": "e-commerce-product-images-bucket",
            "bucket_key_enabled": false,
            "cache_control": "",
            "checksum_algorithm": null,
            "checksum_crc32": "",
            "checksum_crc32c": "",
            "checksum_crc64nvme": "",
            "checksum_sha1": "",
            "checksum_sha256": "",
            "content": null,
            "content_base64": null,
            "content_disposition": "",
            "content_encoding": "",
            "content_language": "",
            "content_type": "image/jpeg",
            "etag": "edef8029fbabf32e7c105139328c922c",
            "force_destroy": false,
            "id": "e-commerce-product-images-bucket/images/COMFORT_OVERSHIRT_WITH_POCKETS_1.jpg",
            "key": "images/COMFORT_OVERSHIRT_WITH_POCKETS_1.jpg",
            "kms_key_id": null,
            "metadata": null,
            "object_lock_legal_hold_status": "",
            "object_lock_mode": "",
            "object_lock_retain_until_date": "",
            "override_provider": [],
            "region": "ap-south-1",
            "server_side_encryption": "AES256",
            "source": "downloaded_images/COMFORT_OVERSHIRT_WITH_POCKETS_1.jpg",
            "source_hash": null,
            "storage_class": "STANDARD",
            "tags": null,
            "tags_all": {},
            "version_id": "JZ.LX0RxNMIrh_Ckxg_SyGk922NLjTgT",
            "website_redirect": ""
          },
          "sensitive_attributes": [],
          "identity_schema_version": 0,
          "identity": {
            "account_id": "471112555655",
            "bucket": "e-commerce-product-images-bucket",
            "key": "images/COMFORT_OVERSHIRT_WITH_POCKETS_1.jpg",
            "region": "ap-south-1"
          },
          "private": "bnVsbA=="
        },
        {
          "index_key": "CONTRAST_PRINT_SHIRT_1.jpg",
          "schema_version": 0,
          "attributes": {
            "acl": null,
            "arn": "arn:aws:s3:::e-commerce-product-images-bucket/images/CONTRAST_PRINT_SHIRT_1.jpg",
            "bucket": "e-commerce-product-images-bucket",
            "bucket_key_enabled": false,
            "cache_control": "",
            "checksum_algorithm": null,
            "checksum_crc32": "",
            "checksum_crc32c": "",
            "checksum_crc64nvme": "",
            "checksum_sha1": "",
            "checksum_sha256": "",
            "content": null,
            "content_base64": null,
            "content_disposition": "",
            "content_encoding": "",
            "content_language": "",
            "content_type": "image/jpeg",
            "etag": "1ba76a5c0a70307fc2658b4f46761bef",
            "force_destroy": false,
            "id": "e-commerce-product-images-bucket/images/CONTRAST_PRINT_SHIRT_1.jpg",
            "key": "images/CONTRAST_PRINT_SHIRT_1.jpg",
            "kms_key_id": null,
            "metadata": null,
            "object_lock_legal_hold_status": "",
            "object_lock_mode": "",
            "object_lock_retain_until_date": "",
            "override_provider": [],
            "region": "ap-south-1",
            "server_side_encryption": "AES256",
            "source": "downloaded_images/CONTRAST_PRINT_SHIRT_1.jpg",
            "source_hash": null,
            "storage_class": "STANDARD",
            "tags": null,
            "tags_all": {},
            "version_id": "i6z9xu22evYRATeGGMYcwLVEjhBxQ3og",
            "website_redirect": ""
          },
          "sensitive_attributes": [],
          "identity_schema_version": 0,
          "identity": {
            "account_id": "471112555655",
            "bucket": "e-commerce-product-images-bucket",
            "key": "images/CONTRAST_PRINT_SHIRT_1.jpg",
            "region": "ap-south-1"
          },
          "private": "bnVsbA=="
        },
        {
          "index_key": "CONTRAST_PRINT_SHIRT_2.jpg",
          "schema_version": 0,
          "attributes": {
            "acl": null,
            "arn": "arn:aws:s3:::e-commerce-product-images-bucket/images/CONTRAST_PRINT_SHIRT_2.jpg",
            "bucket": "e-commerce-product-images-bucket",
            "bucket_key_enabled": false,
            "cache_control": "",
            "checksum_algorithm": null,
            "checksum_crc32": "",
            "checksum_crc32c": "",
            "checksum_crc64nvme": "",
            "checksum_sha1": "",
            "checksum_sha256": "",
            "content": null,
            "content_base64": null,
            "content_disposition": "",
            "content_encoding": "",
            "content_language": "",
            "content_type": "image/jpeg",
            "etag": "a343be9b5fbe3a5192a3928e88d8b9c8",
            "force_destroy": false,
            "id": "e-commerce-product-images-bucket/images/CONTRAST_PRINT_SHIRT_2.jpg",
            "key": "images/CONTRAST_PRINT_SHIRT_2.jpg",
            "kms_key_id": null,
            "metadata": null,
            "object_lock_legal_hold_status": "",
            "object_lock_mode": "",
            "object_lock_retain_until_date": "",
            "override_provider": [],
            "region": "ap-south-1",
            "server_side_encryption": "AES256",
            "source": "downloaded_images/CONTRAST_PRINT_SHIRT_2.jpg",
            "source_hash": null,
            "storage_class": "STANDARD",
            "tags": null,
            "tags_all": {},
            "version_id": "nccQiI83y.vRWKj8vS93zRXISss6CdYN",
            "website_redirect": ""
          },
          "sensitive_attributes": [],
          "identity_schema_version": 0,
          "identity": {
            "account_id": "471112555655",
            "bucket": "e-commerce-product-images-bucket",
            "key": "images/CONTRAST_PRINT_SHIRT_2.jpg",
            "region": "ap-south-1"
          },
          "private": "bnVsbA=="
        },
        {
          "index_key": "COTTON_-_LINEN_SHIRT_1.jpg",
          "schema_version": 0,
          "attributes": {
            "acl": null,
            "arn": "arn:aws:s3:::e-commerce-product-images-bucket/images/COTTON_-_LINEN_SHIRT_1.jpg",
            "bucket": "e-commerce-product-images-bucket",
            "bucket_key_enabled": false,
            "cache_control": "",
            "checksum_algorithm": null,
            "checksum_crc32": "",
            "checksum_crc32c": "",
            "checksum_crc64nvme": "",
            "checksum_sha1": "",
            "checksum_sha256": "",
            "content": null,
            "content_base64": null,
            "content_disposition": "",
            "content_encoding": "",
            "content_language": "",
            "content_type": "image/jpeg",
            "etag": "dd428794bc7ec1f0b1b3f9e45353bef7",
            "force_destroy": false,
            "id": "e-commerce-product-images-bucket/images/COTTON_-_LINEN_SHIRT_1.jpg",
            "key": "images/COTTON_-_LINEN_SHIRT_1.jpg",
            "kms_key_id": null,
            "metadata": null,
            "object_lock_legal_hold_status": "",
            "object_lock_mode": "",
            "object_lock_retain_until_date": "",
            "override_provider": [],
            "region": "ap-south-1",
            "server_side_encryption": "AES256",
            "source": "downloaded_images/COTTON_-_LINEN_SHIRT_1.jpg",
            "source_hash": null,
            "storage_class": "STANDARD",
            "tags": null,
            "tags_all": {},
            "version_id": "r4nJk1rSfb5vD.0QVYvvDALEBjSg1.W6",
            "website_redirect": ""
          },
          "sensitive_attributes": [],
          "identity_schema_version": 0,
          "identity": {
            "account_id": "471112555655",
            "bucket": "e-commerce-product-images-bucket",
            "key": "images/COTTON_-_LINEN_SHIRT_1.jpg",
            "region": "ap-south-1"
          },
          "private": "bnVsbA=="
        },
        {
          "index_key": "COTTON_-_LINEN_SHIRT_2.jpg",
          "schema_version": 0,
          "attributes": {
            "acl": null,
            "arn": "arn:aws:s3:::e-commerce-product-images-bucket/images/COTTON_-_LINEN_SHIRT_2.jpg",
            "bucket": "e-commerce-product-images-bucket",
            "bucket_key_enabled": false,
            "cache_control": "",
            "checksum_algorithm": null,
            "checksum_crc32": "",
            "checksum_crc32c": "",
            "checksum_crc64nvme": "",
            "checksum_sha1": "",
            "checksum_sha256": "",
            "content": null,
            "content_base64": null,
            "content_disposition": "",
            "content_encoding": "",
            "content_language": "",
            "content_type": "image/jpeg",
            "etag": "e4d01e9a1696def7ecea2bceabdd5637",
            "force_destroy": false,
            "id": "e-commerce-product-images-bucket/images/COTTON_-_LINEN_SHIRT_2.jpg",
            "key": "images/COTTON_-_LINEN_SHIRT_2.jpg",
            "kms_key_id": null,
            "metadata": null,
            "object_lock_legal_hold_status": "",
            "object_lock_mode": "",
            "object_lock_retain_until_date": "",
            "override_provider": [],
            "region": "ap-south-1",
            "server_side_encryption": "AES256",
            "source": "downloaded_images/COTTON_-_LINEN_SHIRT_2.jpg",
            "source_hash": null,
            "storage_class": "STANDARD",
            "tags": null,
            "tags_all": {},
            "version_id": "DgSGQ5Ts8EeEtayIrP0E2QUvgNNvCDpA",
            "website_redirect": ""
          },
          "sensitive_attributes": [],
          "identity_schema_version": 0,
          "identity": {
            "account_id": "471112555655",
            "bucket": "e-commerce-product-images-bucket",
            "key": "images/COTTON_-_LINEN_SHIRT_2.jpg",
            "region": "ap-south-1"
          },
          "private": "bnVsbA=="
        },
        {
          "index_key": "COTTON_-_VISCOSE_SHIRT_1.jpg",
          "schema_version": 0,
          "attributes": {
            "acl": null,
            "arn": "arn:aws:s3:::e-commerce-product-images-bucket/images/COTTON_-_VISCOSE_SHIRT_1.jpg",
            "bucket": "e-commerce-product-images-bucket",
            "bucket_key_enabled": false,
            "cache_control": "",
            "checksum_algorithm": null,
            "checksum_crc32": "",
            "checksum_crc32c": "",
            "checksum_crc64nvme": "",
            "checksum_sha1": "",
            "checksum_sha256": "",
            "content": null,
            "content_base64": null,
            "content_disposition": "",
            "content_encoding": "",
            "content_language": "",
            "content_type": "image/jpeg",
            "etag": "3e269e919bf9b4df16fb76b567c6ec46",
            "force_destroy": false,
            "id": "e-commerce-product-images-bucket/images/COTTON_-_VISCOSE_SHIRT_1.jpg",
            "key": "images/COTTON_-_VISCOSE_SHIRT_1.jpg",
            "kms_key_id": null,
            "metadata": null,
            "object_lock_legal_hold_status": "",
            "object_lock_mode": "",
            "object_lock_retain_until_date": "",
            "override_provider": [],
            "region": "ap-south-1",
            "server_side_encryption": "AES256",
            "source": "downloaded_images/COTTON_-_VISCOSE_SHIRT_1.jpg",
            "source_hash": null,
            "storage_class": "STANDARD",
            "tags": null,
            "tags_all": {},
            "version_id": "YFBt4MqcxTqZ9ByR4c97uYSZe3SQkPHA",
            "website_redirect": ""
          },
          "sensitive_attributes": [],
          "identity_schema_version": 0,
          "identity": {
            "account_id": "471112555655",
            "bucket": "e-commerce-product-images-bucket",
            "key": "images/COTTON_-_VISCOSE_SHIRT_1.jpg",
            "region": "ap-south-1"
          },
          "private": "bnVsbA=="
        },
        {
          "index_key": "COTTON_-_VISCOSE_SHIRT_2.jpg",
          "schema_version": 0,
          "attributes": {
            "acl": null,
            "arn": "arn:aws:s3:::e-commerce-product-images-bucket/images/COTTON_-_VISCOSE_SHIRT_2.jpg",
            "bucket": "e-commerce-product-images-bucket",
            "bucket_key_enabled": false,
            "cache_control": "",
            "checksum_algorithm": null,
            "checksum_crc32": "",
            "checksum_crc32c": "",
            "checksum_crc64nvme": "",
            "checksum_sha1": "",
            "checksum_sha256": "",
            "content": null,
            "content_base64": null,
            "content_disposition": "",
            "content_encoding": "",
            "content_language": "",
            "content_type": "image/jpeg",
            "etag": "3cd4688d03594f8cc45a4323768f1ae6",
            "force_destroy": false,
            "id": "e-commerce-product-images-bucket/images/COTTON_-_VISCOSE_SHIRT_2.jpg",
            "key": "images/COTTON_-_VISCOSE_SHIRT_2.jpg",
            "kms_key_id": null,
            "metadata": null,
            "object_lock_legal_hold_status": "",
            "object_lock_mode": "",
            "object_lock_retain_until_date": "",
            "override_provider": [],
            "region": "ap-south-1",
            "server_side_encryption": "AES256",
            "source": "downloaded_images/COTTON_-_VISCOSE_SHIRT_2.jpg",
            "source_hash": null,
            "storage_class": "STANDARD",
            "tags": null,
            "tags_all": {},
            "version_id": "u276TCbqTOAuonxreaeYXhjiqw0ktyOI",
            "website_redirect": ""
          },
          "sensitive_attributes": [],
          "identity_schema_version": 0,
          "identity": {
            "account_id": "471112555655",
            "bucket": "e-commerce-product-images-bucket",
            "key": "images/COTTON_-_VISCOSE_SHIRT_2.jpg",
            "region": "ap-south-1"
          },
          "private": "bnVsbA=="
        },
        {
          "index_key": "COTTON_SHIRT_1.jpg",
          "schema_version": 0,
          "attributes": {
            "acl": null,
            "arn": "arn:aws:s3:::e-commerce-product-images-bucket/images/COTTON_SHIRT_1.jpg",
            "bucket": "e-commerce-product-images-bucket",
            "bucket_key_enabled": false,
            "cache_control": "",
            "checksum_algorithm": null,
            "checksum_crc32": "",
            "checksum_crc32c": "",
            "checksum_crc64nvme": "",
            "checksum_sha1": "",
            "checksum_sha256": "",
            "content": null,
            "content_base64": null,
            "content_disposition": "",
            "content_encoding": "",
            "content_language": "",
            "content_type": "image/jpeg",
            "etag": "b94f00d2801802c05e6ba1dd21f3b443",
            "force_destroy": false,
            "id": "e-commerce-product-images-bucket/images/COTTON_SHIRT_1.jpg",
            "key": "images/COTTON_SHIRT_1.jpg",
            "kms_key_id": null,
            "metadata": null,
            "object_lock_legal_hold_status": "",
            "object_lock_mode": "",
            "object_lock_retain_until_date": "",
            "override_provider": [],
            "region": "ap-south-1",
            "server_side_encryption": "AES256",
            "source": "downloaded_images/COTTON_SHIRT_1.jpg",
            "source_hash": null,
            "storage_class": "STANDARD",
            "tags": null,
            "tags_all": {},
            "version_id": "8FudWQ0B_0VDyT1LwToZlkEToOpfqvcl",
            "website_redirect": ""
          },
          "sensitive_attributes": [],
          "identity_schema_version": 0,
          "identity": {
            "account_id": "471112555655",
            "bucket": "e-commerce-product-images-bucket",
            "key": "images/COTTON_SHIRT_1.jpg",
            "region": "ap-south-1"
          },
          "private": "bnVsbA=="
        },
        {
          "index_key": "COTTON_SHIRT_2.jpg",
          "schema_version": 0,
          "attributes": {
            "acl": null,
            "arn": "arn:aws:s3:::e-commerce-product-images-bucket/images/COTTON_SHIRT_2.jpg",
            "bucket": "e-commerce-product-images-bucket",
            "bucket_key_enabled": false,
            "cache_control": "",
            "checksum_algorithm": null,
            "checksum_crc32": "",
            "checksum_crc32c": "",
            "checksum_crc64nvme": "",
            "checksum_sha1": "",
            "checksum_sha256": "",
            "content": null,
            "content_base64": null,
            "content_disposition": "",
            "content_encoding": "",
            "content_language": "",
            "content_type": "image/jpeg",
            "etag": "95acd95e214c90d69f31d4297f4c06bf",
            "force_destroy": false,
            "id": "e-commerce-product-images-bucket/images/COTTON_SHIRT_2.jpg",
            "key": "images/COTTON_SHIRT_2.jpg",
            "kms_key_id": null,
            "metadata": null,
            "object_lock_legal_hold_status": "",
            "object_lock_mode": "",
            "object_lock_retain_until_date": "",
            "override_provider": [],
            "region": "ap-south-1",
            "server_side_encryption": "AES256",
            "source": "downloaded_images/COTTON_SHIRT_2.jpg",
            "source_hash": null,
            "storage_class": "STANDARD",
            "tags": null,
            "tags_all": {},
            "version_id": "I0OrXAT..y1Y41vdAlQRc3ynHFDdb.5_",
            "website_redirect": ""
          },
          "sensitive_attributes": [],
          "identity_schema_version": 0,
          "identity": {
            "account_id": "471112555655",
            "bucket": "e-commerce-product-images-bucket",
            "key": "images/COTTON_SHIRT_2.jpg",
            "region": "ap-south-1"
          },
          "private": "bnVsbA=="
        },
        {
          "index_key": "CREASED-EFFECT_SHIRT_1.jpg",
          "schema_version": 0,
          "attributes": {
            "acl": null,
            "arn": "arn:aws:s3:::e-commerce-product-images-bucket/images/CREASED-EFFECT_SHIRT_1.jpg",
            "bucket": "e-commerce-product-images-bucket",
            "bucket_key_enabled": false,
            "cache_control": "",
            "checksum_algorithm": null,
            "checksum_crc32": "",
            "checksum_crc32c": "",
            "checksum_crc64nvme": "",
            "checksum_sha1": "",
            "checksum_sha256": "",
            "content": null,
            "content_base64": null,
            "content_disposition": "",
            "content_encoding": "",
            "content_language": "",
            "content_type": "image/jpeg",
            "etag": "332278eb11a1f95e947c8b1c2512125c",
            "force_destroy": false,
            "id": "e-commerce-product-images-bucket/images/CREASED-EFFECT_SHIRT_1.jpg",
            "key": "images/CREASED-EFFECT_SHIRT_1.jpg",
            "kms_key_id": null,
            "metadata": null,
            "object_lock_legal_hold_status": "",
            "object_lock_mode": "",
            "object_lock_retain_until_date": "",
            "override_provider": [],
            "region": "ap-south-1",
            "server_side_encryption": "AES256",
            "source": "downloaded_images/CREASED-EFFECT_SHIRT_1.jpg",
            "source_hash": null,
            "storage_class": "STANDARD",
            "tags": null,
            "tags_all": {},
            "version_id": "aPxMAJRWzmBjN7jDInSAwwAbHsvKB.bS",
            "website_redirect": ""
          },
          "sensitive_attributes": [],
          "identity_schema_version": 0,
          "identity": {
            "account_id": "471112555655",
            "bucket": "e-commerce-product-images-bucket",
            "key": "images/CREASED-EFFECT_SHIRT_1.jpg",
            "region": "ap-south-1"
          },
          "private": "bnVsbA=="
        },
        {
          "index_key": "CREASED-EFFECT_SHIRT_2.jpg",
          "schema_version": 0,
          "attributes": {
            "acl": null,
            "arn": "arn:aws:s3:::e-commerce-product-images-bucket/images/CREASED-EFFECT_SHIRT_2.jpg",
            "bucket": "e-commerce-product-images-bucket",
            "bucket_key_enabled": false,
            "cache_control": "",
            "checksum_algorithm": null,
            "checksum_crc32": "",
            "checksum_crc32c": "",
            "checksum_crc64nvme": "",
            "checksum_sha1": "",
            "checksum_sha256": "",
            "content": null,
            "content_base64": null,
            "content_disposition": "",
            "content_encoding": "",
            "content_language": "",
            "content_type": "image/jpeg",
            "etag": "70af1b277a7ed0ba15d5561cf3043428",
            "force_destroy": false,
            "id": "e-commerce-product-images-bucket/images/CREASED-EFFECT_SHIRT_2.jpg",
            "key": "images/CREASED-EFFECT_SHIRT_2.jpg",
            "kms_key_id": null,
            "metadata": null,
            "object_lock_legal_hold_status": "",
            "object_lock_mode": "",
            "object_lock_retain_until_date": "",
            "override_provider": [],
            "region": "ap-south-1",
            "server_side_encryption": "AES256",
            "source": "downloaded_images/CREASED-EFFECT_SHIRT_2.jpg",
            "source_hash": null,
            "storage_class": "STANDARD",
            "tags": null,
            "tags_all": {},
            "version_id": "qxJBvQLuEWqB7IDNRNOlO_KHjBJeQUg5",
            "website_redirect": ""
          },
          "sensitive_attributes": [],
          "identity_schema_version": 0,
          "identity": {
            "account_id": "471112555655",
            "bucket": "e-commerce-product-images-bucket",
            "key": "images/CREASED-EFFECT_SHIRT_2.jpg",
            "region": "ap-south-1"
          },
          "private": "bnVsbA=="
        },
        {
          "index_key": "CROCHET_POCKET_SHIRT_1.jpg",
          "schema_version": 0,
          "attributes": {
            "acl": null,
            "arn": "arn:aws:s3:::e-commerce-product-images-bucket/images/CROCHET_POCKET_SHIRT_1.jpg",
            "bucket": "e-commerce-product-images-bucket",
            "bucket_key_enabled": false,
            "cache_control": "",
            "checksum_algorithm": null,
            "checksum_crc32": "",
            "checksum_crc32c": "",
            "checksum_crc64nvme": "",
            "checksum_sha1": "",
            "checksum_sha256": "",
            "content": null,
            "content_base64": null,
            "content_disposition": "",
            "content_encoding": "",
            "content_language": "",
            "content_type": "image/jpeg",
            "etag": "ae198f57eb05107edfc9ded7dd239b9e",
            "force_destroy": false,
            "id": "e-commerce-product-images-bucket/images/CROCHET_POCKET_SHIRT_1.jpg",
            "key": "images/CROCHET_POCKET_SHIRT_1.jpg",
            "kms_key_id": null,
            "metadata": null,
            "object_lock_legal_hold_status": "",
            "object_lock_mode": "",
            "object_lock_retain_until_date": "",
            "override_provider": [],
            "region": "ap-south-1",
            "server_side_encryption": "AES256",
            "source": "downloaded_images/CROCHET_POCKET_SHIRT_1.jpg",
            "source_hash": null,
            "storage_class": "STANDARD",
            "tags": null,
            "tags_all": {},
            "version_id": "wOTrP0sUMFN6x2MvCuPUw2xcQc4.Oh4Q",
            "website_redirect": ""
          },
          "sensitive_attributes": [],
          "identity_schema_version": 0,
          "identity": {
            "account_id": "471112555655",
            "bucket": "e-commerce-product-images-bucket",
            "key": "images/CROCHET_POCKET_SHIRT_1.jpg",
            "region": "ap-south-1"
          },
          "private": "bnVsbA=="
        },
        {
          "index_key": "CROCHET_POCKET_SHIRT_2.jpg",
          "schema_version": 0,
          "attributes": {
            "acl": null,
            "arn": "arn:aws:s3:::e-commerce-product-images-bucket/images/CROCHET_POCKET_SHIRT_2.jpg",
            "bucket": "e-commerce-product-images-bucket",
            "bucket_key_enabled": false,
            "cache_control": "",
            "checksum_algorithm": null,
            "checksum_crc32": "",
            "checksum_crc32c": "",
            "checksum_crc64nvme": "",
            "checksum_sha1": "",
            "checksum_sha256": "",
            "content": null,
            "content_base64": null,
            "content_disposition": "",
            "content_encoding": "",
            "content_language": "",
            "content_type": "image/jpeg",
            "etag": "9cbb04573b21896bc649b26ef4192c11",
            "force_destroy": false,
            "id": "e-commerce-product-images-bucket/images/CROCHET_POCKET_SHIRT_2.jpg",
            "key": "images/CROCHET_POCKET_SHIRT_2.jpg",
            "kms_key_id": null,
            "metadata": null,
            "object_lock_legal_hold_status": "",
            "object_lock_mode": "",
            "object_lock_retain_until_date": "",
            "override_provider": [],
            "region": "ap-south-1",
            "server_side_encryption": "AES256",
            "source": "downloaded_images/CROCHET_POCKET_SHIRT_2.jpg",
            "source_hash": null,
            "storage_class": "STANDARD",
            "tags": null,
            "tags_all": {},
            "version_id": "M9Cu3ozoJdmgS7vsEbXe5T_T2znYTsd3",
            "website_redirect": ""
          },
          "sensitive_attributes": [],
          "identity_schema_version": 0,
          "identity": {
            "account_id": "471112555655",
            "bucket": "e-commerce-product-images-bucket",
            "key": "images/CROCHET_POCKET_SHIRT_2.jpg",
            "region": "ap-south-1"
          },
          "private": "bnVsbA=="
        },
        {
          "index_key": "CROPPED_FAUX_LEATHER_SHIRT_1.jpg",
          "schema_version": 0,
          "attributes": {
            "acl": null,
            "arn": "arn:aws:s3:::e-commerce-product-images-bucket/images/CROPPED_FAUX_LEATHER_SHIRT_1.jpg",
            "bucket": "e-commerce-product-images-bucket",
            "bucket_key_enabled": false,
            "cache_control": "",
            "checksum_algorithm": null,
            "checksum_crc32": "",
            "checksum_crc32c": "",
            "checksum_crc64nvme": "",
            "checksum_sha1": "",
            "checksum_sha256": "",
            "content": null,
            "content_base64": null,
            "content_disposition": "",
            "content_encoding": "",
            "content_language": "",
            "content_type": "image/jpeg",
            "etag": "5d40cdd1d8609b48cd10b60940cf371c",
            "force_destroy": false,
            "id": "e-commerce-product-images-bucket/images/CROPPED_FAUX_LEATHER_SHIRT_1.jpg",
            "key": "images/CROPPED_FAUX_LEATHER_SHIRT_1.jpg",
            "kms_key_id": null,
            "metadata": null,
            "object_lock_legal_hold_status": "",
            "object_lock_mode": "",
            "object_lock_retain_until_date": "",
            "override_provider": [],
            "region": "ap-south-1",
            "server_side_encryption": "AES256",
            "source": "downloaded_images/CROPPED_FAUX_LEATHER_SHIRT_1.jpg",
            "source_hash": null,
            "storage_class": "STANDARD",
            "tags": null,
            "tags_all": {},
            "version_id": "s9htCyfoxEsstvD8DmP4V4UtPzWBxoOh",
            "website_redirect": ""
          },
          "sensitive_attributes": [],
          "identity_schema_version": 0,
          "identity": {
            "account_id": "471112555655",
            "bucket": "e-commerce-product-images-bucket",
            "key": "images/CROPPED_FAUX_LEATHER_SHIRT_1.jpg",
            "region": "ap-south-1"
          },
          "private": "bnVsbA=="
        },
        {
          "index_key": "CROPPED_FAUX_LEATHER_SHIRT_2.jpg",
          "schema_version": 0,
          "attributes": {
            "acl": null,
            "arn": "arn:aws:s3:::e-commerce-product-images-bucket/images/CROPPED_FAUX_LEATHER_SHIRT_2.jpg",
            "bucket": "e-commerce-product-images-bucket",
            "bucket_key_enabled": false,
            "cache_control": "",
            "checksum_algorithm": null,
            "checksum_crc32": "",
            "checksum_crc32c": "",
            "checksum_crc64nvme": "",
            "checksum_sha1": "",
            "checksum_sha256": "",
            "content": null,
            "content_base64": null,
            "content_disposition": "",
            "content_encoding": "",
            "content_language": "",
            "content_type": "image/jpeg",
            "etag": "f60845edcf640ed8460d0d77386f367c",
            "force_destroy": false,
            "id": "e-commerce-product-images-bucket/images/CROPPED_FAUX_LEATHER_SHIRT_2.jpg",
            "key": "images/CROPPED_FAUX_LEATHER_SHIRT_2.jpg",
            "kms_key_id": null,
            "metadata": null,
            "object_lock_legal_hold_status": "",
            "object_lock_mode": "",
            "object_lock_retain_until_date": "",
            "override_provider": [],
            "region": "ap-south-1",
            "server_side_encryption": "AES256",
            "source": "downloaded_images/CROPPED_FAUX_LEATHER_SHIRT_2.jpg",
            "source_hash": null,
            "storage_class": "STANDARD",
            "tags": null,
            "tags_all": {},
            "version_id": "Eo_LZbiyVFEL.SSOAicBEp8seUQjCSqD",
            "website_redirect": ""
          },
          "sensitive_attributes": [],
          "identity_schema_version": 0,
          "identity": {
            "account_id": "471112555655",
            "bucket": "e-commerce-product-images-bucket",
            "key": "images/CROPPED_FAUX_LEATHER_SHIRT_2.jpg",
            "region": "ap-south-1"
          },
          "private": "bnVsbA=="
        },
        {
          "index_key": "DENIM_OVERDYE_SHIRT_1.jpg",
          "schema_version": 0,
          "attributes": {
            "acl": null,
            "arn": "arn:aws:s3:::e-commerce-product-images-bucket/images/DENIM_OVERDYE_SHIRT_1.jpg",
            "bucket": "e-commerce-product-images-bucket",
            "bucket_key_enabled": false,
            "cache_control": "",
            "checksum_algorithm": null,
            "checksum_crc32": "",
            "checksum_crc32c": "",
            "checksum_crc64nvme": "",
            "checksum_sha1": "",
            "checksum_sha256": "",
            "content": null,
            "content_base64": null,
            "content_disposition": "",
            "content_encoding": "",
            "content_language": "",
            "content_type": "image/jpeg",
            "etag": "d61f6fc0aad4363679ae975836e91b73",
            "force_destroy": false,
            "id": "e-commerce-product-images-bucket/images/DENIM_OVERDYE_SHIRT_1.jpg",
            "key": "images/DENIM_OVERDYE_SHIRT_1.jpg",
            "kms_key_id": null,
            "metadata": null,
            "object_lock_legal_hold_status": "",
            "object_lock_mode": "",
            "object_lock_retain_until_date": "",
            "override_provider": [],
            "region": "ap-south-1",
            "server_side_encryption": "AES256",
            "source": "downloaded_images/DENIM_OVERDYE_SHIRT_1.jpg",
            "source_hash": null,
            "storage_class": "STANDARD",
            "tags": null,
            "tags_all": {},
            "version_id": "OCrhS.4C9QPhGiZ4tOxmVrY0KbuxmQo7",
            "website_redirect": ""
          },
          "sensitive_attributes": [],
          "identity_schema_version": 0,
          "identity": {
            "account_id": "471112555655",
            "bucket": "e-commerce-product-images-bucket",
            "key": "images/DENIM_OVERDYE_SHIRT_1.jpg",
            "region": "ap-south-1"
          },
          "private": "bnVsbA=="
        },
        {
          "index_key": "DENIM_OVERDYE_SHIRT_2.jpg",
          "schema_version": 0,
          "attributes": {
            "acl": null,
            "arn": "arn:aws:s3:::e-commerce-product-images-bucket/images/DENIM_OVERDYE_SHIRT_2.jpg",
            "bucket": "e-commerce-product-images-bucket",
            "bucket_key_enabled": false,
            "cache_control": "",
            "checksum_algorithm": null,
            "checksum_crc32": "",
            "checksum_crc32c": "",
            "checksum_crc64nvme": "",
            "checksum_sha1": "",
            "checksum_sha256": "",
            "content": null,
            "content_base64": null,
            "content_disposition": "",
            "content_encoding": "",
            "content_language": "",
            "content_type": "image/jpeg",
            "etag": "f8e4a973507458c402431e48e3f65f9d",
            "force_destroy": false,
            "id": "e-commerce-product-images-bucket/images/DENIM_OVERDYE_SHIRT_2.jpg",
            "key": "images/DENIM_OVERDYE_SHIRT_2.jpg",
            "kms_key_id": null,
            "metadata": null,
            "object_lock_legal_hold_status": "",
            "object_lock_mode": "",
            "object_lock_retain_until_date": "",
            "override_provider": [],
            "region": "ap-south-1",
            "server_side_encryption": "AES256",
            "source": "downloaded_images/DENIM_OVERDYE_SHIRT_2.jpg",
            "source_hash": null,
            "storage_class": "STANDARD",
            "tags": null,
            "tags_all": {},
            "version_id": "cJT.ma1SBeM3rVEG7VAKC4iv6bOCXc3A",
            "website_redirect": ""
          },
          "sensitive_attributes": [],
          "identity_schema_version": 0,
          "identity": {
            "account_id": "471112555655",
            "bucket": "e-commerce-product-images-bucket",
            "key": "images/DENIM_OVERDYE_SHIRT_2.jpg",
            "region": "ap-south-1"
          },
          "private": "bnVsbA=="
        },
        {
          "index_key": "DENIM_SHIRT_1.jpg",
          "schema_version": 0,
          "attributes": {
            "acl": null,
            "arn": "arn:aws:s3:::e-commerce-product-images-bucket/images/DENIM_SHIRT_1.jpg",
            "bucket": "e-commerce-product-images-bucket",
            "bucket_key_enabled": false,
            "cache_control": "",
            "checksum_algorithm": null,
            "checksum_crc32": "",
            "checksum_crc32c": "",
            "checksum_crc64nvme": "",
            "checksum_sha1": "",
            "checksum_sha256": "",
            "content": null,
            "content_base64": null,
            "content_disposition": "",
            "content_encoding": "",
            "content_language": "",
            "content_type": "image/jpeg",
            "etag": "73f1a7866db9f75a8b710a5000142d59",
            "force_destroy": false,
            "id": "e-commerce-product-images-bucket/images/DENIM_SHIRT_1.jpg",
            "key": "images/DENIM_SHIRT_1.jpg",
            "kms_key_id": null,
            "metadata": null,
            "object_lock_legal_hold_status": "",
            "object_lock_mode": "",
            "object_lock_retain_until_date": "",
            "override_provider": [],
            "region": "ap-south-1",
            "server_side_encryption": "AES256",
            "source": "downloaded_images/DENIM_SHIRT_1.jpg",
            "source_hash": null,
            "storage_class": "STANDARD",
            "tags": null,
            "tags_all": {},
            "version_id": "C_qIIchWrpU6GY_aApzX4Y5zgFSYUDgm",
            "website_redirect": ""
          },
          "sensitive_attributes": [],
          "identity_schema_version": 0,
          "identity": {
            "account_id": "471112555655",
            "bucket": "e-commerce-product-images-bucket",
            "key": "images/DENIM_SHIRT_1.jpg",
            "region": "ap-south-1"
          },
          "private": "bnVsbA=="
        },
        {
          "index_key": "DENIM_SHIRT_2.jpg",
          "schema_version": 0,
          "attributes": {
            "acl": null,
            "arn": "arn:aws:s3:::e-commerce-product-images-bucket/images/DENIM_SHIRT_2.jpg",
            "bucket": "e-commerce-product-images-bucket",
            "bucket_key_enabled": false,
            "cache_control": "",
            "checksum_algorithm": null,
            "checksum_crc32": "",
            "checksum_crc32c": "",
            "checksum_crc64nvme": "",
            "checksum_sha1": "",
            "checksum_sha256": "",
            "content": null,
            "content_base64": null,
            "content_disposition": "",
            "content_encoding": "",
            "content_language": "",
            "content_type": "image/jpeg",
            "etag": "661490c9e37e2463f287cd1246a6cbe8",
            "force_destroy": false,
            "id": "e-commerce-product-images-bucket/images/DENIM_SHIRT_2.jpg",
            "key": "images/DENIM_SHIRT_2.jpg",
            "kms_key_id": null,
            "metadata": null,
            "object_lock_legal_hold_status": "",
            "object_lock_mode": "",
            "object_lock_retain_until_date": "",
            "override_provider": [],
            "region": "ap-south-1",
            "server_side_encryption": "AES256",
            "source": "downloaded_images/DENIM_SHIRT_2.jpg",
            "source_hash": null,
            "storage_class": "STANDARD",
            "tags": null,
            "tags_all": {},
            "version_id": "du0JawUYMJqoam9E6UD_ryxjZuDcln.N",
            "website_redirect": ""
          },
          "sensitive_attributes": [],
          "identity_schema_version": 0,
          "identity": {
            "account_id": "471112555655",
            "bucket": "e-commerce-product-images-bucket",
            "key": "images/DENIM_SHIRT_2.jpg",
            "region": "ap-south-1"
          },
          "private": "bnVsbA=="
        },
        {
          "index_key": "DENIM_SHIRT_WITH_POCKET_1.jpg",
          "schema_version": 0,
          "attributes": {
            "acl": null,
            "arn": "arn:aws:s3:::e-commerce-product-images-bucket/images/DENIM_SHIRT_WITH_POCKET_1.jpg",
            "bucket": "e-commerce-product-images-bucket",
            "bucket_key_enabled": false,
            "cache_control": "",
            "checksum_algorithm": null,
            "checksum_crc32": "",
            "checksum_crc32c": "",
            "checksum_crc64nvme": "",
            "checksum_sha1": "",
            "checksum_sha256": "",
            "content": null,
            "content_base64": null,
            "content_disposition": "",
            "content_encoding": "",
            "content_language": "",
            "content_type": "image/jpeg",
            "etag": "4a34d1e9244a878f05bd00d754741469",
            "force_destroy": false,
            "id": "e-commerce-product-images-bucket/images/DENIM_SHIRT_WITH_POCKET_1.jpg",
            "key": "images/DENIM_SHIRT_WITH_POCKET_1.jpg",
            "kms_key_id": null,
            "metadata": null,
            "object_lock_legal_hold_status": "",
            "object_lock_mode": "",
            "object_lock_retain_until_date": "",
            "override_provider": [],
            "region": "ap-south-1",
            "server_side_encryption": "AES256",
            "source": "downloaded_images/DENIM_SHIRT_WITH_POCKET_1.jpg",
            "source_hash": null,
            "storage_class": "STANDARD",
            "tags": null,
            "tags_all": {},
            "version_id": "KXihOCT2T.Quf_zJO3.CIZcSIldk6lkS",
            "website_redirect": ""
          },
          "sensitive_attributes": [],
          "identity_schema_version": 0,
          "identity": {
            "account_id": "471112555655",
            "bucket": "e-commerce-product-images-bucket",
            "key": "images/DENIM_SHIRT_WITH_POCKET_1.jpg",
            "region": "ap-south-1"
          },
          "private": "bnVsbA=="
        },
        {
          "index_key": "DENIM_SHIRT_WITH_POCKET_2.jpg",
          "schema_version": 0,
          "attributes": {
            "acl": null,
            "arn": "arn:aws:s3:::e-commerce-product-images-bucket/images/DENIM_SHIRT_WITH_POCKET_2.jpg",
            "bucket": "e-commerce-product-images-bucket",
            "bucket_key_enabled": false,
            "cache_control": "",
            "checksum_algorithm": null,
            "checksum_crc32": "",
            "checksum_crc32c": "",
            "checksum_crc64nvme": "",
            "checksum_sha1": "",
            "checksum_sha256": "",
            "content": null,
            "content_base64": null,
            "content_disposition": "",
            "content_encoding": "",
            "content_language": "",
            "content_type": "image/jpeg",
            "etag": "2bf44b09a9659a9b6b63112d9b968881",
            "force_destroy": false,
            "id": "e-commerce-product-images-bucket/images/DENIM_SHIRT_WITH_POCKET_2.jpg",
            "key": "images/DENIM_SHIRT_WITH_POCKET_2.jpg",
            "kms_key_id": null,
            "metadata": null,
            "object_lock_legal_hold_status": "",
            "object_lock_mode": "",
            "object_lock_retain_until_date": "",
            "override_provider": [],
            "region": "ap-south-1",
            "server_side_encryption": "AES256",
            "source": "downloaded_images/DENIM_SHIRT_WITH_POCKET_2.jpg",
            "source_hash": null,
            "storage_class": "STANDARD",
            "tags": null,
            "tags_all": {},
            "version_id": "HcpvnbIS78LOSYD8p3jn0Ul4vLhf2.5d",
            "website_redirect": ""
          },
          "sensitive_attributes": [],
          "identity_schema_version": 0,
          "identity": {
            "account_id": "471112555655",
            "bucket": "e-commerce-product-images-bucket",
            "key": "images/DENIM_SHIRT_WITH_POCKET_2.jpg",
            "region": "ap-south-1"
          },
          "private": "bnVsbA=="
        },
        {
          "index_key": "EASY_CARE_TEXTURED_SHIRT_1.jpg",
          "schema_version": 0,
          "attributes": {
            "acl": null,
            "arn": "arn:aws:s3:::e-commerce-product-images-bucket/images/EASY_CARE_TEXTURED_SHIRT_1.jpg",
            "bucket": "e-commerce-product-images-bucket",
            "bucket_key_enabled": false,
            "cache_control": "",
            "checksum_algorithm": null,
            "checksum_crc32": "",
            "checksum_crc32c": "",
            "checksum_crc64nvme": "",
            "checksum_sha1": "",
            "checksum_sha256": "",
            "content": null,
            "content_base64": null,
            "content_disposition": "",
            "content_encoding": "",
            "content_language": "",
            "content_type": "image/jpeg",
            "etag": "bfd4fe1478e1a65d1490a33ca31dcb9d",
            "force_destroy": false,
            "id": "e-commerce-product-images-bucket/images/EASY_CARE_TEXTURED_SHIRT_1.jpg",
            "key": "images/EASY_CARE_TEXTURED_SHIRT_1.jpg",
            "kms_key_id": null,
            "metadata": null,
            "object_lock_legal_hold_status": "",
            "object_lock_mode": "",
            "object_lock_retain_until_date": "",
            "override_provider": [],
            "region": "ap-south-1",
            "server_side_encryption": "AES256",
            "source": "downloaded_images/EASY_CARE_TEXTURED_SHIRT_1.jpg",
            "source_hash": null,
            "storage_class": "STANDARD",
            "tags": null,
            "tags_all": {},
            "version_id": "Fr5w8y0lOIrFAwW7Id8Iok82foGOZYnO",
            "website_redirect": ""
          },
          "sensitive_attributes": [],
          "identity_schema_version": 0,
          "identity": {
            "account_id": "471112555655",
            "bucket": "e-commerce-product-images-bucket",
            "key": "images/EASY_CARE_TEXTURED_SHIRT_1.jpg",
            "region": "ap-south-1"
          },
          "private": "bnVsbA=="
        },
        {
          "index_key": "EASY_CARE_TEXTURED_SHIRT_2.jpg",
          "schema_version": 0,
          "attributes": {
            "acl": null,
            "arn": "arn:aws:s3:::e-commerce-product-images-bucket/images/EASY_CARE_TEXTURED_SHIRT_2.jpg",
            "bucket": "e-commerce-product-images-bucket",
            "bucket_key_enabled": false,
            "cache_control": "",
            "checksum_algorithm": null,
            "checksum_crc32": "",
            "checksum_crc32c": "",
            "checksum_crc64nvme": "",
            "checksum_sha1": "",
            "checksum_sha256": "",
            "content": null,
            "content_base64": null,
            "content_disposition": "",
            "content_encoding": "",
            "content_language": "",
            "content_type": "image/jpeg",
            "etag": "b2012b03479ffb53e190f88a809cb8c6",
            "force_destroy": false,
            "id": "e-commerce-product-images-bucket/images/EASY_CARE_TEXTURED_SHIRT_2.jpg",
            "key": "images/EASY_CARE_TEXTURED_SHIRT_2.jpg",
            "kms_key_id": null,
            "metadata": null,
            "object_lock_legal_hold_status": "",
            "object_lock_mode": "",
            "object_lock_retain_until_date": "",
            "override_provider": [],
            "region": "ap-south-1",
            "server_side_encryption": "AES256",
            "source": "downloaded_images/EASY_CARE_TEXTURED_SHIRT_2.jpg",
            "source_hash": null,
            "storage_class": "STANDARD",
            "tags": null,
            "tags_all": {},
            "version_id": "J.b8FUt5O5cI5XNLhPdhYAubhk0A2Znr",
            "website_redirect": ""
          },
          "sensitive_attributes": [],
          "identity_schema_version": 0,
          "identity": {
            "account_id": "471112555655",
            "bucket": "e-commerce-product-images-bucket",
            "key": "images/EASY_CARE_TEXTURED_SHIRT_2.jpg",
            "region": "ap-south-1"
          },
          "private": "bnVsbA=="
        },
        {
          "index_key": "ELASTIC_SHIRT_WITH_STRIPED_PRINT_1.jpg",
          "schema_version": 0,
          "attributes": {
            "acl": null,
            "arn": "arn:aws:s3:::e-commerce-product-images-bucket/images/ELASTIC_SHIRT_WITH_STRIPED_PRINT_1.jpg",
            "bucket": "e-commerce-product-images-bucket",
            "bucket_key_enabled": false,
            "cache_control": "",
            "checksum_algorithm": null,
            "checksum_crc32": "",
            "checksum_crc32c": "",
            "checksum_crc64nvme": "",
            "checksum_sha1": "",
            "checksum_sha256": "",
            "content": null,
            "content_base64": null,
            "content_disposition": "",
            "content_encoding": "",
            "content_language": "",
            "content_type": "image/jpeg",
            "etag": "49270c2f4eb31f94f3a9cc0585c210be",
            "force_destroy": false,
            "id": "e-commerce-product-images-bucket/images/ELASTIC_SHIRT_WITH_STRIPED_PRINT_1.jpg",
            "key": "images/ELASTIC_SHIRT_WITH_STRIPED_PRINT_1.jpg",
            "kms_key_id": null,
            "metadata": null,
            "object_lock_legal_hold_status": "",
            "object_lock_mode": "",
            "object_lock_retain_until_date": "",
            "override_provider": [],
            "region": "ap-south-1",
            "server_side_encryption": "AES256",
            "source": "downloaded_images/ELASTIC_SHIRT_WITH_STRIPED_PRINT_1.jpg",
            "source_hash": null,
            "storage_class": "STANDARD",
            "tags": null,
            "tags_all": {},
            "version_id": "_pEplYlWNePm_rPxUvUKe7EFrSgUhyju",
            "website_redirect": ""
          },
          "sensitive_attributes": [],
          "identity_schema_version": 0,
          "identity": {
            "account_id": "471112555655",
            "bucket": "e-commerce-product-images-bucket",
            "key": "images/ELASTIC_SHIRT_WITH_STRIPED_PRINT_1.jpg",
            "region": "ap-south-1"
          },
          "private": "bnVsbA=="
        },
        {
          "index_key": "ELASTIC_SHIRT_WITH_STRIPED_PRINT_2.jpg",
          "schema_version": 0,
          "attributes": {
            "acl": null,
            "arn": "arn:aws:s3:::e-commerce-product-images-bucket/images/ELASTIC_SHIRT_WITH_STRIPED_PRINT_2.jpg",
            "bucket": "e-commerce-product-images-bucket",
            "bucket_key_enabled": false,
            "cache_control": "",
            "checksum_algorithm": null,
            "checksum_crc32": "",
            "checksum_crc32c": "",
            "checksum_crc64nvme": "",
            "checksum_sha1": "",
            "checksum_sha256": "",
            "content": null,
            "content_base64": null,
            "content_disposition": "",
            "content_encoding": "",
            "content_language": "",
            "content_type": "image/jpeg",
            "etag": "e3a64228e68b8264ebe33eaec4100904",
            "force_destroy": false,
            "id": "e-commerce-product-images-bucket/images/ELASTIC_SHIRT_WITH_STRIPED_PRINT_2.jpg",
            "key": "images/ELASTIC_SHIRT_WITH_STRIPED_PRINT_2.jpg",
            "kms_key_id": null,
            "metadata": null,
            "object_lock_legal_hold_status": "",
            "object_lock_mode": "",
            "object_lock_retain_until_date": "",
            "override_provider": [],
            "region": "ap-south-1",
            "server_side_encryption": "AES256",
            "source": "downloaded_images/ELASTIC_SHIRT_WITH_STRIPED_PRINT_2.jpg",
            "source_hash": null,
            "storage_class": "STANDARD",
            "tags": null,
            "tags_all": {},
            "version_id": "7ld5ZtJ6z0HSH39IYU9snvBXBzEr6s6V",
            "website_redirect": ""
          },
          "sensitive_attributes": [],
          "identity_schema_version": 0,
          "identity": {
            "account_id": "471112555655",
            "bucket": "e-commerce-product-images-bucket",
            "key": "images/ELASTIC_SHIRT_WITH_STRIPED_PRINT_2.jpg",
            "region": "ap-south-1"
          },
          "private": "bnVsbA=="
        },
        {
          "index_key": "EMBROIDERED_FLORAL_PRINT_SHIRT_1.jpg",
          "schema_version": 0,
          "attributes": {
            "acl": null,
            "arn": "arn:aws:s3:::e-commerce-product-images-bucket/images/EMBROIDERED_FLORAL_PRINT_SHIRT_1.jpg",
            "bucket": "e-commerce-product-images-bucket",
            "bucket_key_enabled": false,
            "cache_control": "",
            "checksum_algorithm": null,
            "checksum_crc32": "",
            "checksum_crc32c": "",
            "checksum_crc64nvme": "",
            "checksum_sha1": "",
            "checksum_sha256": "",
            "content": null,
            "content_base64": null,
            "content_disposition": "",
            "content_encoding": "",
            "content_language": "",
            "content_type": "image/jpeg",
            "etag": "52a604c7ed4eb8ddc076d2d5da1a3807",
            "force_destroy": false,
            "id": "e-commerce-product-images-bucket/images/EMBROIDERED_FLORAL_PRINT_SHIRT_1.jpg",
            "key": "images/EMBROIDERED_FLORAL_PRINT_SHIRT_1.jpg",
            "kms_key_id": null,
            "metadata": null,
            "object_lock_legal_hold_status": "",
            "object_lock_mode": "",
            "object_lock_retain_until_date": "",
            "override_provider": [],
            "region": "ap-south-1",
            "server_side_encryption": "AES256",
            "source": "downloaded_images/EMBROIDERED_FLORAL_PRINT_SHIRT_1.jpg",
            "source_hash": null,
            "storage_class": "STANDARD",
            "tags": null,
            "tags_all": {},
            "version_id": "YzDrMJS.y7.WLhIw96hSwIjDYOn5Xdm0",
            "website_redirect": ""
          },
          "sensitive_attributes": [],
          "identity_schema_version": 0,
          "identity": {
            "account_id": "471112555655",
            "bucket": "e-commerce-product-images-bucket",
            "key": "images/EMBROIDERED_FLORAL_PRINT_SHIRT_1.jpg",
            "region": "ap-south-1"
          },
          "private": "bnVsbA=="
        },
        {
          "index_key": "EMBROIDERED_FLORAL_PRINT_SHIRT_2.jpg",
          "schema_version": 0,
          "attributes": {
            "acl": null,
            "arn": "arn:aws:s3:::e-commerce-product-images-bucket/images/EMBROIDERED_FLORAL_PRINT_SHIRT_2.jpg",
            "bucket": "e-commerce-product-images-bucket",
            "bucket_key_enabled": false,
            "cache_control": "",
            "checksum_algorithm": null,
            "checksum_crc32": "",
            "checksum_crc32c": "",
            "checksum_crc64nvme": "",
            "checksum_sha1": "",
            "checksum_sha256": "",
            "content": null,
            "content_base64": null,
            "content_disposition": "",
            "content_encoding": "",
            "content_language": "",
            "content_type": "image/jpeg",
            "etag": "06e3f28bc3c921de2bc6dbcf97824ee8",
            "force_destroy": false,
            "id": "e-commerce-product-images-bucket/images/EMBROIDERED_FLORAL_PRINT_SHIRT_2.jpg",
            "key": "images/EMBROIDERED_FLORAL_PRINT_SHIRT_2.jpg",
            "kms_key_id": null,
            "metadata": null,
            "object_lock_legal_hold_status": "",
            "object_lock_mode": "",
            "object_lock_retain_until_date": "",
            "override_provider": [],
            "region": "ap-south-1",
            "server_side_encryption": "AES256",
            "source": "downloaded_images/EMBROIDERED_FLORAL_PRINT_SHIRT_2.jpg",
            "source_hash": null,
            "storage_class": "STANDARD",
            "tags": null,
            "tags_all": {},
            "version_id": "H9CnsvLZI2DoDnismU2dhy.JDZ_JBUuy",
            "website_redirect": ""
          },
          "sensitive_attributes": [],
          "identity_schema_version": 0,
          "identity": {
            "account_id": "471112555655",
            "bucket": "e-commerce-product-images-bucket",
            "key": "images/EMBROIDERED_FLORAL_PRINT_SHIRT_2.jpg",
            "region": "ap-south-1"
          },
          "private": "bnVsbA=="
        },
        {
          "index_key": "EMBROIDERED_JACQUARD_SHIRT_1.jpg",
          "schema_version": 0,
          "attributes": {
            "acl": null,
            "arn": "arn:aws:s3:::e-commerce-product-images-bucket/images/EMBROIDERED_JACQUARD_SHIRT_1.jpg",
            "bucket": "e-commerce-product-images-bucket",
            "bucket_key_enabled": false,
            "cache_control": "",
            "checksum_algorithm": null,
            "checksum_crc32": "",
            "checksum_crc32c": "",
            "checksum_crc64nvme": "",
            "checksum_sha1": "",
            "checksum_sha256": "",
            "content": null,
            "content_base64": null,
            "content_disposition": "",
            "content_encoding": "",
            "content_language": "",
            "content_type": "image/jpeg",
            "etag": "b7850b0fa430631a6edd479e13f16ded",
            "force_destroy": false,
            "id": "e-commerce-product-images-bucket/images/EMBROIDERED_JACQUARD_SHIRT_1.jpg",
            "key": "images/EMBROIDERED_JACQUARD_SHIRT_1.jpg",
            "kms_key_id": null,
            "metadata": null,
            "object_lock_legal_hold_status": "",
            "object_lock_mode": "",
            "object_lock_retain_until_date": "",
            "override_provider": [],
            "region": "ap-south-1",
            "server_side_encryption": "AES256",
            "source": "downloaded_images/EMBROIDERED_JACQUARD_SHIRT_1.jpg",
            "source_hash": null,
            "storage_class": "STANDARD",
            "tags": null,
            "tags_all": {},
            "version_id": "TKSoi6ImR3TGZsmMhBYw75iZqtLOadHb",
            "website_redirect": ""
          },
          "sensitive_attributes": [],
          "identity_schema_version": 0,
          "identity": {
            "account_id": "471112555655",
            "bucket": "e-commerce-product-images-bucket",
            "key": "images/EMBROIDERED_JACQUARD_SHIRT_1.jpg",
            "region": "ap-south-1"
          },
          "private": "bnVsbA=="
        },
        {
          "index_key": "EMBROIDERED_SHIRT_1.jpg",
          "schema_version": 0,
          "attributes": {
            "acl": null,
            "arn": "arn:aws:s3:::e-commerce-product-images-bucket/images/EMBROIDERED_SHIRT_1.jpg",
            "bucket": "e-commerce-product-images-bucket",
            "bucket_key_enabled": false,
            "cache_control": "",
            "checksum_algorithm": null,
            "checksum_crc32": "",
            "checksum_crc32c": "",
            "checksum_crc64nvme": "",
            "checksum_sha1": "",
            "checksum_sha256": "",
            "content": null,
            "content_base64": null,
            "content_disposition": "",
            "content_encoding": "",
            "content_language": "",
            "content_type": "image/jpeg",
            "etag": "9814bbe989ee2bc6a3c9886f56553e61",
            "force_destroy": false,
            "id": "e-commerce-product-images-bucket/images/EMBROIDERED_SHIRT_1.jpg",
            "key": "images/EMBROIDERED_SHIRT_1.jpg",
            "kms_key_id": null,
            "metadata": null,
            "object_lock_legal_hold_status": "",
            "object_lock_mode": "",
            "object_lock_retain_until_date": "",
            "override_provider": [],
            "region": "ap-south-1",
            "server_side_encryption": "AES256",
            "source": "downloaded_images/EMBROIDERED_SHIRT_1.jpg",
            "source_hash": null,
            "storage_class": "STANDARD",
            "tags": null,
            "tags_all": {},
            "version_id": "BMcZ1gaCD1dTXR4vFvSpN8Cthn3SjelH",
            "website_redirect": ""
          },
          "sensitive_attributes": [],
          "identity_schema_version": 0,
          "identity": {
            "account_id": "471112555655",
            "bucket": "e-commerce-product-images-bucket",
            "key": "images/EMBROIDERED_SHIRT_1.jpg",
            "region": "ap-south-1"
          },
          "private": "bnVsbA=="
        },
        {
          "index_key": "EMBROIDERED_SHIRT_2.jpg",
          "schema_version": 0,
          "attributes": {
            "acl": null,
            "arn": "arn:aws:s3:::e-commerce-product-images-bucket/images/EMBROIDERED_SHIRT_2.jpg",
            "bucket": "e-commerce-product-images-bucket",
            "bucket_key_enabled": false,
            "cache_control": "",
            "checksum_algorithm": null,
            "checksum_crc32": "",
            "checksum_crc32c": "",
            "checksum_crc64nvme": "",
            "checksum_sha1": "",
            "checksum_sha256": "",
            "content": null,
            "content_base64": null,
            "content_disposition": "",
            "content_encoding": "",
            "content_language": "",
            "content_type": "image/jpeg",
            "etag": "9de7f88f4264add3de3beb5bc76af075",
            "force_destroy": false,
            "id": "e-commerce-product-images-bucket/images/EMBROIDERED_SHIRT_2.jpg",
            "key": "images/EMBROIDERED_SHIRT_2.jpg",
            "kms_key_id": null,
            "metadata": null,
            "object_lock_legal_hold_status": "",
            "object_lock_mode": "",
            "object_lock_retain_until_date": "",
            "override_provider": [],
            "region": "ap-south-1",
            "server_side_encryption": "AES256",
            "source": "downloaded_images/EMBROIDERED_SHIRT_2.jpg",
            "source_hash": null,
            "storage_class": "STANDARD",
            "tags": null,
            "tags_all": {},
            "version_id": "iQWcJstIbW2HLZs3apShpPCqoaEMk7JS",
            "website_redirect": ""
          },
          "sensitive_attributes": [],
          "identity_schema_version": 0,
          "identity": {
            "account_id": "471112555655",
            "bucket": "e-commerce-product-images-bucket",
            "key": "images/EMBROIDERED_SHIRT_2.jpg",
            "region": "ap-south-1"
          },
          "private": "bnVsbA=="
        },
        {
          "index_key": "FAUX_LEATHER_OVERSHIRT_1.jpg",
          "schema_version": 0,
          "attributes": {
            "acl": null,
            "arn": "arn:aws:s3:::e-commerce-product-images-bucket/images/FAUX_LEATHER_OVERSHIRT_1.jpg",
            "bucket": "e-commerce-product-images-bucket",
            "bucket_key_enabled": false,
            "cache_control": "",
            "checksum_algorithm": null,
            "checksum_crc32": "",
            "checksum_crc32c": "",
            "checksum_crc64nvme": "",
            "checksum_sha1": "",
            "checksum_sha256": "",
            "content": null,
            "content_base64": null,
            "content_disposition": "",
            "content_encoding": "",
            "content_language": "",
            "content_type": "image/jpeg",
            "etag": "ddb8ccb1193018fd6409f6b1258cdb50",
            "force_destroy": false,
            "id": "e-commerce-product-images-bucket/images/FAUX_LEATHER_OVERSHIRT_1.jpg",
            "key": "images/FAUX_LEATHER_OVERSHIRT_1.jpg",
            "kms_key_id": null,
            "metadata": null,
            "object_lock_legal_hold_status": "",
            "object_lock_mode": "",
            "object_lock_retain_until_date": "",
            "override_provider": [],
            "region": "ap-south-1",
            "server_side_encryption": "AES256",
            "source": "downloaded_images/FAUX_LEATHER_OVERSHIRT_1.jpg",
            "source_hash": null,
            "storage_class": "STANDARD",
            "tags": null,
            "tags_all": {},
            "version_id": "W5i8A1IAA3u7vKoieHFUG2LJS4JEO9oT",
            "website_redirect": ""
          },
          "sensitive_attributes": [],
          "identity_schema_version": 0,
          "identity": {
            "account_id": "471112555655",
            "bucket": "e-commerce-product-images-bucket",
            "key": "images/FAUX_LEATHER_OVERSHIRT_1.jpg",
            "region": "ap-south-1"
          },
          "private": "bnVsbA=="
        },
        {
          "index_key": "FAUX_LEATHER_OVERSHIRT_2.jpg",
          "schema_version": 0,
          "attributes": {
            "acl": null,
            "arn": "arn:aws:s3:::e-commerce-product-images-bucket/images/FAUX_LEATHER_OVERSHIRT_2.jpg",
            "bucket": "e-commerce-product-images-bucket",
            "bucket_key_enabled": false,
            "cache_control": "",
            "checksum_algorithm": null,
            "checksum_crc32": "",
            "checksum_crc32c": "",
            "checksum_crc64nvme": "",
            "checksum_sha1": "",
            "checksum_sha256": "",
            "content": null,
            "content_base64": null,
            "content_disposition": "",
            "content_encoding": "",
            "content_language": "",
            "content_type": "image/jpeg",
            "etag": "3d52631b1f28f050d1c212b78972705b",
            "force_destroy": false,
            "id": "e-commerce-product-images-bucket/images/FAUX_LEATHER_OVERSHIRT_2.jpg",
            "key": "images/FAUX_LEATHER_OVERSHIRT_2.jpg",
            "kms_key_id": null,
            "metadata": null,
            "object_lock_legal_hold_status": "",
            "object_lock_mode": "",
            "object_lock_retain_until_date": "",
            "override_provider": [],
            "region": "ap-south-1",
            "server_side_encryption": "AES256",
            "source": "downloaded_images/FAUX_LEATHER_OVERSHIRT_2.jpg",
            "source_hash": null,
            "storage_class": "STANDARD",
            "tags": null,
            "tags_all": {},
            "version_id": "C9Up6KDd983bOkicOAgSUthPz3iyXXva",
            "website_redirect": ""
          },
          "sensitive_attributes": [],
          "identity_schema_version": 0,
          "identity": {
            "account_id": "471112555655",
            "bucket": "e-commerce-product-images-bucket",
            "key": "images/FAUX_LEATHER_OVERSHIRT_2.jpg",
            "region": "ap-south-1"
          },
          "private": "bnVsbA=="
        },
        {
          "index_key": "FLORAL_PRINT_SHIRT_1.jpg",
          "schema_version": 0,
          "attributes": {
            "acl": null,
            "arn": "arn:aws:s3:::e-commerce-product-images-bucket/images/FLORAL_PRINT_SHIRT_1.jpg",
            "bucket": "e-commerce-product-images-bucket",
            "bucket_key_enabled": false,
            "cache_control": "",
            "checksum_algorithm": null,
            "checksum_crc32": "",
            "checksum_crc32c": "",
            "checksum_crc64nvme": "",
            "checksum_sha1": "",
            "checksum_sha256": "",
            "content": null,
            "content_base64": null,
            "content_disposition": "",
            "content_encoding": "",
            "content_language": "",
            "content_type": "image/jpeg",
            "etag": "ada0d44d04d04db83b1df489e197889f",
            "force_destroy": false,
            "id": "e-commerce-product-images-bucket/images/FLORAL_PRINT_SHIRT_1.jpg",
            "key": "images/FLORAL_PRINT_SHIRT_1.jpg",
            "kms_key_id": null,
            "metadata": null,
            "object_lock_legal_hold_status": "",
            "object_lock_mode": "",
            "object_lock_retain_until_date": "",
            "override_provider": [],
            "region": "ap-south-1",
            "server_side_encryption": "AES256",
            "source": "downloaded_images/FLORAL_PRINT_SHIRT_1.jpg",
            "source_hash": null,
            "storage_class": "STANDARD",
            "tags": null,
            "tags_all": {},
            "version_id": "K7Jqsbi_JFA0.YMOU53nN8pCXboXDuMv",
            "website_redirect": ""
          },
          "sensitive_attributes": [],
          "identity_schema_version": 0,
          "identity": {
            "account_id": "471112555655",
            "bucket": "e-commerce-product-images-bucket",
            "key": "images/FLORAL_PRINT_SHIRT_1.jpg",
            "region": "ap-south-1"
          },
          "private": "bnVsbA=="
        },
        {
          "index_key": "FLORAL_PRINT_SHIRT_2.jpg",
          "schema_version": 0,
          "attributes": {
            "acl": null,
            "arn": "arn:aws:s3:::e-commerce-product-images-bucket/images/FLORAL_PRINT_SHIRT_2.jpg",
            "bucket": "e-commerce-product-images-bucket",
            "bucket_key_enabled": false,
            "cache_control": "",
            "checksum_algorithm": null,
            "checksum_crc32": "",
            "checksum_crc32c": "",
            "checksum_crc64nvme": "",
            "checksum_sha1": "",
            "checksum_sha256": "",
            "content": null,
            "content_base64": null,
            "content_disposition": "",
            "content_encoding": "",
            "content_language": "",
            "content_type": "image/jpeg",
            "etag": "b4d2a5bbb46727116727fd8d6c1717b1",
            "force_destroy": false,
            "id": "e-commerce-product-images-bucket/images/FLORAL_PRINT_SHIRT_2.jpg",
            "key": "images/FLORAL_PRINT_SHIRT_2.jpg",
            "kms_key_id": null,
            "metadata": null,
            "object_lock_legal_hold_status": "",
            "object_lock_mode": "",
            "object_lock_retain_until_date": "",
            "override_provider": [],
            "region": "ap-south-1",
            "server_side_encryption": "AES256",
            "source": "downloaded_images/FLORAL_PRINT_SHIRT_2.jpg",
            "source_hash": null,
            "storage_class": "STANDARD",
            "tags": null,
            "tags_all": {},
            "version_id": "27ST5FAQip2nINTcmVp2iLq98SO0Pd1x",
            "website_redirect": ""
          },
          "sensitive_attributes": [],
          "identity_schema_version": 0,
          "identity": {
            "account_id": "471112555655",
            "bucket": "e-commerce-product-images-bucket",
            "key": "images/FLORAL_PRINT_SHIRT_2.jpg",
            "region": "ap-south-1"
          },
          "private": "bnVsbA=="
        },
        {
          "index_key": "GEOMETRIC_CROCHET_SHIRT_1.jpg",
          "schema_version": 0,
          "attributes": {
            "acl": null,
            "arn": "arn:aws:s3:::e-commerce-product-images-bucket/images/GEOMETRIC_CROCHET_SHIRT_1.jpg",
            "bucket": "e-commerce-product-images-bucket",
            "bucket_key_enabled": false,
            "cache_control": "",
            "checksum_algorithm": null,
            "checksum_crc32": "",
            "checksum_crc32c": "",
            "checksum_crc64nvme": "",
            "checksum_sha1": "",
            "checksum_sha256": "",
            "content": null,
            "content_base64": null,
            "content_disposition": "",
            "content_encoding": "",
            "content_language": "",
            "content_type": "image/jpeg",
            "etag": "9d99f9d740aabb04b7cae561a10259a5",
            "force_destroy": false,
            "id": "e-commerce-product-images-bucket/images/GEOMETRIC_CROCHET_SHIRT_1.jpg",
            "key": "images/GEOMETRIC_CROCHET_SHIRT_1.jpg",
            "kms_key_id": null,
            "metadata": null,
            "object_lock_legal_hold_status": "",
            "object_lock_mode": "",
            "object_lock_retain_until_date": "",
            "override_provider": [],
            "region": "ap-south-1",
            "server_side_encryption": "AES256",
            "source": "downloaded_images/GEOMETRIC_CROCHET_SHIRT_1.jpg",
            "source_hash": null,
            "storage_class": "STANDARD",
            "tags": null,
            "tags_all": {},
            "version_id": "TOffPBnwoEVECQot3m_QcgkCtnCncDw8",
            "website_redirect": ""
          },
          "sensitive_attributes": [],
          "identity_schema_version": 0,
          "identity": {
            "account_id": "471112555655",
            "bucket": "e-commerce-product-images-bucket",
            "key": "images/GEOMETRIC_CROCHET_SHIRT_1.jpg",
            "region": "ap-south-1"
          },
          "private": "bnVsbA=="
        },
        {
          "index_key": "GEOMETRIC_CROCHET_SHIRT_2.jpg",
          "schema_version": 0,
          "attributes": {
            "acl": null,
            "arn": "arn:aws:s3:::e-commerce-product-images-bucket/images/GEOMETRIC_CROCHET_SHIRT_2.jpg",
            "bucket": "e-commerce-product-images-bucket",
            "bucket_key_enabled": false,
            "cache_control": "",
            "checksum_algorithm": null,
            "checksum_crc32": "",
            "checksum_crc32c": "",
            "checksum_crc64nvme": "",
            "checksum_sha1": "",
            "checksum_sha256": "",
            "content": null,
            "content_base64": null,
            "content_disposition": "",
            "content_encoding": "",
            "content_language": "",
            "content_type": "image/jpeg",
            "etag": "4f994b434a003ac9cf256776e7255e7e",
            "force_destroy": false,
            "id": "e-commerce-product-images-bucket/images/GEOMETRIC_CROCHET_SHIRT_2.jpg",
            "key": "images/GEOMETRIC_CROCHET_SHIRT_2.jpg",
            "kms_key_id": null,
            "metadata": null,
            "object_lock_legal_hold_status": "",
            "object_lock_mode": "",
            "object_lock_retain_until_date": "",
            "override_provider": [],
            "region": "ap-south-1",
            "server_side_encryption": "AES256",
            "source": "downloaded_images/GEOMETRIC_CROCHET_SHIRT_2.jpg",
            "source_hash": null,
            "storage_class": "STANDARD",
            "tags": null,
            "tags_all": {},
            "version_id": "3vxCZvldjgO5zXynN23cReO8px19tyCw",
            "website_redirect": ""
          },
          "sensitive_attributes": [],
          "identity_schema_version": 0,
          "identity": {
            "account_id": "471112555655",
            "bucket": "e-commerce-product-images-bucket",
            "key": "images/GEOMETRIC_CROCHET_SHIRT_2.jpg",
            "region": "ap-south-1"
          },
          "private": "bnVsbA=="
        },
        {
          "index_key": "GEOMETRIC_JACQUARD_KNIT_SHIRT_1.jpg",
          "schema_version": 0,
          "attributes": {
            "acl": null,
            "arn": "arn:aws:s3:::e-commerce-product-images-bucket/images/GEOMETRIC_JACQUARD_KNIT_SHIRT_1.jpg",
            "bucket": "e-commerce-product-images-bucket",
            "bucket_key_enabled": false,
            "cache_control": "",
            "checksum_algorithm": null,
            "checksum_crc32": "",
            "checksum_crc32c": "",
            "checksum_crc64nvme": "",
            "checksum_sha1": "",
            "checksum_sha256": "",
            "content": null,
            "content_base64": null,
            "content_disposition": "",
            "content_encoding": "",
            "content_language": "",
            "content_type": "image/jpeg",
            "etag": "93ca38d5aa666a0c3143027b7db7bcf6",
            "force_destroy": false,
            "id": "e-commerce-product-images-bucket/images/GEOMETRIC_JACQUARD_KNIT_SHIRT_1.jpg",
            "key": "images/GEOMETRIC_JACQUARD_KNIT_SHIRT_1.jpg",
            "kms_key_id": null,
            "metadata": null,
            "object_lock_legal_hold_status": "",
            "object_lock_mode": "",
            "object_lock_retain_until_date": "",
            "override_provider": [],
            "region": "ap-south-1",
            "server_side_encryption": "AES256",
            "source": "downloaded_images/GEOMETRIC_JACQUARD_KNIT_SHIRT_1.jpg",
            "source_hash": null,
            "storage_class": "STANDARD",
            "tags": null,
            "tags_all": {},
            "version_id": "x54gOEAHu9VqcGkMCFIDaLFESpN4Csgd",
            "website_redirect": ""
          },
          "sensitive_attributes": [],
          "identity_schema_version": 0,
          "identity": {
            "account_id": "471112555655",
            "bucket": "e-commerce-product-images-bucket",
            "key": "images/GEOMETRIC_JACQUARD_KNIT_SHIRT_1.jpg",
            "region": "ap-south-1"
          },
          "private": "bnVsbA=="
        },
        {
          "index_key": "GEOMETRIC_JACQUARD_KNIT_SHIRT_2.jpg",
          "schema_version": 0,
          "attributes": {
            "acl": null,
            "arn": "arn:aws:s3:::e-commerce-product-images-bucket/images/GEOMETRIC_JACQUARD_KNIT_SHIRT_2.jpg",
            "bucket": "e-commerce-product-images-bucket",
            "bucket_key_enabled": false,
            "cache_control": "",
            "checksum_algorithm": null,
            "checksum_crc32": "",
            "checksum_crc32c": "",
            "checksum_crc64nvme": "",
            "checksum_sha1": "",
            "checksum_sha256": "",
            "content": null,
            "content_base64": null,
            "content_disposition": "",
            "content_encoding": "",
            "content_language": "",
            "content_type": "image/jpeg",
            "etag": "003d1d2e2c5acc52c215ef884514e2f7",
            "force_destroy": false,
            "id": "e-commerce-product-images-bucket/images/GEOMETRIC_JACQUARD_KNIT_SHIRT_2.jpg",
            "key": "images/GEOMETRIC_JACQUARD_KNIT_SHIRT_2.jpg",
            "kms_key_id": null,
            "metadata": null,
            "object_lock_legal_hold_status": "",
            "object_lock_mode": "",
            "object_lock_retain_until_date": "",
            "override_provider": [],
            "region": "ap-south-1",
            "server_side_encryption": "AES256",
            "source": "downloaded_images/GEOMETRIC_JACQUARD_KNIT_SHIRT_2.jpg",
            "source_hash": null,
            "storage_class": "STANDARD",
            "tags": null,
            "tags_all": {},
            "version_id": "sgexu5mdjiR5_15DX6S3Zox5d_gtUevR",
            "website_redirect": ""
          },
          "sensitive_attributes": [],
          "identity_schema_version": 0,
          "identity": {
            "account_id": "471112555655",
            "bucket": "e-commerce-product-images-bucket",
            "key": "images/GEOMETRIC_JACQUARD_KNIT_SHIRT_2.jpg",
            "region": "ap-south-1"
          },
          "private": "bnVsbA=="
        },
        {
          "index_key": "GEOMETRIC_JACQUARD_SHIRT_1.jpg",
          "schema_version": 0,
          "attributes": {
            "acl": null,
            "arn": "arn:aws:s3:::e-commerce-product-images-bucket/images/GEOMETRIC_JACQUARD_SHIRT_1.jpg",
            "bucket": "e-commerce-product-images-bucket",
            "bucket_key_enabled": false,
            "cache_control": "",
            "checksum_algorithm": null,
            "checksum_crc32": "",
            "checksum_crc32c": "",
            "checksum_crc64nvme": "",
            "checksum_sha1": "",
            "checksum_sha256": "",
            "content": null,
            "content_base64": null,
            "content_disposition": "",
            "content_encoding": "",
            "content_language": "",
            "content_type": "image/jpeg",
            "etag": "a20e462f7d6ca6c755e83671894eb5c2",
            "force_destroy": false,
            "id": "e-commerce-product-images-bucket/images/GEOMETRIC_JACQUARD_SHIRT_1.jpg",
            "key": "images/GEOMETRIC_JACQUARD_SHIRT_1.jpg",
            "kms_key_id": null,
            "metadata": null,
            "object_lock_legal_hold_status": "",
            "object_lock_mode": "",
            "object_lock_retain_until_date": "",
            "override_provider": [],
            "region": "ap-south-1",
            "server_side_encryption": "AES256",
            "source": "downloaded_images/GEOMETRIC_JACQUARD_SHIRT_1.jpg",
            "source_hash": null,
            "storage_class": "STANDARD",
            "tags": null,
            "tags_all": {},
            "version_id": "rDmM5elUFSISV0bIidPdx0eissSqYqUw",
            "website_redirect": ""
          },
          "sensitive_attributes": [],
          "identity_schema_version": 0,
          "identity": {
            "account_id": "471112555655",
            "bucket": "e-commerce-product-images-bucket",
            "key": "images/GEOMETRIC_JACQUARD_SHIRT_1.jpg",
            "region": "ap-south-1"
          },
          "private": "bnVsbA=="
        },
        {
          "index_key": "GEOMETRIC_JACQUARD_SHIRT_2.jpg",
          "schema_version": 0,
          "attributes": {
            "acl": null,
            "arn": "arn:aws:s3:::e-commerce-product-images-bucket/images/GEOMETRIC_JACQUARD_SHIRT_2.jpg",
            "bucket": "e-commerce-product-images-bucket",
            "bucket_key_enabled": false,
            "cache_control": "",
            "checksum_algorithm": null,
            "checksum_crc32": "",
            "checksum_crc32c": "",
            "checksum_crc64nvme": "",
            "checksum_sha1": "",
            "checksum_sha256": "",
            "content": null,
            "content_base64": null,
            "content_disposition": "",
            "content_encoding": "",
            "content_language": "",
            "content_type": "image/jpeg",
            "etag": "d947759aac6ba315e4273e7a4c237a03",
            "force_destroy": false,
            "id": "e-commerce-product-images-bucket/images/GEOMETRIC_JACQUARD_SHIRT_2.jpg",
            "key": "images/GEOMETRIC_JACQUARD_SHIRT_2.jpg",
            "kms_key_id": null,
            "metadata": null,
            "object_lock_legal_hold_status": "",
            "object_lock_mode": "",
            "object_lock_retain_until_date": "",
            "override_provider": [],
            "region": "ap-south-1",
            "server_side_encryption": "AES256",
            "source": "downloaded_images/GEOMETRIC_JACQUARD_SHIRT_2.jpg",
            "source_hash": null,
            "storage_class": "STANDARD",
            "tags": null,
            "tags_all": {},
            "version_id": "R6MNlv2wUyhoO9zCtSeD0THHyohFvcrC",
            "website_redirect": ""
          },
          "sensitive_attributes": [],
          "identity_schema_version": 0,
          "identity": {
            "account_id": "471112555655",
            "bucket": "e-commerce-product-images-bucket",
            "key": "images/GEOMETRIC_JACQUARD_SHIRT_2.jpg",
            "region": "ap-south-1"
          },
          "private": "bnVsbA=="
        },
        {
          "index_key": "GEOMETRIC_PRINT_SHIRT_1.jpg",
          "schema_version": 0,
          "attributes": {
            "acl": null,
            "arn": "arn:aws:s3:::e-commerce-product-images-bucket/images/GEOMETRIC_PRINT_SHIRT_1.jpg",
            "bucket": "e-commerce-product-images-bucket",
            "bucket_key_enabled": false,
            "cache_control": "",
            "checksum_algorithm": null,
            "checksum_crc32": "",
            "checksum_crc32c": "",
            "checksum_crc64nvme": "",
            "checksum_sha1": "",
            "checksum_sha256": "",
            "content": null,
            "content_base64": null,
            "content_disposition": "",
            "content_encoding": "",
            "content_language": "",
            "content_type": "image/jpeg",
            "etag": "69582fc81a27bc38700521a1e8bafd98",
            "force_destroy": false,
            "id": "e-commerce-product-images-bucket/images/GEOMETRIC_PRINT_SHIRT_1.jpg",
            "key": "images/GEOMETRIC_PRINT_SHIRT_1.jpg",
            "kms_key_id": null,
            "metadata": null,
            "object_lock_legal_hold_status": "",
            "object_lock_mode": "",
            "object_lock_retain_until_date": "",
            "override_provider": [],
            "region": "ap-south-1",
            "server_side_encryption": "AES256",
            "source": "downloaded_images/GEOMETRIC_PRINT_SHIRT_1.jpg",
            "source_hash": null,
            "storage_class": "STANDARD",
            "tags": null,
            "tags_all": {},
            "version_id": "AD9xuTW_uGvegufFDPIkQtSYwvYTMbB0",
            "website_redirect": ""
          },
          "sensitive_attributes": [],
          "identity_schema_version": 0,
          "identity": {
            "account_id": "471112555655",
            "bucket": "e-commerce-product-images-bucket",
            "key": "images/GEOMETRIC_PRINT_SHIRT_1.jpg",
            "region": "ap-south-1"
          },
          "private": "bnVsbA=="
        },
        {
          "index_key": "GEOMETRIC_PRINT_SHIRT_2.jpg",
          "schema_version": 0,
          "attributes": {
            "acl": null,
            "arn": "arn:aws:s3:::e-commerce-product-images-bucket/images/GEOMETRIC_PRINT_SHIRT_2.jpg",
            "bucket": "e-commerce-product-images-bucket",
            "bucket_key_enabled": false,
            "cache_control": "",
            "checksum_algorithm": null,
            "checksum_crc32": "",
            "checksum_crc32c": "",
            "checksum_crc64nvme": "",
            "checksum_sha1": "",
            "checksum_sha256": "",
            "content": null,
            "content_base64": null,
            "content_disposition": "",
            "content_encoding": "",
            "content_language": "",
            "content_type": "image/jpeg",
            "etag": "4fb858ff83223f9d0fca1d81c396e7b2",
            "force_destroy": false,
            "id": "e-commerce-product-images-bucket/images/GEOMETRIC_PRINT_SHIRT_2.jpg",
            "key": "images/GEOMETRIC_PRINT_SHIRT_2.jpg",
            "kms_key_id": null,
            "metadata": null,
            "object_lock_legal_hold_status": "",
            "object_lock_mode": "",
            "object_lock_retain_until_date": "",
            "override_provider": [],
            "region": "ap-south-1",
            "server_side_encryption": "AES256",
            "source": "downloaded_images/GEOMETRIC_PRINT_SHIRT_2.jpg",
            "source_hash": null,
            "storage_class": "STANDARD",
            "tags": null,
            "tags_all": {},
            "version_id": "taU.Am6Dd.TWbWhY4CrLm7eOn18PrTxP",
            "website_redirect": ""
          },
          "sensitive_attributes": [],
          "identity_schema_version": 0,
          "identity": {
            "account_id": "471112555655",
            "bucket": "e-commerce-product-images-bucket",
            "key": "images/GEOMETRIC_PRINT_SHIRT_2.jpg",
            "region": "ap-south-1"
          },
          "private": "bnVsbA=="
        },
        {
          "index_key": "LEAF_PRINT_SHIRT_1.jpg",
          "schema_version": 0,
          "attributes": {
            "acl": null,
            "arn": "arn:aws:s3:::e-commerce-product-images-bucket/images/LEAF_PRINT_SHIRT_1.jpg",
            "bucket": "e-commerce-product-images-bucket",
            "bucket_key_enabled": false,
            "cache_control": "",
            "checksum_algorithm": null,
            "checksum_crc32": "",
            "checksum_crc32c": "",
            "checksum_crc64nvme": "",
            "checksum_sha1": "",
            "checksum_sha256": "",
            "content": null,
            "content_base64": null,
            "content_disposition": "",
            "content_encoding": "",
            "content_language": "",
            "content_type": "image/jpeg",
            "etag": "3c108608b81abf5adfcda33152fedd12",
            "force_destroy": false,
            "id": "e-commerce-product-images-bucket/images/LEAF_PRINT_SHIRT_1.jpg",
            "key": "images/LEAF_PRINT_SHIRT_1.jpg",
            "kms_key_id": null,
            "metadata": null,
            "object_lock_legal_hold_status": "",
            "object_lock_mode": "",
            "object_lock_retain_until_date": "",
            "override_provider": [],
            "region": "ap-south-1",
            "server_side_encryption": "AES256",
            "source": "downloaded_images/LEAF_PRINT_SHIRT_1.jpg",
            "source_hash": null,
            "storage_class": "STANDARD",
            "tags": null,
            "tags_all": {},
            "version_id": "hSv6NZCUkMvFQ_4tZg8muJFdKXXgOrGn",
            "website_redirect": ""
          },
          "sensitive_attributes": [],
          "identity_schema_version": 0,
          "identity": {
            "account_id": "471112555655",
            "bucket": "e-commerce-product-images-bucket",
            "key": "images/LEAF_PRINT_SHIRT_1.jpg",
            "region": "ap-south-1"
          },
          "private": "bnVsbA=="
        },
        {
          "index_key": "LEAF_PRINT_SHIRT_2.jpg",
          "schema_version": 0,
          "attributes": {
            "acl": null,
            "arn": "arn:aws:s3:::e-commerce-product-images-bucket/images/LEAF_PRINT_SHIRT_2.jpg",
            "bucket": "e-commerce-product-images-bucket",
            "bucket_key_enabled": false,
            "cache_control": "",
            "checksum_algorithm": null,
            "checksum_crc32": "",
            "checksum_crc32c": "",
            "checksum_crc64nvme": "",
            "checksum_sha1": "",
            "checksum_sha256": "",
            "content": null,
            "content_base64": null,
            "content_disposition": "",
            "content_encoding": "",
            "content_language": "",
            "content_type": "image/jpeg",
            "etag": "e8b4785763d822eac781f9bc980d0791",
            "force_destroy": false,
            "id": "e-commerce-product-images-bucket/images/LEAF_PRINT_SHIRT_2.jpg",
            "key": "images/LEAF_PRINT_SHIRT_2.jpg",
            "kms_key_id": null,
            "metadata": null,
            "object_lock_legal_hold_status": "",
            "object_lock_mode": "",
            "object_lock_retain_until_date": "",
            "override_provider": [],
            "region": "ap-south-1",
            "server_side_encryption": "AES256",
            "source": "downloaded_images/LEAF_PRINT_SHIRT_2.jpg",
            "source_hash": null,
            "storage_class": "STANDARD",
            "tags": null,
            "tags_all": {},
            "version_id": "N8rZLlG977SIBI..mI9ewpsdiOGrrv_2",
            "website_redirect": ""
          },
          "sensitive_attributes": [],
          "identity_schema_version": 0,
          "identity": {
            "account_id": "471112555655",
            "bucket": "e-commerce-product-images-bucket",
            "key": "images/LEAF_PRINT_SHIRT_2.jpg",
            "region": "ap-south-1"
          },
          "private": "bnVsbA=="
        },
        {
          "index_key": "LINEN_-_COTTON_EMBROIDERED_SHIRT_1.jpg",
          "schema_version": 0,
          "attributes": {
            "acl": null,
            "arn": "arn:aws:s3:::e-commerce-product-images-bucket/images/LINEN_-_COTTON_EMBROIDERED_SHIRT_1.jpg",
            "bucket": "e-commerce-product-images-bucket",
            "bucket_key_enabled": false,
            "cache_control": "",
            "checksum_algorithm": null,
            "checksum_crc32": "",
            "checksum_crc32c": "",
            "checksum_crc64nvme": "",
            "checksum_sha1": "",
            "checksum_sha256": "",
            "content": null,
            "content_base64": null,
            "content_disposition": "",
            "content_encoding": "",
            "content_language": "",
            "content_type": "image/jpeg",
            "etag": "3713bfdbb452909b766ab91c78898e3e",
            "force_destroy": false,
            "id": "e-commerce-product-images-bucket/images/LINEN_-_COTTON_EMBROIDERED_SHIRT_1.jpg",
            "key": "images/LINEN_-_COTTON_EMBROIDERED_SHIRT_1.jpg",
            "kms_key_id": null,
            "metadata": null,
            "object_lock_legal_hold_status": "",
            "object_lock_mode": "",
            "object_lock_retain_until_date": "",
            "override_provider": [],
            "region": "ap-south-1",
            "server_side_encryption": "AES256",
            "source": "downloaded_images/LINEN_-_COTTON_EMBROIDERED_SHIRT_1.jpg",
            "source_hash": null,
            "storage_class": "STANDARD",
            "tags": null,
            "tags_all": {},
            "version_id": "5Z97itrwTqZOCSKs92w2wFnasltd3GWM",
            "website_redirect": ""
          },
          "sensitive_attributes": [],
          "identity_schema_version": 0,
          "identity": {
            "account_id": "471112555655",
            "bucket": "e-commerce-product-images-bucket",
            "key": "images/LINEN_-_COTTON_EMBROIDERED_SHIRT_1.jpg",
            "region": "ap-south-1"
          },
          "private": "bnVsbA=="
        },
        {
          "index_key": "LINEN_-_COTTON_EMBROIDERED_SHIRT_2.jpg",
          "schema_version": 0,
          "attributes": {
            "acl": null,
            "arn": "arn:aws:s3:::e-commerce-product-images-bucket/images/LINEN_-_COTTON_EMBROIDERED_SHIRT_2.jpg",
            "bucket": "e-commerce-product-images-bucket",
            "bucket_key_enabled": false,
            "cache_control": "",
            "checksum_algorithm": null,
            "checksum_crc32": "",
            "checksum_crc32c": "",
            "checksum_crc64nvme": "",
            "checksum_sha1": "",
            "checksum_sha256": "",
            "content": null,
            "content_base64": null,
            "content_disposition": "",
            "content_encoding": "",
            "content_language": "",
            "content_type": "image/jpeg",
            "etag": "4ad08acb43e077278a336c2178788921",
            "force_destroy": false,
            "id": "e-commerce-product-images-bucket/images/LINEN_-_COTTON_EMBROIDERED_SHIRT_2.jpg",
            "key": "images/LINEN_-_COTTON_EMBROIDERED_SHIRT_2.jpg",
            "kms_key_id": null,
            "metadata": null,
            "object_lock_legal_hold_status": "",
            "object_lock_mode": "",
            "object_lock_retain_until_date": "",
            "override_provider": [],
            "region": "ap-south-1",
            "server_side_encryption": "AES256",
            "source": "downloaded_images/LINEN_-_COTTON_EMBROIDERED_SHIRT_2.jpg",
            "source_hash": null,
            "storage_class": "STANDARD",
            "tags": null,
            "tags_all": {},
            "version_id": "b6vyJXUtU0lcagi8sVuYynwXMl_Wqo7U",
            "website_redirect": ""
          },
          "sensitive_attributes": [],
          "identity_schema_version": 0,
          "identity": {
            "account_id": "471112555655",
            "bucket": "e-commerce-product-images-bucket",
            "key": "images/LINEN_-_COTTON_EMBROIDERED_SHIRT_2.jpg",
            "region": "ap-south-1"
          },
          "private": "bnVsbA=="
        },
        {
          "index_key": "LYOCELL_-_LINEN_SHIRT_1.jpg",
          "schema_version": 0,
          "attributes": {
            "acl": null,
            "arn": "arn:aws:s3:::e-commerce-product-images-bucket/images/LYOCELL_-_LINEN_SHIRT_1.jpg",
            "bucket": "e-commerce-product-images-bucket",
            "bucket_key_enabled": false,
            "cache_control": "",
            "checksum_algorithm": null,
            "checksum_crc32": "",
            "checksum_crc32c": "",
            "checksum_crc64nvme": "",
            "checksum_sha1": "",
            "checksum_sha256": "",
            "content": null,
            "content_base64": null,
            "content_disposition": "",
            "content_encoding": "",
            "content_language": "",
            "content_type": "image/jpeg",
            "etag": "b688aba09e5b623689a83fab7ccc08a1",
            "force_destroy": false,
            "id": "e-commerce-product-images-bucket/images/LYOCELL_-_LINEN_SHIRT_1.jpg",
            "key": "images/LYOCELL_-_LINEN_SHIRT_1.jpg",
            "kms_key_id": null,
            "metadata": null,
            "object_lock_legal_hold_status": "",
            "object_lock_mode": "",
            "object_lock_retain_until_date": "",
            "override_provider": [],
            "region": "ap-south-1",
            "server_side_encryption": "AES256",
            "source": "downloaded_images/LYOCELL_-_LINEN_SHIRT_1.jpg",
            "source_hash": null,
            "storage_class": "STANDARD",
            "tags": null,
            "tags_all": {},
            "version_id": "en3yU84ZKpvJKXOlnwWpVlDzg_ftZBDf",
            "website_redirect": ""
          },
          "sensitive_attributes": [],
          "identity_schema_version": 0,
          "identity": {
            "account_id": "471112555655",
            "bucket": "e-commerce-product-images-bucket",
            "key": "images/LYOCELL_-_LINEN_SHIRT_1.jpg",
            "region": "ap-south-1"
          },
          "private": "bnVsbA=="
        },
        {
          "index_key": "LYOCELL_-_LINEN_SHIRT_2.jpg",
          "schema_version": 0,
          "attributes": {
            "acl": null,
            "arn": "arn:aws:s3:::e-commerce-product-images-bucket/images/LYOCELL_-_LINEN_SHIRT_2.jpg",
            "bucket": "e-commerce-product-images-bucket",
            "bucket_key_enabled": false,
            "cache_control": "",
            "checksum_algorithm": null,
            "checksum_crc32": "",
            "checksum_crc32c": "",
            "checksum_crc64nvme": "",
            "checksum_sha1": "",
            "checksum_sha256": "",
            "content": null,
            "content_base64": null,
            "content_disposition": "",
            "content_encoding": "",
            "content_language": "",
            "content_type": "image/jpeg",
            "etag": "8e788ba9b526497797fdd00349e40f43",
            "force_destroy": false,
            "id": "e-commerce-product-images-bucket/images/LYOCELL_-_LINEN_SHIRT_2.jpg",
            "key": "images/LYOCELL_-_LINEN_SHIRT_2.jpg",
            "kms_key_id": null,
            "metadata": null,
            "object_lock_legal_hold_status": "",
            "object_lock_mode": "",
            "object_lock_retain_until_date": "",
            "override_provider": [],
            "region": "ap-south-1",
            "server_side_encryption": "AES256",
            "source": "downloaded_images/LYOCELL_-_LINEN_SHIRT_2.jpg",
            "source_hash": null,
            "storage_class": "STANDARD",
            "tags": null,
            "tags_all": {},
            "version_id": "774bwe58u4Wv7J12XhbKPyQ.9G7eUdn2",
            "website_redirect": ""
          },
          "sensitive_attributes": [],
          "identity_schema_version": 0,
          "identity": {
            "account_id": "471112555655",
            "bucket": "e-commerce-product-images-bucket",
            "key": "images/LYOCELL_-_LINEN_SHIRT_2.jpg",
            "region": "ap-south-1"
          },
          "private": "bnVsbA=="
        },
        {
          "index_key": "LYOCELL_SHIRT_1.jpg",
          "schema_version": 0,
          "attributes": {
            "acl": null,
            "arn": "arn:aws:s3:::e-commerce-product-images-bucket/images/LYOCELL_SHIRT_1.jpg",
            "bucket": "e-commerce-product-images-bucket",
            "bucket_key_enabled": false,
            "cache_control": "",
            "checksum_algorithm": null,
            "checksum_crc32": "",
            "checksum_crc32c": "",
            "checksum_crc64nvme": "",
            "checksum_sha1": "",
            "checksum_sha256": "",
            "content": null,
            "content_base64": null,
            "content_disposition": "",
            "content_encoding": "",
            "content_language": "",
            "content_type": "image/jpeg",
            "etag": "f0e4466a29cd1db91f4bc90f3b34e039",
            "force_destroy": false,
            "id": "e-commerce-product-images-bucket/images/LYOCELL_SHIRT_1.jpg",
            "key": "images/LYOCELL_SHIRT_1.jpg",
            "kms_key_id": null,
            "metadata": null,
            "object_lock_legal_hold_status": "",
            "object_lock_mode": "",
            "object_lock_retain_until_date": "",
            "override_provider": [],
            "region": "ap-south-1",
            "server_side_encryption": "AES256",
            "source": "downloaded_images/LYOCELL_SHIRT_1.jpg",
            "source_hash": null,
            "storage_class": "STANDARD",
            "tags": null,
            "tags_all": {},
            "version_id": "J0J.hNfhFFHAx3_rZRiHQZtGTIxxMiLq",
            "website_redirect": ""
          },
          "sensitive_attributes": [],
          "identity_schema_version": 0,
          "identity": {
            "account_id": "471112555655",
            "bucket": "e-commerce-product-images-bucket",
            "key": "images/LYOCELL_SHIRT_1.jpg",
            "region": "ap-south-1"
          },
          "private": "bnVsbA=="
        },
        {
          "index_key": "LYOCELL_SHIRT_2.jpg",
          "schema_version": 0,
          "attributes": {
            "acl": null,
            "arn": "arn:aws:s3:::e-commerce-product-images-bucket/images/LYOCELL_SHIRT_2.jpg",
            "bucket": "e-commerce-product-images-bucket",
            "bucket_key_enabled": false,
            "cache_control": "",
            "checksum_algorithm": null,
            "checksum_crc32": "",
            "checksum_crc32c": "",
            "checksum_crc64nvme": "",
            "checksum_sha1": "",
            "checksum_sha256": "",
            "content": null,
            "content_base64": null,
            "content_disposition": "",
            "content_encoding": "",
            "content_language": "",
            "content_type": "image/jpeg",
            "etag": "047205ff394e4f8a2f90ab8ddafba3ff",
            "force_destroy": false,
            "id": "e-commerce-product-images-bucket/images/LYOCELL_SHIRT_2.jpg",
            "key": "images/LYOCELL_SHIRT_2.jpg",
            "kms_key_id": null,
            "metadata": null,
            "object_lock_legal_hold_status": "",
            "object_lock_mode": "",
            "object_lock_retain_until_date": "",
            "override_provider": [],
            "region": "ap-south-1",
            "server_side_encryption": "AES256",
            "source": "downloaded_images/LYOCELL_SHIRT_2.jpg",
            "source_hash": null,
            "storage_class": "STANDARD",
            "tags": null,
            "tags_all": {},
            "version_id": "1wpGKpq4kpQiv49rgMrGHHT90Jacwtuv",
            "website_redirect": ""
          },
          "sensitive_attributes": [],
          "identity_schema_version": 0,
          "identity": {
            "account_id": "471112555655",
            "bucket": "e-commerce-product-images-bucket",
            "key": "images/LYOCELL_SHIRT_2.jpg",
            "region": "ap-south-1"
          },
          "private": "bnVsbA=="
        },
        {
          "index_key": "LYOCELL_SHIRT_WITH_A_STAND-UP_COLLAR_1.jpg",
          "schema_version": 0,
          "attributes": {
            "acl": null,
            "arn": "arn:aws:s3:::e-commerce-product-images-bucket/images/LYOCELL_SHIRT_WITH_A_STAND-UP_COLLAR_1.jpg",
            "bucket": "e-commerce-product-images-bucket",
            "bucket_key_enabled": false,
            "cache_control": "",
            "checksum_algorithm": null,
            "checksum_crc32": "",
            "checksum_crc32c": "",
            "checksum_crc64nvme": "",
            "checksum_sha1": "",
            "checksum_sha256": "",
            "content": null,
            "content_base64": null,
            "content_disposition": "",
            "content_encoding": "",
            "content_language": "",
            "content_type": "image/jpeg",
            "etag": "7214f06ba4b7a8a14d3350038e903725",
            "force_destroy": false,
            "id": "e-commerce-product-images-bucket/images/LYOCELL_SHIRT_WITH_A_STAND-UP_COLLAR_1.jpg",
            "key": "images/LYOCELL_SHIRT_WITH_A_STAND-UP_COLLAR_1.jpg",
            "kms_key_id": null,
            "metadata": null,
            "object_lock_legal_hold_status": "",
            "object_lock_mode": "",
            "object_lock_retain_until_date": "",
            "override_provider": [],
            "region": "ap-south-1",
            "server_side_encryption": "AES256",
            "source": "downloaded_images/LYOCELL_SHIRT_WITH_A_STAND-UP_COLLAR_1.jpg",
            "source_hash": null,
            "storage_class": "STANDARD",
            "tags": null,
            "tags_all": {},
            "version_id": "igGnUWZyW3_Ug69EXc.Ume6sTBdBX4Vp",
            "website_redirect": ""
          },
          "sensitive_attributes": [],
          "identity_schema_version": 0,
          "identity": {
            "account_id": "471112555655",
            "bucket": "e-commerce-product-images-bucket",
            "key": "images/LYOCELL_SHIRT_WITH_A_STAND-UP_COLLAR_1.jpg",
            "region": "ap-south-1"
          },
          "private": "bnVsbA=="
        },
        {
          "index_key": "LYOCELL_SHIRT_WITH_A_STAND-UP_COLLAR_2.jpg",
          "schema_version": 0,
          "attributes": {
            "acl": null,
            "arn": "arn:aws:s3:::e-commerce-product-images-bucket/images/LYOCELL_SHIRT_WITH_A_STAND-UP_COLLAR_2.jpg",
            "bucket": "e-commerce-product-images-bucket",
            "bucket_key_enabled": false,
            "cache_control": "",
            "checksum_algorithm": null,
            "checksum_crc32": "",
            "checksum_crc32c": "",
            "checksum_crc64nvme": "",
            "checksum_sha1": "",
            "checksum_sha256": "",
            "content": null,
            "content_base64": null,
            "content_disposition": "",
            "content_encoding": "",
            "content_language": "",
            "content_type": "image/jpeg",
            "etag": "45ed6218574dc501ffac3303e0134ea8",
            "force_destroy": false,
            "id": "e-commerce-product-images-bucket/images/LYOCELL_SHIRT_WITH_A_STAND-UP_COLLAR_2.jpg",
            "key": "images/LYOCELL_SHIRT_WITH_A_STAND-UP_COLLAR_2.jpg",
            "kms_key_id": null,
            "metadata": null,
            "object_lock_legal_hold_status": "",
            "object_lock_mode": "",
            "object_lock_retain_until_date": "",
            "override_provider": [],
            "region": "ap-south-1",
            "server_side_encryption": "AES256",
            "source": "downloaded_images/LYOCELL_SHIRT_WITH_A_STAND-UP_COLLAR_2.jpg",
            "source_hash": null,
            "storage_class": "STANDARD",
            "tags": null,
            "tags_all": {},
            "version_id": "qY_tYOYVI1WsaDs8pEURIp4aZy6hgT0O",
            "website_redirect": ""
          },
          "sensitive_attributes": [],
          "identity_schema_version": 0,
          "identity": {
            "account_id": "471112555655",
            "bucket": "e-commerce-product-images-bucket",
            "key": "images/LYOCELL_SHIRT_WITH_A_STAND-UP_COLLAR_2.jpg",
            "region": "ap-south-1"
          },
          "private": "bnVsbA=="
        },
        {
          "index_key": "LYOCELL_SHIRT_WITH_POCKETS_1.jpg",
          "schema_version": 0,
          "attributes": {
            "acl": null,
            "arn": "arn:aws:s3:::e-commerce-product-images-bucket/images/LYOCELL_SHIRT_WITH_POCKETS_1.jpg",
            "bucket": "e-commerce-product-images-bucket",
            "bucket_key_enabled": false,
            "cache_control": "",
            "checksum_algorithm": null,
            "checksum_crc32": "",
            "checksum_crc32c": "",
            "checksum_crc64nvme": "",
            "checksum_sha1": "",
            "checksum_sha256": "",
            "content": null,
            "content_base64": null,
            "content_disposition": "",
            "content_encoding": "",
            "content_language": "",
            "content_type": "image/jpeg",
            "etag": "3894f6bbd74aa8e68f8c07a39b620032",
            "force_destroy": false,
            "id": "e-commerce-product-images-bucket/images/LYOCELL_SHIRT_WITH_POCKETS_1.jpg",
            "key": "images/LYOCELL_SHIRT_WITH_POCKETS_1.jpg",
            "kms_key_id": null,
            "metadata": null,
            "object_lock_legal_hold_status": "",
            "object_lock_mode": "",
            "object_lock_retain_until_date": "",
            "override_provider": [],
            "region": "ap-south-1",
            "server_side_encryption": "AES256",
            "source": "downloaded_images/LYOCELL_SHIRT_WITH_POCKETS_1.jpg",
            "source_hash": null,
            "storage_class": "STANDARD",
            "tags": null,
            "tags_all": {},
            "version_id": "KZhH8jF75MEUU2ZJ_UpUBTajTt_sTP8V",
            "website_redirect": ""
          },
          "sensitive_attributes": [],
          "identity_schema_version": 0,
          "identity": {
            "account_id": "471112555655",
            "bucket": "e-commerce-product-images-bucket",
            "key": "images/LYOCELL_SHIRT_WITH_POCKETS_1.jpg",
            "region": "ap-south-1"
          },
          "private": "bnVsbA=="
        },
        {
          "index_key": "LYOCELL_SHIRT_WITH_POCKETS_2.jpg",
          "schema_version": 0,
          "attributes": {
            "acl": null,
            "arn": "arn:aws:s3:::e-commerce-product-images-bucket/images/LYOCELL_SHIRT_WITH_POCKETS_2.jpg",
            "bucket": "e-commerce-product-images-bucket",
            "bucket_key_enabled": false,
            "cache_control": "",
            "checksum_algorithm": null,
            "checksum_crc32": "",
            "checksum_crc32c": "",
            "checksum_crc64nvme": "",
            "checksum_sha1": "",
            "checksum_sha256": "",
            "content": null,
            "content_base64": null,
            "content_disposition": "",
            "content_encoding": "",
            "content_language": "",
            "content_type": "image/jpeg",
            "etag": "60735d2660da9b4fad45b9e66ec06f6f",
            "force_destroy": false,
            "id": "e-commerce-product-images-bucket/images/LYOCELL_SHIRT_WITH_POCKETS_2.jpg",
            "key": "images/LYOCELL_SHIRT_WITH_POCKETS_2.jpg",
            "kms_key_id": null,
            "metadata": null,
            "object_lock_legal_hold_status": "",
            "object_lock_mode": "",
            "object_lock_retain_until_date": "",
            "override_provider": [],
            "region": "ap-south-1",
            "server_side_encryption": "AES256",
            "source": "downloaded_images/LYOCELL_SHIRT_WITH_POCKETS_2.jpg",
            "source_hash": null,
            "storage_class": "STANDARD",
            "tags": null,
            "tags_all": {},
            "version_id": "falSCGFfhqXjo5kjxEpsAAGrHnde_sHl",
            "website_redirect": ""
          },
          "sensitive_attributes": [],
          "identity_schema_version": 0,
          "identity": {
            "account_id": "471112555655",
            "bucket": "e-commerce-product-images-bucket",
            "key": "images/LYOCELL_SHIRT_WITH_POCKETS_2.jpg",
            "region": "ap-south-1"
          },
          "private": "bnVsbA=="
        },
        {
          "index_key": "MESH_TEXTURED_SHIRT_1.jpg",
          "schema_version": 0,
          "attributes": {
            "acl": null,
            "arn": "arn:aws:s3:::e-commerce-product-images-bucket/images/MESH_TEXTURED_SHIRT_1.jpg",
            "bucket": "e-commerce-product-images-bucket",
            "bucket_key_enabled": false,
            "cache_control": "",
            "checksum_algorithm": null,
            "checksum_crc32": "",
            "checksum_crc32c": "",
            "checksum_crc64nvme": "",
            "checksum_sha1": "",
            "checksum_sha256": "",
            "content": null,
            "content_base64": null,
            "content_disposition": "",
            "content_encoding": "",
            "content_language": "",
            "content_type": "image/jpeg",
            "etag": "0c05b5dc3288295b3bf41626c8c190a9",
            "force_destroy": false,
            "id": "e-commerce-product-images-bucket/images/MESH_TEXTURED_SHIRT_1.jpg",
            "key": "images/MESH_TEXTURED_SHIRT_1.jpg",
            "kms_key_id": null,
            "metadata": null,
            "object_lock_legal_hold_status": "",
            "object_lock_mode": "",
            "object_lock_retain_until_date": "",
            "override_provider": [],
            "region": "ap-south-1",
            "server_side_encryption": "AES256",
            "source": "downloaded_images/MESH_TEXTURED_SHIRT_1.jpg",
            "source_hash": null,
            "storage_class": "STANDARD",
            "tags": null,
            "tags_all": {},
            "version_id": "zWu68.RFf6Q1ISvJQ1bdB7PIXn2HRHzm",
            "website_redirect": ""
          },
          "sensitive_attributes": [],
          "identity_schema_version": 0,
          "identity": {
            "account_id": "471112555655",
            "bucket": "e-commerce-product-images-bucket",
            "key": "images/MESH_TEXTURED_SHIRT_1.jpg",
            "region": "ap-south-1"
          },
          "private": "bnVsbA=="
        },
        {
          "index_key": "MESH_TEXTURED_SHIRT_2.jpg",
          "schema_version": 0,
          "attributes": {
            "acl": null,
            "arn": "arn:aws:s3:::e-commerce-product-images-bucket/images/MESH_TEXTURED_SHIRT_2.jpg",
            "bucket": "e-commerce-product-images-bucket",
            "bucket_key_enabled": false,
            "cache_control": "",
            "checksum_algorithm": null,
            "checksum_crc32": "",
            "checksum_crc32c": "",
            "checksum_crc64nvme": "",
            "checksum_sha1": "",
            "checksum_sha256": "",
            "content": null,
            "content_base64": null,
            "content_disposition": "",
            "content_encoding": "",
            "content_language": "",
            "content_type": "image/jpeg",
            "etag": "7bed09088e12bb65ec15bc500267848d",
            "force_destroy": false,
            "id": "e-commerce-product-images-bucket/images/MESH_TEXTURED_SHIRT_2.jpg",
            "key": "images/MESH_TEXTURED_SHIRT_2.jpg",
            "kms_key_id": null,
            "metadata": null,
            "object_lock_legal_hold_status": "",
            "object_lock_mode": "",
            "object_lock_retain_until_date": "",
            "override_provider": [],
            "region": "ap-south-1",
            "server_side_encryption": "AES256",
            "source": "downloaded_images/MESH_TEXTURED_SHIRT_2.jpg",
            "source_hash": null,
            "storage_class": "STANDARD",
            "tags": null,
            "tags_all": {},
            "version_id": "wAEjzPSfOilgaWdGhYGYBDdUgnk2cvMQ",
            "website_redirect": ""
          },
          "sensitive_attributes": [],
          "identity_schema_version": 0,
          "identity": {
            "account_id": "471112555655",
            "bucket": "e-commerce-product-images-bucket",
            "key": "images/MESH_TEXTURED_SHIRT_2.jpg",
            "region": "ap-south-1"
          },
          "private": "bnVsbA=="
        },
        {
          "index_key": "OVERSHIRT_WITH_CONTRAST_TOPSTITCHING_1.jpg",
          "schema_version": 0,
          "attributes": {
            "acl": null,
            "arn": "arn:aws:s3:::e-commerce-product-images-bucket/images/OVERSHIRT_WITH_CONTRAST_TOPSTITCHING_1.jpg",
            "bucket": "e-commerce-product-images-bucket",
            "bucket_key_enabled": false,
            "cache_control": "",
            "checksum_algorithm": null,
            "checksum_crc32": "",
            "checksum_crc32c": "",
            "checksum_crc64nvme": "",
            "checksum_sha1": "",
            "checksum_sha256": "",
            "content": null,
            "content_base64": null,
            "content_disposition": "",
            "content_encoding": "",
            "content_language": "",
            "content_type": "image/jpeg",
            "etag": "0244a5fd5b00e2013807235ab20c53ef",
            "force_destroy": false,
            "id": "e-commerce-product-images-bucket/images/OVERSHIRT_WITH_CONTRAST_TOPSTITCHING_1.jpg",
            "key": "images/OVERSHIRT_WITH_CONTRAST_TOPSTITCHING_1.jpg",
            "kms_key_id": null,
            "metadata": null,
            "object_lock_legal_hold_status": "",
            "object_lock_mode": "",
            "object_lock_retain_until_date": "",
            "override_provider": [],
            "region": "ap-south-1",
            "server_side_encryption": "AES256",
            "source": "downloaded_images/OVERSHIRT_WITH_CONTRAST_TOPSTITCHING_1.jpg",
            "source_hash": null,
            "storage_class": "STANDARD",
            "tags": null,
            "tags_all": {},
            "version_id": "r9RuPZkXdv73Gek5a9.nKgU6npa3dZgR",
            "website_redirect": ""
          },
          "sensitive_attributes": [],
          "identity_schema_version": 0,
          "identity": {
            "account_id": "471112555655",
            "bucket": "e-commerce-product-images-bucket",
            "key": "images/OVERSHIRT_WITH_CONTRAST_TOPSTITCHING_1.jpg",
            "region": "ap-south-1"
          },
          "private": "bnVsbA=="
        },
        {
          "index_key": "OVERSHIRT_WITH_CONTRAST_TOPSTITCHING_2.jpg",
          "schema_version": 0,
          "attributes": {
            "acl": null,
            "arn": "arn:aws:s3:::e-commerce-product-images-bucket/images/OVERSHIRT_WITH_CONTRAST_TOPSTITCHING_2.jpg",
            "bucket": "e-commerce-product-images-bucket",
            "bucket_key_enabled": false,
            "cache_control": "",
            "checksum_algorithm": null,
            "checksum_crc32": "",
            "checksum_crc32c": "",
            "checksum_crc64nvme": "",
            "checksum_sha1": "",
            "checksum_sha256": "",
            "content": null,
            "content_base64": null,
            "content_disposition": "",
            "content_encoding": "",
            "content_language": "",
            "content_type": "image/jpeg",
            "etag": "d0405886d7d3f63fe44219c703ceb654",
            "force_destroy": false,
            "id": "e-commerce-product-images-bucket/images/OVERSHIRT_WITH_CONTRAST_TOPSTITCHING_2.jpg",
            "key": "images/OVERSHIRT_WITH_CONTRAST_TOPSTITCHING_2.jpg",
            "kms_key_id": null,
            "metadata": null,
            "object_lock_legal_hold_status": "",
            "object_lock_mode": "",
            "object_lock_retain_until_date": "",
            "override_provider": [],
            "region": "ap-south-1",
            "server_side_encryption": "AES256",
            "source": "downloaded_images/OVERSHIRT_WITH_CONTRAST_TOPSTITCHING_2.jpg",
            "source_hash": null,
            "storage_class": "STANDARD",
            "tags": null,
            "tags_all": {},
            "version_id": "Wag_mkafBGKjQu0HBXK8YjcfToVeCqSf",
            "website_redirect": ""
          },
          "sensitive_attributes": [],
          "identity_schema_version": 0,
          "identity": {
            "account_id": "471112555655",
            "bucket": "e-commerce-product-images-bucket",
            "key": "images/OVERSHIRT_WITH_CONTRAST_TOPSTITCHING_2.jpg",
            "region": "ap-south-1"
          },
          "private": "bnVsbA=="
        },
        {
          "index_key": "OXFORD_SHIRT_1.jpg",
          "schema_version": 0,
          "attributes": {
            "acl": null,
            "arn": "arn:aws:s3:::e-commerce-product-images-bucket/images/OXFORD_SHIRT_1.jpg",
            "bucket": "e-commerce-product-images-bucket",
            "bucket_key_enabled": false,
            "cache_control": "",
            "checksum_algorithm": null,
            "checksum_crc32": "",
            "checksum_crc32c": "",
            "checksum_crc64nvme": "",
            "checksum_sha1": "",
            "checksum_sha256": "",
            "content": null,
            "content_base64": null,
            "content_disposition": "",
            "content_encoding": "",
            "content_language": "",
            "content_type": "image/jpeg",
            "etag": "b7b9b422b68909970e1be5a488bbb68e",
            "force_destroy": false,
            "id": "e-commerce-product-images-bucket/images/OXFORD_SHIRT_1.jpg",
            "key": "images/OXFORD_SHIRT_1.jpg",
            "kms_key_id": null,
            "metadata": null,
            "object_lock_legal_hold_status": "",
            "object_lock_mode": "",
            "object_lock_retain_until_date": "",
            "override_provider": [],
            "region": "ap-south-1",
            "server_side_encryption": "AES256",
            "source": "downloaded_images/OXFORD_SHIRT_1.jpg",
            "source_hash": null,
            "storage_class": "STANDARD",
            "tags": null,
            "tags_all": {},
            "version_id": "Z7i4KL2Wwt5Gi1EyviOWCLt3rDuV1GZ5",
            "website_redirect": ""
          },
          "sensitive_attributes": [],
          "identity_schema_version": 0,
          "identity": {
            "account_id": "471112555655",
            "bucket": "e-commerce-product-images-bucket",
            "key": "images/OXFORD_SHIRT_1.jpg",
            "region": "ap-south-1"
          },
          "private": "bnVsbA=="
        },
        {
          "index_key": "OXFORD_SHIRT_2.jpg",
          "schema_version": 0,
          "attributes": {
            "acl": null,
            "arn": "arn:aws:s3:::e-commerce-product-images-bucket/images/OXFORD_SHIRT_2.jpg",
            "bucket": "e-commerce-product-images-bucket",
            "bucket_key_enabled": false,
            "cache_control": "",
            "checksum_algorithm": null,
            "checksum_crc32": "",
            "checksum_crc32c": "",
            "checksum_crc64nvme": "",
            "checksum_sha1": "",
            "checksum_sha256": "",
            "content": null,
            "content_base64": null,
            "content_disposition": "",
            "content_encoding": "",
            "content_language": "",
            "content_type": "image/jpeg",
            "etag": "2a6f9e88248243bb71cbe927c562d6a0",
            "force_destroy": false,
            "id": "e-commerce-product-images-bucket/images/OXFORD_SHIRT_2.jpg",
            "key": "images/OXFORD_SHIRT_2.jpg",
            "kms_key_id": null,
            "metadata": null,
            "object_lock_legal_hold_status": "",
            "object_lock_mode": "",
            "object_lock_retain_until_date": "",
            "override_provider": [],
            "region": "ap-south-1",
            "server_side_encryption": "AES256",
            "source": "downloaded_images/OXFORD_SHIRT_2.jpg",
            "source_hash": null,
            "storage_class": "STANDARD",
            "tags": null,
            "tags_all": {},
            "version_id": "lPlQC_p2ZpT5Xg38IIKfWB1CJ6_XsVLy",
            "website_redirect": ""
          },
          "sensitive_attributes": [],
          "identity_schema_version": 0,
          "identity": {
            "account_id": "471112555655",
            "bucket": "e-commerce-product-images-bucket",
            "key": "images/OXFORD_SHIRT_2.jpg",
            "region": "ap-south-1"
          },
          "private": "bnVsbA=="
        },
        {
          "index_key": "PALM_TREE_PRINT_SHIRT_1.jpg",
          "schema_version": 0,
          "attributes": {
            "acl": null,
            "arn": "arn:aws:s3:::e-commerce-product-images-bucket/images/PALM_TREE_PRINT_SHIRT_1.jpg",
            "bucket": "e-commerce-product-images-bucket",
            "bucket_key_enabled": false,
            "cache_control": "",
            "checksum_algorithm": null,
            "checksum_crc32": "",
            "checksum_crc32c": "",
            "checksum_crc64nvme": "",
            "checksum_sha1": "",
            "checksum_sha256": "",
            "content": null,
            "content_base64": null,
            "content_disposition": "",
            "content_encoding": "",
            "content_language": "",
            "content_type": "image/jpeg",
            "etag": "af0fab1c2e5ee99013a20c154168dea9",
            "force_destroy": false,
            "id": "e-commerce-product-images-bucket/images/PALM_TREE_PRINT_SHIRT_1.jpg",
            "key": "images/PALM_TREE_PRINT_SHIRT_1.jpg",
            "kms_key_id": null,
            "metadata": null,
            "object_lock_legal_hold_status": "",
            "object_lock_mode": "",
            "object_lock_retain_until_date": "",
            "override_provider": [],
            "region": "ap-south-1",
            "server_side_encryption": "AES256",
            "source": "downloaded_images/PALM_TREE_PRINT_SHIRT_1.jpg",
            "source_hash": null,
            "storage_class": "STANDARD",
            "tags": null,
            "tags_all": {},
            "version_id": "UdaG_i0.HqmV1GUsPm4_BI55v7JzvLju",
            "website_redirect": ""
          },
          "sensitive_attributes": [],
          "identity_schema_version": 0,
          "identity": {
            "account_id": "471112555655",
            "bucket": "e-commerce-product-images-bucket",
            "key": "images/PALM_TREE_PRINT_SHIRT_1.jpg",
            "region": "ap-south-1"
          },
          "private": "bnVsbA=="
        },
        {
          "index_key": "PALM_TREE_PRINT_SHIRT_2.jpg",
          "schema_version": 0,
          "attributes": {
            "acl": null,
            "arn": "arn:aws:s3:::e-commerce-product-images-bucket/images/PALM_TREE_PRINT_SHIRT_2.jpg",
            "bucket": "e-commerce-product-images-bucket",
            "bucket_key_enabled": false,
            "cache_control": "",
            "checksum_algorithm": null,
            "checksum_crc32": "",
            "checksum_crc32c": "",
            "checksum_crc64nvme": "",
            "checksum_sha1": "",
            "checksum_sha256": "",
            "content": null,
            "content_base64": null,
            "content_disposition": "",
            "content_encoding": "",
            "content_language": "",
            "content_type": "image/jpeg",
            "etag": "44f305213f414f862f1d7ed65be7178d",
            "force_destroy": false,
            "id": "e-commerce-product-images-bucket/images/PALM_TREE_PRINT_SHIRT_2.jpg",
            "key": "images/PALM_TREE_PRINT_SHIRT_2.jpg",
            "kms_key_id": null,
            "metadata": null,
            "object_lock_legal_hold_status": "",
            "object_lock_mode": "",
            "object_lock_retain_until_date": "",
            "override_provider": [],
            "region": "ap-south-1",
            "server_side_encryption": "AES256",
            "source": "downloaded_images/PALM_TREE_PRINT_SHIRT_2.jpg",
            "source_hash": null,
            "storage_class": "STANDARD",
            "tags": null,
            "tags_all": {},
            "version_id": "dUqgyodsWEzvUEYk3jYQLiBaRD5OhehS",
            "website_redirect": ""
          },
          "sensitive_attributes": [],
          "identity_schema_version": 0,
          "identity": {
            "account_id": "471112555655",
            "bucket": "e-commerce-product-images-bucket",
            "key": "images/PALM_TREE_PRINT_SHIRT_2.jpg",
            "region": "ap-south-1"
          },
          "private": "bnVsbA=="
        },
        {
          "index_key": "PIXELATED_PRINTED_SHIRT_1.jpg",
          "schema_version": 0,
          "attributes": {
            "acl": null,
            "arn": "arn:aws:s3:::e-commerce-product-images-bucket/images/PIXELATED_PRINTED_SHIRT_1.jpg",
            "bucket": "e-commerce-product-images-bucket",
            "bucket_key_enabled": false,
            "cache_control": "",
            "checksum_algorithm": null,
            "checksum_crc32": "",
            "checksum_crc32c": "",
            "checksum_crc64nvme": "",
            "checksum_sha1": "",
            "checksum_sha256": "",
            "content": null,
            "content_base64": null,
            "content_disposition": "",
            "content_encoding": "",
            "content_language": "",
            "content_type": "image/jpeg",
            "etag": "208bf60f609eab3d71a91309b8d97495",
            "force_destroy": false,
            "id": "e-commerce-product-images-bucket/images/PIXELATED_PRINTED_SHIRT_1.jpg",
            "key": "images/PIXELATED_PRINTED_SHIRT_1.jpg",
            "kms_key_id": null,
            "metadata": null,
            "object_lock_legal_hold_status": "",
            "object_lock_mode": "",
            "object_lock_retain_until_date": "",
            "override_provider": [],
            "region": "ap-south-1",
            "server_side_encryption": "AES256",
            "source": "downloaded_images/PIXELATED_PRINTED_SHIRT_1.jpg",
            "source_hash": null,
            "storage_class": "STANDARD",
            "tags": null,
            "tags_all": {},
            "version_id": "VCypBFTQZDh8T80HpGIlTBu1KP0ANyWj",
            "website_redirect": ""
          },
          "sensitive_attributes": [],
          "identity_schema_version": 0,
          "identity": {
            "account_id": "471112555655",
            "bucket": "e-commerce-product-images-bucket",
            "key": "images/PIXELATED_PRINTED_SHIRT_1.jpg",
            "region": "ap-south-1"
          },
          "private": "bnVsbA=="
        },
        {
          "index_key": "PIXELATED_PRINTED_SHIRT_2.jpg",
          "schema_version": 0,
          "attributes": {
            "acl": null,
            "arn": "arn:aws:s3:::e-commerce-product-images-bucket/images/PIXELATED_PRINTED_SHIRT_2.jpg",
            "bucket": "e-commerce-product-images-bucket",
            "bucket_key_enabled": false,
            "cache_control": "",
            "checksum_algorithm": null,
            "checksum_crc32": "",
            "checksum_crc32c": "",
            "checksum_crc64nvme": "",
            "checksum_sha1": "",
            "checksum_sha256": "",
            "content": null,
            "content_base64": null,
            "content_disposition": "",
            "content_encoding": "",
            "content_language": "",
            "content_type": "image/jpeg",
            "etag": "9756c2d61cba51cb71457fe7e5628db7",
            "force_destroy": false,
            "id": "e-commerce-product-images-bucket/images/PIXELATED_PRINTED_SHIRT_2.jpg",
            "key": "images/PIXELATED_PRINTED_SHIRT_2.jpg",
            "kms_key_id": null,
            "metadata": null,
            "object_lock_legal_hold_status": "",
            "object_lock_mode": "",
            "object_lock_retain_until_date": "",
            "override_provider": [],
            "region": "ap-south-1",
            "server_side_encryption": "AES256",
            "source": "downloaded_images/PIXELATED_PRINTED_SHIRT_2.jpg",
            "source_hash": null,
            "storage_class": "STANDARD",
            "tags": null,
            "tags_all": {},
            "version_id": "Ucun9osGSSfGal7wyZ6XEDxbEDVUVZpm",
            "website_redirect": ""
          },
          "sensitive_attributes": [],
          "identity_schema_version": 0,
          "identity": {
            "account_id": "471112555655",
            "bucket": "e-commerce-product-images-bucket",
            "key": "images/PIXELATED_PRINTED_SHIRT_2.jpg",
            "region": "ap-south-1"
          },
          "private": "bnVsbA=="
        },
        {
          "index_key": "RELAXED_FIT_DENIM_SHIRT_1.jpg",
          "schema_version": 0,
          "attributes": {
            "acl": null,
            "arn": "arn:aws:s3:::e-commerce-product-images-bucket/images/RELAXED_FIT_DENIM_SHIRT_1.jpg",
            "bucket": "e-commerce-product-images-bucket",
            "bucket_key_enabled": false,
            "cache_control": "",
            "checksum_algorithm": null,
            "checksum_crc32": "",
            "checksum_crc32c": "",
            "checksum_crc64nvme": "",
            "checksum_sha1": "",
            "checksum_sha256": "",
            "content": null,
            "content_base64": null,
            "content_disposition": "",
            "content_encoding": "",
            "content_language": "",
            "content_type": "image/jpeg",
            "etag": "cafa917b64f35034d1b9c57c9f6fb4ab",
            "force_destroy": false,
            "id": "e-commerce-product-images-bucket/images/RELAXED_FIT_DENIM_SHIRT_1.jpg",
            "key": "images/RELAXED_FIT_DENIM_SHIRT_1.jpg",
            "kms_key_id": null,
            "metadata": null,
            "object_lock_legal_hold_status": "",
            "object_lock_mode": "",
            "object_lock_retain_until_date": "",
            "override_provider": [],
            "region": "ap-south-1",
            "server_side_encryption": "AES256",
            "source": "downloaded_images/RELAXED_FIT_DENIM_SHIRT_1.jpg",
            "source_hash": null,
            "storage_class": "STANDARD",
            "tags": null,
            "tags_all": {},
            "version_id": "Io9P2VCdFm_Wllf1BI385BdA7xHiljRm",
            "website_redirect": ""
          },
          "sensitive_attributes": [],
          "identity_schema_version": 0,
          "identity": {
            "account_id": "471112555655",
            "bucket": "e-commerce-product-images-bucket",
            "key": "images/RELAXED_FIT_DENIM_SHIRT_1.jpg",
            "region": "ap-south-1"
          },
          "private": "bnVsbA=="
        },
        {
          "index_key": "RELAXED_FIT_DENIM_SHIRT_2.jpg",
          "schema_version": 0,
          "attributes": {
            "acl": null,
            "arn": "arn:aws:s3:::e-commerce-product-images-bucket/images/RELAXED_FIT_DENIM_SHIRT_2.jpg",
            "bucket": "e-commerce-product-images-bucket",
            "bucket_key_enabled": false,
            "cache_control": "",
            "checksum_algorithm": null,
            "checksum_crc32": "",
            "checksum_crc32c": "",
            "checksum_crc64nvme": "",
            "checksum_sha1": "",
            "checksum_sha256": "",
            "content": null,
            "content_base64": null,
            "content_disposition": "",
            "content_encoding": "",
            "content_language": "",
            "content_type": "image/jpeg",
            "etag": "91c518164b00daf21a0b5eaf6833914f",
            "force_destroy": false,
            "id": "e-commerce-product-images-bucket/images/RELAXED_FIT_DENIM_SHIRT_2.jpg",
            "key": "images/RELAXED_FIT_DENIM_SHIRT_2.jpg",
            "kms_key_id": null,
            "metadata": null,
            "object_lock_legal_hold_status": "",
            "object_lock_mode": "",
            "object_lock_retain_until_date": "",
            "override_provider": [],
            "region": "ap-south-1",
            "server_side_encryption": "AES256",
            "source": "downloaded_images/RELAXED_FIT_DENIM_SHIRT_2.jpg",
            "source_hash": null,
            "storage_class": "STANDARD",
            "tags": null,
            "tags_all": {},
            "version_id": "h.7taX2KRPYS4XPKPA7VV8GRgwkKFPUX",
            "website_redirect": ""
          },
          "sensitive_attributes": [],
          "identity_schema_version": 0,
          "identity": {
            "account_id": "471112555655",
            "bucket": "e-commerce-product-images-bucket",
            "key": "images/RELAXED_FIT_DENIM_SHIRT_2.jpg",
            "region": "ap-south-1"
          },
          "private": "bnVsbA=="
        },
        {
          "index_key": "SEERSUCKER_SHIRT_1.jpg",
          "schema_version": 0,
          "attributes": {
            "acl": null,
            "arn": "arn:aws:s3:::e-commerce-product-images-bucket/images/SEERSUCKER_SHIRT_1.jpg",
            "bucket": "e-commerce-product-images-bucket",
            "bucket_key_enabled": false,
            "cache_control": "",
            "checksum_algorithm": null,
            "checksum_crc32": "",
            "checksum_crc32c": "",
            "checksum_crc64nvme": "",
            "checksum_sha1": "",
            "checksum_sha256": "",
            "content": null,
            "content_base64": null,
            "content_disposition": "",
            "content_encoding": "",
            "content_language": "",
            "content_type": "image/jpeg",
            "etag": "5284a1afdac5adc0c99378632db44af1",
            "force_destroy": false,
            "id": "e-commerce-product-images-bucket/images/SEERSUCKER_SHIRT_1.jpg",
            "key": "images/SEERSUCKER_SHIRT_1.jpg",
            "kms_key_id": null,
            "metadata": null,
            "object_lock_legal_hold_status": "",
            "object_lock_mode": "",
            "object_lock_retain_until_date": "",
            "override_provider": [],
            "region": "ap-south-1",
            "server_side_encryption": "AES256",
            "source": "downloaded_images/SEERSUCKER_SHIRT_1.jpg",
            "source_hash": null,
            "storage_class": "STANDARD",
            "tags": null,
            "tags_all": {},
            "version_id": "XKN0axK.IlnPlxG8Gw3gbHCH5SYjjoB1",
            "website_redirect": ""
          },
          "sensitive_attributes": [],
          "identity_schema_version": 0,
          "identity": {
            "account_id": "471112555655",
            "bucket": "e-commerce-product-images-bucket",
            "key": "images/SEERSUCKER_SHIRT_1.jpg",
            "region": "ap-south-1"
          },
          "private": "bnVsbA=="
        },
        {
          "index_key": "SEERSUCKER_SHIRT_2.jpg",
          "schema_version": 0,
          "attributes": {
            "acl": null,
            "arn": "arn:aws:s3:::e-commerce-product-images-bucket/images/SEERSUCKER_SHIRT_2.jpg",
            "bucket": "e-commerce-product-images-bucket",
            "bucket_key_enabled": false,
            "cache_control": "",
            "checksum_algorithm": null,
            "checksum_crc32": "",
            "checksum_crc32c": "",
            "checksum_crc64nvme": "",
            "checksum_sha1": "",
            "checksum_sha256": "",
            "content": null,
            "content_base64": null,
            "content_disposition": "",
            "content_encoding": "",
            "content_language": "",
            "content_type": "image/jpeg",
            "etag": "30c6f53f0e75ae95b3e6319b9816695e",
            "force_destroy": false,
            "id": "e-commerce-product-images-bucket/images/SEERSUCKER_SHIRT_2.jpg",
            "key": "images/SEERSUCKER_SHIRT_2.jpg",
            "kms_key_id": null,
            "metadata": null,
            "object_lock_legal_hold_status": "",
            "object_lock_mode": "",
            "object_lock_retain_until_date": "",
            "override_provider": [],
            "region": "ap-south-1",
            "server_side_encryption": "AES256",
            "source": "downloaded_images/SEERSUCKER_SHIRT_2.jpg",
            "source_hash": null,
            "storage_class": "STANDARD",
            "tags": null,
            "tags_all": {},
            "version_id": "974SUfceqUy9gwBcLpu64ySwmQmKvK.Y",
            "website_redirect": ""
          },
          "sensitive_attributes": [],
          "identity_schema_version": 0,
          "identity": {
            "account_id": "471112555655",
            "bucket": "e-commerce-product-images-bucket",
            "key": "images/SEERSUCKER_SHIRT_2.jpg",
            "region": "ap-south-1"
          },
          "private": "bnVsbA=="
        },
        {
          "index_key": "SEERSUCKER_SHIRT_WITH_CONTRAST_TOPSTITCHING_1.jpg",
          "schema_version": 0,
          "attributes": {
            "acl": null,
            "arn": "arn:aws:s3:::e-commerce-product-images-bucket/images/SEERSUCKER_SHIRT_WITH_CONTRAST_TOPSTITCHING_1.jpg",
            "bucket": "e-commerce-product-images-bucket",
            "bucket_key_enabled": false,
            "cache_control": "",
            "checksum_algorithm": null,
            "checksum_crc32": "",
            "checksum_crc32c": "",
            "checksum_crc64nvme": "",
            "checksum_sha1": "",
            "checksum_sha256": "",
            "content": null,
            "content_base64": null,
            "content_disposition": "",
            "content_encoding": "",
            "content_language": "",
            "content_type": "image/jpeg",
            "etag": "a450d0fc50d88601c5b89f306a42a1a8",
            "force_destroy": false,
            "id": "e-commerce-product-images-bucket/images/SEERSUCKER_SHIRT_WITH_CONTRAST_TOPSTITCHING_1.jpg",
            "key": "images/SEERSUCKER_SHIRT_WITH_CONTRAST_TOPSTITCHING_1.jpg",
            "kms_key_id": null,
            "metadata": null,
            "object_lock_legal_hold_status": "",
            "object_lock_mode": "",
            "object_lock_retain_until_date": "",
            "override_provider": [],
            "region": "ap-south-1",
            "server_side_encryption": "AES256",
            "source": "downloaded_images/SEERSUCKER_SHIRT_WITH_CONTRAST_TOPSTITCHING_1.jpg",
            "source_hash": null,
            "storage_class": "STANDARD",
            "tags": null,
            "tags_all": {},
            "version_id": "VwBzmzjrz5tk5vQt5uQLIgwC4TjwzsV6",
            "website_redirect": ""
          },
          "sensitive_attributes": [],
          "identity_schema_version": 0,
          "identity": {
            "account_id": "471112555655",
            "bucket": "e-commerce-product-images-bucket",
            "key": "images/SEERSUCKER_SHIRT_WITH_CONTRAST_TOPSTITCHING_1.jpg",
            "region": "ap-south-1"
          },
          "private": "bnVsbA=="
        },
        {
          "index_key": "SEERSUCKER_SHIRT_WITH_CONTRAST_TOPSTITCHING_2.jpg",
          "schema_version": 0,
          "attributes": {
            "acl": null,
            "arn": "arn:aws:s3:::e-commerce-product-images-bucket/images/SEERSUCKER_SHIRT_WITH_CONTRAST_TOPSTITCHING_2.jpg",
            "bucket": "e-commerce-product-images-bucket",
            "bucket_key_enabled": false,
            "cache_control": "",
            "checksum_algorithm": null,
            "checksum_crc32": "",
            "checksum_crc32c": "",
            "checksum_crc64nvme": "",
            "checksum_sha1": "",
            "checksum_sha256": "",
            "content": null,
            "content_base64": null,
            "content_disposition": "",
            "content_encoding": "",
            "content_language": "",
            "content_type": "image/jpeg",
            "etag": "c790569dcb14145b7227ae983f98b324",
            "force_destroy": false,
            "id": "e-commerce-product-images-bucket/images/SEERSUCKER_SHIRT_WITH_CONTRAST_TOPSTITCHING_2.jpg",
            "key": "images/SEERSUCKER_SHIRT_WITH_CONTRAST_TOPSTITCHING_2.jpg",
            "kms_key_id": null,
            "metadata": null,
            "object_lock_legal_hold_status": "",
            "object_lock_mode": "",
            "object_lock_retain_until_date": "",
            "override_provider": [],
            "region": "ap-south-1",
            "server_side_encryption": "AES256",
            "source": "downloaded_images/SEERSUCKER_SHIRT_WITH_CONTRAST_TOPSTITCHING_2.jpg",
            "source_hash": null,
            "storage_class": "STANDARD",
            "tags": null,
            "tags_all": {},
            "version_id": "MzRpTUbfQJem1GWc6M4eFQ.oU7gy0cVz",
            "website_redirect": ""
          },
          "sensitive_attributes": [],
          "identity_schema_version": 0,
          "identity": {
            "account_id": "471112555655",
            "bucket": "e-commerce-product-images-bucket",
            "key": "images/SEERSUCKER_SHIRT_WITH_CONTRAST_TOPSTITCHING_2.jpg",
            "region": "ap-south-1"
          },
          "private": "bnVsbA=="
        },
        {
          "index_key": "SEERSUCKER_SHIRT_WITH_POCKET_1.jpg",
          "schema_version": 0,
          "attributes": {
            "acl": null,
            "arn": "arn:aws:s3:::e-commerce-product-images-bucket/images/SEERSUCKER_SHIRT_WITH_POCKET_1.jpg",
            "bucket": "e-commerce-product-images-bucket",
            "bucket_key_enabled": false,
            "cache_control": "",
            "checksum_algorithm": null,
            "checksum_crc32": "",
            "checksum_crc32c": "",
            "checksum_crc64nvme": "",
            "checksum_sha1": "",
            "checksum_sha256": "",
            "content": null,
            "content_base64": null,
            "content_disposition": "",
            "content_encoding": "",
            "content_language": "",
            "content_type": "image/jpeg",
            "etag": "b61dd429140634a43be2cef0f093ef6b",
            "force_destroy": false,
            "id": "e-commerce-product-images-bucket/images/SEERSUCKER_SHIRT_WITH_POCKET_1.jpg",
            "key": "images/SEERSUCKER_SHIRT_WITH_POCKET_1.jpg",
            "kms_key_id": null,
            "metadata": null,
            "object_lock_legal_hold_status": "",
            "object_lock_mode": "",
            "object_lock_retain_until_date": "",
            "override_provider": [],
            "region": "ap-south-1",
            "server_side_encryption": "AES256",
            "source": "downloaded_images/SEERSUCKER_SHIRT_WITH_POCKET_1.jpg",
            "source_hash": null,
            "storage_class": "STANDARD",
            "tags": null,
            "tags_all": {},
            "version_id": "MpjxGOJspKPbPwGwaye5DnStfE1oTxvM",
            "website_redirect": ""
          },
          "sensitive_attributes": [],
          "identity_schema_version": 0,
          "identity": {
            "account_id": "471112555655",
            "bucket": "e-commerce-product-images-bucket",
            "key": "images/SEERSUCKER_SHIRT_WITH_POCKET_1.jpg",
            "region": "ap-south-1"
          },
          "private": "bnVsbA=="
        },
        {
          "index_key": "SEERSUCKER_SHIRT_WITH_POCKET_2.jpg",
          "schema_version": 0,
          "attributes": {
            "acl": null,
            "arn": "arn:aws:s3:::e-commerce-product-images-bucket/images/SEERSUCKER_SHIRT_WITH_POCKET_2.jpg",
            "bucket": "e-commerce-product-images-bucket",
            "bucket_key_enabled": false,
            "cache_control": "",
            "checksum_algorithm": null,
            "checksum_crc32": "",
            "checksum_crc32c": "",
            "checksum_crc64nvme": "",
            "checksum_sha1": "",
            "checksum_sha256": "",
            "content": null,
            "content_base64": null,
            "content_disposition": "",
            "content_encoding": "",
            "content_language": "",
            "content_type": "image/jpeg",
            "etag": "ea9557b75962572ab83b8852e59c3ec5",
            "force_destroy": false,
            "id": "e-commerce-product-images-bucket/images/SEERSUCKER_SHIRT_WITH_POCKET_2.jpg",
            "key": "images/SEERSUCKER_SHIRT_WITH_POCKET_2.jpg",
            "kms_key_id": null,
            "metadata": null,
            "object_lock_legal_hold_status": "",
            "object_lock_mode": "",
            "object_lock_retain_until_date": "",
            "override_provider": [],
            "region": "ap-south-1",
            "server_side_encryption": "AES256",
            "source": "downloaded_images/SEERSUCKER_SHIRT_WITH_POCKET_2.jpg",
            "source_hash": null,
            "storage_class": "STANDARD",
            "tags": null,
            "tags_all": {},
            "version_id": "an7CX0jSR7EMADvjIEZxYILdBnPb186_",
            "website_redirect": ""
          },
          "sensitive_attributes": [],
          "identity_schema_version": 0,
          "identity": {
            "account_id": "471112555655",
            "bucket": "e-commerce-product-images-bucket",
            "key": "images/SEERSUCKER_SHIRT_WITH_POCKET_2.jpg",
            "region": "ap-south-1"
          },
          "private": "bnVsbA=="
        },
        {
          "index_key": "SHIRT_1.jpg",
          "schema_version": 0,
          "attributes": {
            "acl": null,
            "arn": "arn:aws:s3:::e-commerce-product-images-bucket/images/SHIRT_1.jpg",
            "bucket": "e-commerce-product-images-bucket",
            "bucket_key_enabled": false,
            "cache_control": "",
            "checksum_algorithm": null,
            "checksum_crc32": "",
            "checksum_crc32c": "",
            "checksum_crc64nvme": "",
            "checksum_sha1": "",
            "checksum_sha256": "",
            "content": null,
            "content_base64": null,
            "content_disposition": "",
            "content_encoding": "",
            "content_language": "",
            "content_type": "image/jpeg",
            "etag": "ae016e583804a6efea23c5ae81c38f17",
            "force_destroy": false,
            "id": "e-commerce-product-images-bucket/images/SHIRT_1.jpg",
            "key": "images/SHIRT_1.jpg",
            "kms_key_id": null,
            "metadata": null,
            "object_lock_legal_hold_status": "",
            "object_lock_mode": "",
            "object_lock_retain_until_date": "",
            "override_provider": [],
            "region": "ap-south-1",
            "server_side_encryption": "AES256",
            "source": "downloaded_images/SHIRT_1.jpg",
            "source_hash": null,
            "storage_class": "STANDARD",
            "tags": null,
            "tags_all": {},
            "version_id": "UOUysfTg02Y95G5Mpest6ln69Lm1B5w7",
            "website_redirect": ""
          },
          "sensitive_attributes": [],
          "identity_schema_version": 0,
          "identity": {
            "account_id": "471112555655",
            "bucket": "e-commerce-product-images-bucket",
            "key": "images/SHIRT_1.jpg",
            "region": "ap-south-1"
          },
          "private": "bnVsbA=="
        },
        {
          "index_key": "SHIRT_2.jpg",
          "schema_version": 0,
          "attributes": {
            "acl": null,
            "arn": "arn:aws:s3:::e-commerce-product-images-bucket/images/SHIRT_2.jpg",
            "bucket": "e-commerce-product-images-bucket",
            "bucket_key_enabled": false,
            "cache_control": "",
            "checksum_algorithm": null,
            "checksum_crc32": "",
            "checksum_crc32c": "",
            "checksum_crc64nvme": "",
            "checksum_sha1": "",
            "checksum_sha256": "",
            "content": null,
            "content_base64": null,
            "content_disposition": "",
            "content_encoding": "",
            "content_language": "",
            "content_type": "image/jpeg",
            "etag": "4f0f9b6d12f4bfd35da54f521f86e6ca",
            "force_destroy": false,
            "id": "e-commerce-product-images-bucket/images/SHIRT_2.jpg",
            "key": "images/SHIRT_2.jpg",
            "kms_key_id": null,
            "metadata": null,
            "object_lock_legal_hold_status": "",
            "object_lock_mode": "",
            "object_lock_retain_until_date": "",
            "override_provider": [],
            "region": "ap-south-1",
            "server_side_encryption": "AES256",
            "source": "downloaded_images/SHIRT_2.jpg",
            "source_hash": null,
            "storage_class": "STANDARD",
            "tags": null,
            "tags_all": {},
            "version_id": "AyqcfdlaRytolRvDoReUFBzi1rJB6xu6",
            "website_redirect": ""
          },
          "sensitive_attributes": [],
          "identity_schema_version": 0,
          "identity": {
            "account_id": "471112555655",
            "bucket": "e-commerce-product-images-bucket",
            "key": "images/SHIRT_2.jpg",
            "region": "ap-south-1"
          },
          "private": "bnVsbA=="
        },
        {
          "index_key": "SHIRT_WITH_ADJUSTABLE_HEM_1.jpg",
          "schema_version": 0,
          "attributes": {
            "acl": null,
            "arn": "arn:aws:s3:::e-commerce-product-images-bucket/images/SHIRT_WITH_ADJUSTABLE_HEM_1.jpg",
            "bucket": "e-commerce-product-images-bucket",
            "bucket_key_enabled": false,
            "cache_control": "",
            "checksum_algorithm": null,
            "checksum_crc32": "",
            "checksum_crc32c": "",
            "checksum_crc64nvme": "",
            "checksum_sha1": "",
            "checksum_sha256": "",
            "content": null,
            "content_base64": null,
            "content_disposition": "",
            "content_encoding": "",
            "content_language": "",
            "content_type": "image/jpeg",
            "etag": "498795b14716e3a6adce917be9340d5d",
            "force_destroy": false,
            "id": "e-commerce-product-images-bucket/images/SHIRT_WITH_ADJUSTABLE_HEM_1.jpg",
            "key": "images/SHIRT_WITH_ADJUSTABLE_HEM_1.jpg",
            "kms_key_id": null,
            "metadata": null,
            "object_lock_legal_hold_status": "",
            "object_lock_mode": "",
            "object_lock_retain_until_date": "",
            "override_provider": [],
            "region": "ap-south-1",
            "server_side_encryption": "AES256",
            "source": "downloaded_images/SHIRT_WITH_ADJUSTABLE_HEM_1.jpg",
            "source_hash": null,
            "storage_class": "STANDARD",
            "tags": null,
            "tags_all": {},
            "version_id": "Fpc.7HLMLU4.CR9q3XeMFaUaUjV1gkb6",
            "website_redirect": ""
          },
          "sensitive_attributes": [],
          "identity_schema_version": 0,
          "identity": {
            "account_id": "471112555655",
            "bucket": "e-commerce-product-images-bucket",
            "key": "images/SHIRT_WITH_ADJUSTABLE_HEM_1.jpg",
            "region": "ap-south-1"
          },
          "private": "bnVsbA=="
        },
        {
          "index_key": "SHIRT_WITH_ADJUSTABLE_HEM_2.jpg",
          "schema_version": 0,
          "attributes": {
            "acl": null,
            "arn": "arn:aws:s3:::e-commerce-product-images-bucket/images/SHIRT_WITH_ADJUSTABLE_HEM_2.jpg",
            "bucket": "e-commerce-product-images-bucket",
            "bucket_key_enabled": false,
            "cache_control": "",
            "checksum_algorithm": null,
            "checksum_crc32": "",
            "checksum_crc32c": "",
            "checksum_crc64nvme": "",
            "checksum_sha1": "",
            "checksum_sha256": "",
            "content": null,
            "content_base64": null,
            "content_disposition": "",
            "content_encoding": "",
            "content_language": "",
            "content_type": "image/jpeg",
            "etag": "0e54cef1422201963c2fb2520b685889",
            "force_destroy": false,
            "id": "e-commerce-product-images-bucket/images/SHIRT_WITH_ADJUSTABLE_HEM_2.jpg",
            "key": "images/SHIRT_WITH_ADJUSTABLE_HEM_2.jpg",
            "kms_key_id": null,
            "metadata": null,
            "object_lock_legal_hold_status": "",
            "object_lock_mode": "",
            "object_lock_retain_until_date": "",
            "override_provider": [],
            "region": "ap-south-1",
            "server_side_encryption": "AES256",
            "source": "downloaded_images/SHIRT_WITH_ADJUSTABLE_HEM_2.jpg",
            "source_hash": null,
            "storage_class": "STANDARD",
            "tags": null,
            "tags_all": {},
            "version_id": "RV_iIdAr7s4g3yJuoPnaFF48OvIC_iJl",
            "website_redirect": ""
          },
          "sensitive_attributes": [],
          "identity_schema_version": 0,
          "identity": {
            "account_id": "471112555655",
            "bucket": "e-commerce-product-images-bucket",
            "key": "images/SHIRT_WITH_ADJUSTABLE_HEM_2.jpg",
            "region": "ap-south-1"
          },
          "private": "bnVsbA=="
        },
        {
          "index_key": "SHIRT_WITH_CONTRASTING_TOPSTITCHING_1.jpg",
          "schema_version": 0,
          "attributes": {
            "acl": null,
            "arn": "arn:aws:s3:::e-commerce-product-images-bucket/images/SHIRT_WITH_CONTRASTING_TOPSTITCHING_1.jpg",
            "bucket": "e-commerce-product-images-bucket",
            "bucket_key_enabled": false,
            "cache_control": "",
            "checksum_algorithm": null,
            "checksum_crc32": "",
            "checksum_crc32c": "",
            "checksum_crc64nvme": "",
            "checksum_sha1": "",
            "checksum_sha256": "",
            "content": null,
            "content_base64": null,
            "content_disposition": "",
            "content_encoding": "",
            "content_language": "",
            "content_type": "image/jpeg",
            "etag": "2ceb915ed338b6f3ebffc3b020c3f937",
            "force_destroy": false,
            "id": "e-commerce-product-images-bucket/images/SHIRT_WITH_CONTRASTING_TOPSTITCHING_1.jpg",
            "key": "images/SHIRT_WITH_CONTRASTING_TOPSTITCHING_1.jpg",
            "kms_key_id": null,
            "metadata": null,
            "object_lock_legal_hold_status": "",
            "object_lock_mode": "",
            "object_lock_retain_until_date": "",
            "override_provider": [],
            "region": "ap-south-1",
            "server_side_encryption": "AES256",
            "source": "downloaded_images/SHIRT_WITH_CONTRASTING_TOPSTITCHING_1.jpg",
            "source_hash": null,
            "storage_class": "STANDARD",
            "tags": null,
            "tags_all": {},
            "version_id": "p6IIj1agcMs2Ga9NQdvaVdtwFishBVDk",
            "website_redirect": ""
          },
          "sensitive_attributes": [],
          "identity_schema_version": 0,
          "identity": {
            "account_id": "471112555655",
            "bucket": "e-commerce-product-images-bucket",
            "key": "images/SHIRT_WITH_CONTRASTING_TOPSTITCHING_1.jpg",
            "region": "ap-south-1"
          },
          "private": "bnVsbA=="
        },
        {
          "index_key": "SHIRT_WITH_CONTRASTING_TOPSTITCHING_2.jpg",
          "schema_version": 0,
          "attributes": {
            "acl": null,
            "arn": "arn:aws:s3:::e-commerce-product-images-bucket/images/SHIRT_WITH_CONTRASTING_TOPSTITCHING_2.jpg",
            "bucket": "e-commerce-product-images-bucket",
            "bucket_key_enabled": false,
            "cache_control": "",
            "checksum_algorithm": null,
            "checksum_crc32": "",
            "checksum_crc32c": "",
            "checksum_crc64nvme": "",
            "checksum_sha1": "",
            "checksum_sha256": "",
            "content": null,
            "content_base64": null,
            "content_disposition": "",
            "content_encoding": "",
            "content_language": "",
            "content_type": "image/jpeg",
            "etag": "3c2b7ecbef57723eefbacee08ea60810",
            "force_destroy": false,
            "id": "e-commerce-product-images-bucket/images/SHIRT_WITH_CONTRASTING_TOPSTITCHING_2.jpg",
            "key": "images/SHIRT_WITH_CONTRASTING_TOPSTITCHING_2.jpg",
            "kms_key_id": null,
            "metadata": null,
            "object_lock_legal_hold_status": "",
            "object_lock_mode": "",
            "object_lock_retain_until_date": "",
            "override_provider": [],
            "region": "ap-south-1",
            "server_side_encryption": "AES256",
            "source": "downloaded_images/SHIRT_WITH_CONTRASTING_TOPSTITCHING_2.jpg",
            "source_hash": null,
            "storage_class": "STANDARD",
            "tags": null,
            "tags_all": {},
            "version_id": "ZBUssQYjbtQuAZ3ZiRbl2OPyDjVqCVH4",
            "website_redirect": ""
          },
          "sensitive_attributes": [],
          "identity_schema_version": 0,
          "identity": {
            "account_id": "471112555655",
            "bucket": "e-commerce-product-images-bucket",
            "key": "images/SHIRT_WITH_CONTRASTING_TOPSTITCHING_2.jpg",
            "region": "ap-south-1"
          },
          "private": "bnVsbA=="
        },
        {
          "index_key": "SHIRT_WITH_CONTRAST_COLLAR_1.jpg",
          "schema_version": 0,
          "attributes": {
            "acl": null,
            "arn": "arn:aws:s3:::e-commerce-product-images-bucket/images/SHIRT_WITH_CONTRAST_COLLAR_1.jpg",
            "bucket": "e-commerce-product-images-bucket",
            "bucket_key_enabled": false,
            "cache_control": "",
            "checksum_algorithm": null,
            "checksum_crc32": "",
            "checksum_crc32c": "",
            "checksum_crc64nvme": "",
            "checksum_sha1": "",
            "checksum_sha256": "",
            "content": null,
            "content_base64": null,
            "content_disposition": "",
            "content_encoding": "",
            "content_language": "",
            "content_type": "image/jpeg",
            "etag": "3fa92fb675303baee0ff5468dc04fe17",
            "force_destroy": false,
            "id": "e-commerce-product-images-bucket/images/SHIRT_WITH_CONTRAST_COLLAR_1.jpg",
            "key": "images/SHIRT_WITH_CONTRAST_COLLAR_1.jpg",
            "kms_key_id": null,
            "metadata": null,
            "object_lock_legal_hold_status": "",
            "object_lock_mode": "",
            "object_lock_retain_until_date": "",
            "override_provider": [],
            "region": "ap-south-1",
            "server_side_encryption": "AES256",
            "source": "downloaded_images/SHIRT_WITH_CONTRAST_COLLAR_1.jpg",
            "source_hash": null,
            "storage_class": "STANDARD",
            "tags": null,
            "tags_all": {},
            "version_id": "WfiNJ954MyFI4mcZ4Ugjk0967cfaQZeL",
            "website_redirect": ""
          },
          "sensitive_attributes": [],
          "identity_schema_version": 0,
          "identity": {
            "account_id": "471112555655",
            "bucket": "e-commerce-product-images-bucket",
            "key": "images/SHIRT_WITH_CONTRAST_COLLAR_1.jpg",
            "region": "ap-south-1"
          },
          "private": "bnVsbA=="
        },
        {
          "index_key": "SHIRT_WITH_CONTRAST_COLLAR_2.jpg",
          "schema_version": 0,
          "attributes": {
            "acl": null,
            "arn": "arn:aws:s3:::e-commerce-product-images-bucket/images/SHIRT_WITH_CONTRAST_COLLAR_2.jpg",
            "bucket": "e-commerce-product-images-bucket",
            "bucket_key_enabled": false,
            "cache_control": "",
            "checksum_algorithm": null,
            "checksum_crc32": "",
            "checksum_crc32c": "",
            "checksum_crc64nvme": "",
            "checksum_sha1": "",
            "checksum_sha256": "",
            "content": null,
            "content_base64": null,
            "content_disposition": "",
            "content_encoding": "",
            "content_language": "",
            "content_type": "image/jpeg",
            "etag": "266c98665a964a323099d59e3f0f2bd8",
            "force_destroy": false,
            "id": "e-commerce-product-images-bucket/images/SHIRT_WITH_CONTRAST_COLLAR_2.jpg",
            "key": "images/SHIRT_WITH_CONTRAST_COLLAR_2.jpg",
            "kms_key_id": null,
            "metadata": null,
            "object_lock_legal_hold_status": "",
            "object_lock_mode": "",
            "object_lock_retain_until_date": "",
            "override_provider": [],
            "region": "ap-south-1",
            "server_side_encryption": "AES256",
            "source": "downloaded_images/SHIRT_WITH_CONTRAST_COLLAR_2.jpg",
            "source_hash": null,
            "storage_class": "STANDARD",
            "tags": null,
            "tags_all": {},
            "version_id": "KXI5lTH0idFhRyFIryVs8apZj_JdM39Z",
            "website_redirect": ""
          },
          "sensitive_attributes": [],
          "identity_schema_version": 0,
          "identity": {
            "account_id": "471112555655",
            "bucket": "e-commerce-product-images-bucket",
            "key": "images/SHIRT_WITH_CONTRAST_COLLAR_2.jpg",
            "region": "ap-south-1"
          },
          "private": "bnVsbA=="
        },
        {
          "index_key": "SHIRT_WITH_CONTRAST_EMBROIDERY_1.jpg",
          "schema_version": 0,
          "attributes": {
            "acl": null,
            "arn": "arn:aws:s3:::e-commerce-product-images-bucket/images/SHIRT_WITH_CONTRAST_EMBROIDERY_1.jpg",
            "bucket": "e-commerce-product-images-bucket",
            "bucket_key_enabled": false,
            "cache_control": "",
            "checksum_algorithm": null,
            "checksum_crc32": "",
            "checksum_crc32c": "",
            "checksum_crc64nvme": "",
            "checksum_sha1": "",
            "checksum_sha256": "",
            "content": null,
            "content_base64": null,
            "content_disposition": "",
            "content_encoding": "",
            "content_language": "",
            "content_type": "image/jpeg",
            "etag": "4eef9107c060012e4ecd1db79d011f33",
            "force_destroy": false,
            "id": "e-commerce-product-images-bucket/images/SHIRT_WITH_CONTRAST_EMBROIDERY_1.jpg",
            "key": "images/SHIRT_WITH_CONTRAST_EMBROIDERY_1.jpg",
            "kms_key_id": null,
            "metadata": null,
            "object_lock_legal_hold_status": "",
            "object_lock_mode": "",
            "object_lock_retain_until_date": "",
            "override_provider": [],
            "region": "ap-south-1",
            "server_side_encryption": "AES256",
            "source": "downloaded_images/SHIRT_WITH_CONTRAST_EMBROIDERY_1.jpg",
            "source_hash": null,
            "storage_class": "STANDARD",
            "tags": null,
            "tags_all": {},
            "version_id": "OPFYmCp1k4aY9OwoXsEmdIODxAIEX4Nq",
            "website_redirect": ""
          },
          "sensitive_attributes": [],
          "identity_schema_version": 0,
          "identity": {
            "account_id": "471112555655",
            "bucket": "e-commerce-product-images-bucket",
            "key": "images/SHIRT_WITH_CONTRAST_EMBROIDERY_1.jpg",
            "region": "ap-south-1"
          },
          "private": "bnVsbA=="
        },
        {
          "index_key": "SHIRT_WITH_CONTRAST_EMBROIDERY_2.jpg",
          "schema_version": 0,
          "attributes": {
            "acl": null,
            "arn": "arn:aws:s3:::e-commerce-product-images-bucket/images/SHIRT_WITH_CONTRAST_EMBROIDERY_2.jpg",
            "bucket": "e-commerce-product-images-bucket",
            "bucket_key_enabled": false,
            "cache_control": "",
            "checksum_algorithm": null,
            "checksum_crc32": "",
            "checksum_crc32c": "",
            "checksum_crc64nvme": "",
            "checksum_sha1": "",
            "checksum_sha256": "",
            "content": null,
            "content_base64": null,
            "content_disposition": "",
            "content_encoding": "",
            "content_language": "",
            "content_type": "image/jpeg",
            "etag": "a4c94c035970c6878499b8117eb1bbd2",
            "force_destroy": false,
            "id": "e-commerce-product-images-bucket/images/SHIRT_WITH_CONTRAST_EMBROIDERY_2.jpg",
            "key": "images/SHIRT_WITH_CONTRAST_EMBROIDERY_2.jpg",
            "kms_key_id": null,
            "metadata": null,
            "object_lock_legal_hold_status": "",
            "object_lock_mode": "",
            "object_lock_retain_until_date": "",
            "override_provider": [],
            "region": "ap-south-1",
            "server_side_encryption": "AES256",
            "source": "downloaded_images/SHIRT_WITH_CONTRAST_EMBROIDERY_2.jpg",
            "source_hash": null,
            "storage_class": "STANDARD",
            "tags": null,
            "tags_all": {},
            "version_id": "V4BksJh68IT3NjoiN_pBGK0ZpXM23sIR",
            "website_redirect": ""
          },
          "sensitive_attributes": [],
          "identity_schema_version": 0,
          "identity": {
            "account_id": "471112555655",
            "bucket": "e-commerce-product-images-bucket",
            "key": "images/SHIRT_WITH_CONTRAST_EMBROIDERY_2.jpg",
            "region": "ap-south-1"
          },
          "private": "bnVsbA=="
        },
        {
          "index_key": "SHIRT_WITH_CONTRAST_TOPSTITCHING_1.jpg",
          "schema_version": 0,
          "attributes": {
            "acl": null,
            "arn": "arn:aws:s3:::e-commerce-product-images-bucket/images/SHIRT_WITH_CONTRAST_TOPSTITCHING_1.jpg",
            "bucket": "e-commerce-product-images-bucket",
            "bucket_key_enabled": false,
            "cache_control": "",
            "checksum_algorithm": null,
            "checksum_crc32": "",
            "checksum_crc32c": "",
            "checksum_crc64nvme": "",
            "checksum_sha1": "",
            "checksum_sha256": "",
            "content": null,
            "content_base64": null,
            "content_disposition": "",
            "content_encoding": "",
            "content_language": "",
            "content_type": "image/jpeg",
            "etag": "f3bf00b1ffc87d25c6747bbb5a39c247",
            "force_destroy": false,
            "id": "e-commerce-product-images-bucket/images/SHIRT_WITH_CONTRAST_TOPSTITCHING_1.jpg",
            "key": "images/SHIRT_WITH_CONTRAST_TOPSTITCHING_1.jpg",
            "kms_key_id": null,
            "metadata": null,
            "object_lock_legal_hold_status": "",
            "object_lock_mode": "",
            "object_lock_retain_until_date": "",
            "override_provider": [],
            "region": "ap-south-1",
            "server_side_encryption": "AES256",
            "source": "downloaded_images/SHIRT_WITH_CONTRAST_TOPSTITCHING_1.jpg",
            "source_hash": null,
            "storage_class": "STANDARD",
            "tags": null,
            "tags_all": {},
            "version_id": "sQn6qKEew_MBdJzic2_RbGbXvbjeB1qJ",
            "website_redirect": ""
          },
          "sensitive_attributes": [],
          "identity_schema_version": 0,
          "identity": {
            "account_id": "471112555655",
            "bucket": "e-commerce-product-images-bucket",
            "key": "images/SHIRT_WITH_CONTRAST_TOPSTITCHING_1.jpg",
            "region": "ap-south-1"
          },
          "private": "bnVsbA=="
        },
        {
          "index_key": "SHIRT_WITH_CONTRAST_TOPSTITCHING_2.jpg",
          "schema_version": 0,
          "attributes": {
            "acl": null,
            "arn": "arn:aws:s3:::e-commerce-product-images-bucket/images/SHIRT_WITH_CONTRAST_TOPSTITCHING_2.jpg",
            "bucket": "e-commerce-product-images-bucket",
            "bucket_key_enabled": false,
            "cache_control": "",
            "checksum_algorithm": null,
            "checksum_crc32": "",
            "checksum_crc32c": "",
            "checksum_crc64nvme": "",
            "checksum_sha1": "",
            "checksum_sha256": "",
            "content": null,
            "content_base64": null,
            "content_disposition": "",
            "content_encoding": "",
            "content_language": "",
            "content_type": "image/jpeg",
            "etag": "5da82d2dfa8197af7fd5a26e1708abfe",
            "force_destroy": false,
            "id": "e-commerce-product-images-bucket/images/SHIRT_WITH_CONTRAST_TOPSTITCHING_2.jpg",
            "key": "images/SHIRT_WITH_CONTRAST_TOPSTITCHING_2.jpg",
            "kms_key_id": null,
            "metadata": null,
            "object_lock_legal_hold_status": "",
            "object_lock_mode": "",
            "object_lock_retain_until_date": "",
            "override_provider": [],
            "region": "ap-south-1",
            "server_side_encryption": "AES256",
            "source": "downloaded_images/SHIRT_WITH_CONTRAST_TOPSTITCHING_2.jpg",
            "source_hash": null,
            "storage_class": "STANDARD",
            "tags": null,
            "tags_all": {},
            "version_id": "zNPo1L72JRKyqeXOt03d5bvlmkHc9L9K",
            "website_redirect": ""
          },
          "sensitive_attributes": [],
          "identity_schema_version": 0,
          "identity": {
            "account_id": "471112555655",
            "bucket": "e-commerce-product-images-bucket",
            "key": "images/SHIRT_WITH_CONTRAST_TOPSTITCHING_2.jpg",
            "region": "ap-south-1"
          },
          "private": "bnVsbA=="
        },
        {
          "index_key": "SHIRT_WITH_FRENCH_CUFFS_1.jpg",
          "schema_version": 0,
          "attributes": {
            "acl": null,
            "arn": "arn:aws:s3:::e-commerce-product-images-bucket/images/SHIRT_WITH_FRENCH_CUFFS_1.jpg",
            "bucket": "e-commerce-product-images-bucket",
            "bucket_key_enabled": false,
            "cache_control": "",
            "checksum_algorithm": null,
            "checksum_crc32": "",
            "checksum_crc32c": "",
            "checksum_crc64nvme": "",
            "checksum_sha1": "",
            "checksum_sha256": "",
            "content": null,
            "content_base64": null,
            "content_disposition": "",
            "content_encoding": "",
            "content_language": "",
            "content_type": "image/jpeg",
            "etag": "e5945258f052d1020ad888aa7b02bec1",
            "force_destroy": false,
            "id": "e-commerce-product-images-bucket/images/SHIRT_WITH_FRENCH_CUFFS_1.jpg",
            "key": "images/SHIRT_WITH_FRENCH_CUFFS_1.jpg",
            "kms_key_id": null,
            "metadata": null,
            "object_lock_legal_hold_status": "",
            "object_lock_mode": "",
            "object_lock_retain_until_date": "",
            "override_provider": [],
            "region": "ap-south-1",
            "server_side_encryption": "AES256",
            "source": "downloaded_images/SHIRT_WITH_FRENCH_CUFFS_1.jpg",
            "source_hash": null,
            "storage_class": "STANDARD",
            "tags": null,
            "tags_all": {},
            "version_id": "K7F4I.3u4PrAFInBfI__4zhb3FY9tSXj",
            "website_redirect": ""
          },
          "sensitive_attributes": [],
          "identity_schema_version": 0,
          "identity": {
            "account_id": "471112555655",
            "bucket": "e-commerce-product-images-bucket",
            "key": "images/SHIRT_WITH_FRENCH_CUFFS_1.jpg",
            "region": "ap-south-1"
          },
          "private": "bnVsbA=="
        },
        {
          "index_key": "SHIRT_WITH_FRENCH_CUFFS_2.jpg",
          "schema_version": 0,
          "attributes": {
            "acl": null,
            "arn": "arn:aws:s3:::e-commerce-product-images-bucket/images/SHIRT_WITH_FRENCH_CUFFS_2.jpg",
            "bucket": "e-commerce-product-images-bucket",
            "bucket_key_enabled": false,
            "cache_control": "",
            "checksum_algorithm": null,
            "checksum_crc32": "",
            "checksum_crc32c": "",
            "checksum_crc64nvme": "",
            "checksum_sha1": "",
            "checksum_sha256": "",
            "content": null,
            "content_base64": null,
            "content_disposition": "",
            "content_encoding": "",
            "content_language": "",
            "content_type": "image/jpeg",
            "etag": "006db3c38db0bf5f308053961574919e",
            "force_destroy": false,
            "id": "e-commerce-product-images-bucket/images/SHIRT_WITH_FRENCH_CUFFS_2.jpg",
            "key": "images/SHIRT_WITH_FRENCH_CUFFS_2.jpg",
            "kms_key_id": null,
            "metadata": null,
            "object_lock_legal_hold_status": "",
            "object_lock_mode": "",
            "object_lock_retain_until_date": "",
            "override_provider": [],
            "region": "ap-south-1",
            "server_side_encryption": "AES256",
            "source": "downloaded_images/SHIRT_WITH_FRENCH_CUFFS_2.jpg",
            "source_hash": null,
            "storage_class": "STANDARD",
            "tags": null,
            "tags_all": {},
            "version_id": "iW3j9FtKT2hVhWUyhQtnrgamn9fRv9bh",
            "website_redirect": ""
          },
          "sensitive_attributes": [],
          "identity_schema_version": 0,
          "identity": {
            "account_id": "471112555655",
            "bucket": "e-commerce-product-images-bucket",
            "key": "images/SHIRT_WITH_FRENCH_CUFFS_2.jpg",
            "region": "ap-south-1"
          },
          "private": "bnVsbA=="
        },
        {
          "index_key": "SLOGAN_PRINT_SHIRT_1.jpg",
          "schema_version": 0,
          "attributes": {
            "acl": null,
            "arn": "arn:aws:s3:::e-commerce-product-images-bucket/images/SLOGAN_PRINT_SHIRT_1.jpg",
            "bucket": "e-commerce-product-images-bucket",
            "bucket_key_enabled": false,
            "cache_control": "",
            "checksum_algorithm": null,
            "checksum_crc32": "",
            "checksum_crc32c": "",
            "checksum_crc64nvme": "",
            "checksum_sha1": "",
            "checksum_sha256": "",
            "content": null,
            "content_base64": null,
            "content_disposition": "",
            "content_encoding": "",
            "content_language": "",
            "content_type": "image/jpeg",
            "etag": "8cc7deb761d3a150f46ae2a1c08aa7dc",
            "force_destroy": false,
            "id": "e-commerce-product-images-bucket/images/SLOGAN_PRINT_SHIRT_1.jpg",
            "key": "images/SLOGAN_PRINT_SHIRT_1.jpg",
            "kms_key_id": null,
            "metadata": null,
            "object_lock_legal_hold_status": "",
            "object_lock_mode": "",
            "object_lock_retain_until_date": "",
            "override_provider": [],
            "region": "ap-south-1",
            "server_side_encryption": "AES256",
            "source": "downloaded_images/SLOGAN_PRINT_SHIRT_1.jpg",
            "source_hash": null,
            "storage_class": "STANDARD",
            "tags": null,
            "tags_all": {},
            "version_id": "e0gyZERIS04MdWKfPzkHIQVvMMYy.qBX",
            "website_redirect": ""
          },
          "sensitive_attributes": [],
          "identity_schema_version": 0,
          "identity": {
            "account_id": "471112555655",
            "bucket": "e-commerce-product-images-bucket",
            "key": "images/SLOGAN_PRINT_SHIRT_1.jpg",
            "region": "ap-south-1"
          },
          "private": "bnVsbA=="
        },
        {
          "index_key": "SLOGAN_PRINT_SHIRT_2.jpg",
          "schema_version": 0,
          "attributes": {
            "acl": null,
            "arn": "arn:aws:s3:::e-commerce-product-images-bucket/images/SLOGAN_PRINT_SHIRT_2.jpg",
            "bucket": "e-commerce-product-images-bucket",
            "bucket_key_enabled": false,
            "cache_control": "",
            "checksum_algorithm": null,
            "checksum_crc32": "",
            "checksum_crc32c": "",
            "checksum_crc64nvme": "",
            "checksum_sha1": "",
            "checksum_sha256": "",
            "content": null,
            "content_base64": null,
            "content_disposition": "",
            "content_encoding": "",
            "content_language": "",
            "content_type": "image/jpeg",
            "etag": "12f6659b047019cee6a4441380e53b0a",
            "force_destroy": false,
            "id": "e-commerce-product-images-bucket/images/SLOGAN_PRINT_SHIRT_2.jpg",
            "key": "images/SLOGAN_PRINT_SHIRT_2.jpg",
            "kms_key_id": null,
            "metadata": null,
            "object_lock_legal_hold_status": "",
            "object_lock_mode": "",
            "object_lock_retain_until_date": "",
            "override_provider": [],
            "region": "ap-south-1",
            "server_side_encryption": "AES256",
            "source": "downloaded_images/SLOGAN_PRINT_SHIRT_2.jpg",
            "source_hash": null,
            "storage_class": "STANDARD",
            "tags": null,
            "tags_all": {},
            "version_id": "0PATOWgyytaFXYxhUO7NKSrxjORr4bqX",
            "website_redirect": ""
          },
          "sensitive_attributes": [],
          "identity_schema_version": 0,
          "identity": {
            "account_id": "471112555655",
            "bucket": "e-commerce-product-images-bucket",
            "key": "images/SLOGAN_PRINT_SHIRT_2.jpg",
            "region": "ap-south-1"
          },
          "private": "bnVsbA=="
        },
        {
          "index_key": "STAND-UP_COLLAR_SHIRT_1.jpg",
          "schema_version": 0,
          "attributes": {
            "acl": null,
            "arn": "arn:aws:s3:::e-commerce-product-images-bucket/images/STAND-UP_COLLAR_SHIRT_1.jpg",
            "bucket": "e-commerce-product-images-bucket",
            "bucket_key_enabled": false,
            "cache_control": "",
            "checksum_algorithm": null,
            "checksum_crc32": "",
            "checksum_crc32c": "",
            "checksum_crc64nvme": "",
            "checksum_sha1": "",
            "checksum_sha256": "",
            "content": null,
            "content_base64": null,
            "content_disposition": "",
            "content_encoding": "",
            "content_language": "",
            "content_type": "image/jpeg",
            "etag": "c101c03e942f5759dca06f5ef781e30f",
            "force_destroy": false,
            "id": "e-commerce-product-images-bucket/images/STAND-UP_COLLAR_SHIRT_1.jpg",
            "key": "images/STAND-UP_COLLAR_SHIRT_1.jpg",
            "kms_key_id": null,
            "metadata": null,
            "object_lock_legal_hold_status": "",
            "object_lock_mode": "",
            "object_lock_retain_until_date": "",
            "override_provider": [],
            "region": "ap-south-1",
            "server_side_encryption": "AES256",
            "source": "downloaded_images/STAND-UP_COLLAR_SHIRT_1.jpg",
            "source_hash": null,
            "storage_class": "STANDARD",
            "tags": null,
            "tags_all": {},
            "version_id": "LApM2gXBeYOEcYc9TtcK3e2Dg7Itedqb",
            "website_redirect": ""
          },
          "sensitive_attributes": [],
          "identity_schema_version": 0,
          "identity": {
            "account_id": "471112555655",
            "bucket": "e-commerce-product-images-bucket",
            "key": "images/STAND-UP_COLLAR_SHIRT_1.jpg",
            "region": "ap-south-1"
          },
          "private": "bnVsbA=="
        },
        {
          "index_key": "STAND-UP_COLLAR_SHIRT_2.jpg",
          "schema_version": 0,
          "attributes": {
            "acl": null,
            "arn": "arn:aws:s3:::e-commerce-product-images-bucket/images/STAND-UP_COLLAR_SHIRT_2.jpg",
            "bucket": "e-commerce-product-images-bucket",
            "bucket_key_enabled": false,
            "cache_control": "",
            "checksum_algorithm": null,
            "checksum_crc32": "",
            "checksum_crc32c": "",
            "checksum_crc64nvme": "",
            "checksum_sha1": "",
            "checksum_sha256": "",
            "content": null,
            "content_base64": null,
            "content_disposition": "",
            "content_encoding": "",
            "content_language": "",
            "content_type": "image/jpeg",
            "etag": "c3702ee88921e741f2e97d79bd952e4d",
            "force_destroy": false,
            "id": "e-commerce-product-images-bucket/images/STAND-UP_COLLAR_SHIRT_2.jpg",
            "key": "images/STAND-UP_COLLAR_SHIRT_2.jpg",
            "kms_key_id": null,
            "metadata": null,
            "object_lock_legal_hold_status": "",
            "object_lock_mode": "",
            "object_lock_retain_until_date": "",
            "override_provider": [],
            "region": "ap-south-1",
            "server_side_encryption": "AES256",
            "source": "downloaded_images/STAND-UP_COLLAR_SHIRT_2.jpg",
            "source_hash": null,
            "storage_class": "STANDARD",
            "tags": null,
            "tags_all": {},
            "version_id": "pBi4GnWi_avbsO7.ymxbsXkBRUM091kU",
            "website_redirect": ""
          },
          "sensitive_attributes": [],
          "identity_schema_version": 0,
          "identity": {
            "account_id": "471112555655",
            "bucket": "e-commerce-product-images-bucket",
            "key": "images/STAND-UP_COLLAR_SHIRT_2.jpg",
            "region": "ap-south-1"
          },
          "private": "bnVsbA=="
        },
        {
          "index_key": "STRETCHY_POPLIN_SHIRT_1.jpg",
          "schema_version": 0,
          "attributes": {
            "acl": null,
            "arn": "arn:aws:s3:::e-commerce-product-images-bucket/images/STRETCHY_POPLIN_SHIRT_1.jpg",
            "bucket": "e-commerce-product-images-bucket",
            "bucket_key_enabled": false,
            "cache_control": "",
            "checksum_algorithm": null,
            "checksum_crc32": "",
            "checksum_crc32c": "",
            "checksum_crc64nvme": "",
            "checksum_sha1": "",
            "checksum_sha256": "",
            "content": null,
            "content_base64": null,
            "content_disposition": "",
            "content_encoding": "",
            "content_language": "",
            "content_type": "image/jpeg",
            "etag": "42ce3590146f8c6582f32da4c8a5b61a",
            "force_destroy": false,
            "id": "e-commerce-product-images-bucket/images/STRETCHY_POPLIN_SHIRT_1.jpg",
            "key": "images/STRETCHY_POPLIN_SHIRT_1.jpg",
            "kms_key_id": null,
            "metadata": null,
            "object_lock_legal_hold_status": "",
            "object_lock_mode": "",
            "object_lock_retain_until_date": "",
            "override_provider": [],
            "region": "ap-south-1",
            "server_side_encryption": "AES256",
            "source": "downloaded_images/STRETCHY_POPLIN_SHIRT_1.jpg",
            "source_hash": null,
            "storage_class": "STANDARD",
            "tags": null,
            "tags_all": {},
            "version_id": "DiFLRHPOwxGLRVRBupNzZksu4KNOkeST",
            "website_redirect": ""
          },
          "sensitive_attributes": [],
          "identity_schema_version": 0,
          "identity": {
            "account_id": "471112555655",
            "bucket": "e-commerce-product-images-bucket",
            "key": "images/STRETCHY_POPLIN_SHIRT_1.jpg",
            "region": "ap-south-1"
          },
          "private": "bnVsbA=="
        },
        {
          "index_key": "STRETCHY_POPLIN_SHIRT_2.jpg",
          "schema_version": 0,
          "attributes": {
            "acl": null,
            "arn": "arn:aws:s3:::e-commerce-product-images-bucket/images/STRETCHY_POPLIN_SHIRT_2.jpg",
            "bucket": "e-commerce-product-images-bucket",
            "bucket_key_enabled": false,
            "cache_control": "",
            "checksum_algorithm": null,
            "checksum_crc32": "",
            "checksum_crc32c": "",
            "checksum_crc64nvme": "",
            "checksum_sha1": "",
            "checksum_sha256": "",
            "content": null,
            "content_base64": null,
            "content_disposition": "",
            "content_encoding": "",
            "content_language": "",
            "content_type": "image/jpeg",
            "etag": "3f310865ecded8f7f182925792060140",
            "force_destroy": false,
            "id": "e-commerce-product-images-bucket/images/STRETCHY_POPLIN_SHIRT_2.jpg",
            "key": "images/STRETCHY_POPLIN_SHIRT_2.jpg",
            "kms_key_id": null,
            "metadata": null,
            "object_lock_legal_hold_status": "",
            "object_lock_mode": "",
            "object_lock_retain_until_date": "",
            "override_provider": [],
            "region": "ap-south-1",
            "server_side_encryption": "AES256",
            "source": "downloaded_images/STRETCHY_POPLIN_SHIRT_2.jpg",
            "source_hash": null,
            "storage_class": "STANDARD",
            "tags": null,
            "tags_all": {},
            "version_id": "CTwvEwBnVzISRTMHE4Td7kmVsmaC77q4",
            "website_redirect": ""
          },
          "sensitive_attributes": [],
          "identity_schema_version": 0,
          "identity": {
            "account_id": "471112555655",
            "bucket": "e-commerce-product-images-bucket",
            "key": "images/STRETCHY_POPLIN_SHIRT_2.jpg",
            "region": "ap-south-1"
          },
          "private": "bnVsbA=="
        },
        {
          "index_key": "STRIPED_COTTON_-_LINEN_SHIRT_1.jpg",
          "schema_version": 0,
          "attributes": {
            "acl": null,
            "arn": "arn:aws:s3:::e-commerce-product-images-bucket/images/STRIPED_COTTON_-_LINEN_SHIRT_1.jpg",
            "bucket": "e-commerce-product-images-bucket",
            "bucket_key_enabled": false,
            "cache_control": "",
            "checksum_algorithm": null,
            "checksum_crc32": "",
            "checksum_crc32c": "",
            "checksum_crc64nvme": "",
            "checksum_sha1": "",
            "checksum_sha256": "",
            "content": null,
            "content_base64": null,
            "content_disposition": "",
            "content_encoding": "",
            "content_language": "",
            "content_type": "image/jpeg",
            "etag": "d4b64e9a9b6195d8952b4eaa53c4d434",
            "force_destroy": false,
            "id": "e-commerce-product-images-bucket/images/STRIPED_COTTON_-_LINEN_SHIRT_1.jpg",
            "key": "images/STRIPED_COTTON_-_LINEN_SHIRT_1.jpg",
            "kms_key_id": null,
            "metadata": null,
            "object_lock_legal_hold_status": "",
            "object_lock_mode": "",
            "object_lock_retain_until_date": "",
            "override_provider": [],
            "region": "ap-south-1",
            "server_side_encryption": "AES256",
            "source": "downloaded_images/STRIPED_COTTON_-_LINEN_SHIRT_1.jpg",
            "source_hash": null,
            "storage_class": "STANDARD",
            "tags": null,
            "tags_all": {},
            "version_id": "5ME2ZOGlbj.x7mt5dKDekc_LY2.mMOiU",
            "website_redirect": ""
          },
          "sensitive_attributes": [],
          "identity_schema_version": 0,
          "identity": {
            "account_id": "471112555655",
            "bucket": "e-commerce-product-images-bucket",
            "key": "images/STRIPED_COTTON_-_LINEN_SHIRT_1.jpg",
            "region": "ap-south-1"
          },
          "private": "bnVsbA=="
        },
        {
          "index_key": "STRIPED_COTTON_-_LINEN_SHIRT_2.jpg",
          "schema_version": 0,
          "attributes": {
            "acl": null,
            "arn": "arn:aws:s3:::e-commerce-product-images-bucket/images/STRIPED_COTTON_-_LINEN_SHIRT_2.jpg",
            "bucket": "e-commerce-product-images-bucket",
            "bucket_key_enabled": false,
            "cache_control": "",
            "checksum_algorithm": null,
            "checksum_crc32": "",
            "checksum_crc32c": "",
            "checksum_crc64nvme": "",
            "checksum_sha1": "",
            "checksum_sha256": "",
            "content": null,
            "content_base64": null,
            "content_disposition": "",
            "content_encoding": "",
            "content_language": "",
            "content_type": "image/jpeg",
            "etag": "5b0f0dd59aa8d1fbbce4fa5727b92638",
            "force_destroy": false,
            "id": "e-commerce-product-images-bucket/images/STRIPED_COTTON_-_LINEN_SHIRT_2.jpg",
            "key": "images/STRIPED_COTTON_-_LINEN_SHIRT_2.jpg",
            "kms_key_id": null,
            "metadata": null,
            "object_lock_legal_hold_status": "",
            "object_lock_mode": "",
            "object_lock_retain_until_date": "",
            "override_provider": [],
            "region": "ap-south-1",
            "server_side_encryption": "AES256",
            "source": "downloaded_images/STRIPED_COTTON_-_LINEN_SHIRT_2.jpg",
            "source_hash": null,
            "storage_class": "STANDARD",
            "tags": null,
            "tags_all": {},
            "version_id": "Q6F9P7mTsfB7sb7KeQ0SvRgSY3J552Ge",
            "website_redirect": ""
          },
          "sensitive_attributes": [],
          "identity_schema_version": 0,
          "identity": {
            "account_id": "471112555655",
            "bucket": "e-commerce-product-images-bucket",
            "key": "images/STRIPED_COTTON_-_LINEN_SHIRT_2.jpg",
            "region": "ap-south-1"
          },
          "private": "bnVsbA=="
        },
        {
          "index_key": "STRIPED_ELASTIC_SHIRT_1.jpg",
          "schema_version": 0,
          "attributes": {
            "acl": null,
            "arn": "arn:aws:s3:::e-commerce-product-images-bucket/images/STRIPED_ELASTIC_SHIRT_1.jpg",
            "bucket": "e-commerce-product-images-bucket",
            "bucket_key_enabled": false,
            "cache_control": "",
            "checksum_algorithm": null,
            "checksum_crc32": "",
            "checksum_crc32c": "",
            "checksum_crc64nvme": "",
            "checksum_sha1": "",
            "checksum_sha256": "",
            "content": null,
            "content_base64": null,
            "content_disposition": "",
            "content_encoding": "",
            "content_language": "",
            "content_type": "image/jpeg",
            "etag": "ffd2db915c0ad6808356596bbd8d285c",
            "force_destroy": false,
            "id": "e-commerce-product-images-bucket/images/STRIPED_ELASTIC_SHIRT_1.jpg",
            "key": "images/STRIPED_ELASTIC_SHIRT_1.jpg",
            "kms_key_id": null,
            "metadata": null,
            "object_lock_legal_hold_status": "",
            "object_lock_mode": "",
            "object_lock_retain_until_date": "",
            "override_provider": [],
            "region": "ap-south-1",
            "server_side_encryption": "AES256",
            "source": "downloaded_images/STRIPED_ELASTIC_SHIRT_1.jpg",
            "source_hash": null,
            "storage_class": "STANDARD",
            "tags": null,
            "tags_all": {},
            "version_id": "TqkW.VK8owKMRYmeMRNwGsg4LVnlQsyE",
            "website_redirect": ""
          },
          "sensitive_attributes": [],
          "identity_schema_version": 0,
          "identity": {
            "account_id": "471112555655",
            "bucket": "e-commerce-product-images-bucket",
            "key": "images/STRIPED_ELASTIC_SHIRT_1.jpg",
            "region": "ap-south-1"
          },
          "private": "bnVsbA=="
        },
        {
          "index_key": "STRIPED_ELASTIC_SHIRT_2.jpg",
          "schema_version": 0,
          "attributes": {
            "acl": null,
            "arn": "arn:aws:s3:::e-commerce-product-images-bucket/images/STRIPED_ELASTIC_SHIRT_2.jpg",
            "bucket": "e-commerce-product-images-bucket",
            "bucket_key_enabled": false,
            "cache_control": "",
            "checksum_algorithm": null,
            "checksum_crc32": "",
            "checksum_crc32c": "",
            "checksum_crc64nvme": "",
            "checksum_sha1": "",
            "checksum_sha256": "",
            "content": null,
            "content_base64": null,
            "content_disposition": "",
            "content_encoding": "",
            "content_language": "",
            "content_type": "image/jpeg",
            "etag": "312a987ae00bd7f6d925926e06655c97",
            "force_destroy": false,
            "id": "e-commerce-product-images-bucket/images/STRIPED_ELASTIC_SHIRT_2.jpg",
            "key": "images/STRIPED_ELASTIC_SHIRT_2.jpg",
            "kms_key_id": null,
            "metadata": null,
            "object_lock_legal_hold_status": "",
            "object_lock_mode": "",
            "object_lock_retain_until_date": "",
            "override_provider": [],
            "region": "ap-south-1",
            "server_side_encryption": "AES256",
            "source": "downloaded_images/STRIPED_ELASTIC_SHIRT_2.jpg",
            "source_hash": null,
            "storage_class": "STANDARD",
            "tags": null,
            "tags_all": {},
            "version_id": "gTdGoVjdV_tS8xhbKOyOgnWrrH7Y0FKh",
            "website_redirect": ""
          },
          "sensitive_attributes": [],
          "identity_schema_version": 0,
          "identity": {
            "account_id": "471112555655",
            "bucket": "e-commerce-product-images-bucket",
            "key": "images/STRIPED_ELASTIC_SHIRT_2.jpg",
            "region": "ap-south-1"
          },
          "private": "bnVsbA=="
        },
        {
          "index_key": "STRIPED_FLOWING_SHIRT_1.jpg",
          "schema_version": 0,
          "attributes": {
            "acl": null,
            "arn": "arn:aws:s3:::e-commerce-product-images-bucket/images/STRIPED_FLOWING_SHIRT_1.jpg",
            "bucket": "e-commerce-product-images-bucket",
            "bucket_key_enabled": false,
            "cache_control": "",
            "checksum_algorithm": null,
            "checksum_crc32": "",
            "checksum_crc32c": "",
            "checksum_crc64nvme": "",
            "checksum_sha1": "",
            "checksum_sha256": "",
            "content": null,
            "content_base64": null,
            "content_disposition": "",
            "content_encoding": "",
            "content_language": "",
            "content_type": "image/jpeg",
            "etag": "1cdb90883efa894190ded8d0bdf97555",
            "force_destroy": false,
            "id": "e-commerce-product-images-bucket/images/STRIPED_FLOWING_SHIRT_1.jpg",
            "key": "images/STRIPED_FLOWING_SHIRT_1.jpg",
            "kms_key_id": null,
            "metadata": null,
            "object_lock_legal_hold_status": "",
            "object_lock_mode": "",
            "object_lock_retain_until_date": "",
            "override_provider": [],
            "region": "ap-south-1",
            "server_side_encryption": "AES256",
            "source": "downloaded_images/STRIPED_FLOWING_SHIRT_1.jpg",
            "source_hash": null,
            "storage_class": "STANDARD",
            "tags": null,
            "tags_all": {},
            "version_id": "CV_6tPYYt1jK8kryLvs9M.cQRbpSbwkD",
            "website_redirect": ""
          },
          "sensitive_attributes": [],
          "identity_schema_version": 0,
          "identity": {
            "account_id": "471112555655",
            "bucket": "e-commerce-product-images-bucket",
            "key": "images/STRIPED_FLOWING_SHIRT_1.jpg",
            "region": "ap-south-1"
          },
          "private": "bnVsbA=="
        },
        {
          "index_key": "STRIPED_FLOWING_SHIRT_2.jpg",
          "schema_version": 0,
          "attributes": {
            "acl": null,
            "arn": "arn:aws:s3:::e-commerce-product-images-bucket/images/STRIPED_FLOWING_SHIRT_2.jpg",
            "bucket": "e-commerce-product-images-bucket",
            "bucket_key_enabled": false,
            "cache_control": "",
            "checksum_algorithm": null,
            "checksum_crc32": "",
            "checksum_crc32c": "",
            "checksum_crc64nvme": "",
            "checksum_sha1": "",
            "checksum_sha256": "",
            "content": null,
            "content_base64": null,
            "content_disposition": "",
            "content_encoding": "",
            "content_language": "",
            "content_type": "image/jpeg",
            "etag": "1924bf1617691299fbc2af022123bcd2",
            "force_destroy": false,
            "id": "e-commerce-product-images-bucket/images/STRIPED_FLOWING_SHIRT_2.jpg",
            "key": "images/STRIPED_FLOWING_SHIRT_2.jpg",
            "kms_key_id": null,
            "metadata": null,
            "object_lock_legal_hold_status": "",
            "object_lock_mode": "",
            "object_lock_retain_until_date": "",
            "override_provider": [],
            "region": "ap-south-1",
            "server_side_encryption": "AES256",
            "source": "downloaded_images/STRIPED_FLOWING_SHIRT_2.jpg",
            "source_hash": null,
            "storage_class": "STANDARD",
            "tags": null,
            "tags_all": {},
            "version_id": "n.42XipPFfFwujPnXb3dTAOdFtfDR1ai",
            "website_redirect": ""
          },
          "sensitive_attributes": [],
          "identity_schema_version": 0,
          "identity": {
            "account_id": "471112555655",
            "bucket": "e-commerce-product-images-bucket",
            "key": "images/STRIPED_FLOWING_SHIRT_2.jpg",
            "region": "ap-south-1"
          },
          "private": "bnVsbA=="
        },
        {
          "index_key": "STRIPED_LYOCELL-LINEN_SHIRT_1.jpg",
          "schema_version": 0,
          "attributes": {
            "acl": null,
            "arn": "arn:aws:s3:::e-commerce-product-images-bucket/images/STRIPED_LYOCELL-LINEN_SHIRT_1.jpg",
            "bucket": "e-commerce-product-images-bucket",
            "bucket_key_enabled": false,
            "cache_control": "",
            "checksum_algorithm": null,
            "checksum_crc32": "",
            "checksum_crc32c": "",
            "checksum_crc64nvme": "",
            "checksum_sha1": "",
            "checksum_sha256": "",
            "content": null,
            "content_base64": null,
            "content_disposition": "",
            "content_encoding": "",
            "content_language": "",
            "content_type": "image/jpeg",
            "etag": "48bf708990962cd1f0b0750bcfc3f3b1",
            "force_destroy": false,
            "id": "e-commerce-product-images-bucket/images/STRIPED_LYOCELL-LINEN_SHIRT_1.jpg",
            "key": "images/STRIPED_LYOCELL-LINEN_SHIRT_1.jpg",
            "kms_key_id": null,
            "metadata": null,
            "object_lock_legal_hold_status": "",
            "object_lock_mode": "",
            "object_lock_retain_until_date": "",
            "override_provider": [],
            "region": "ap-south-1",
            "server_side_encryption": "AES256",
            "source": "downloaded_images/STRIPED_LYOCELL-LINEN_SHIRT_1.jpg",
            "source_hash": null,
            "storage_class": "STANDARD",
            "tags": null,
            "tags_all": {},
            "version_id": "wlWAxrDTgmwMCmx6hZAKlPsNwgSBYo52",
            "website_redirect": ""
          },
          "sensitive_attributes": [],
          "identity_schema_version": 0,
          "identity": {
            "account_id": "471112555655",
            "bucket": "e-commerce-product-images-bucket",
            "key": "images/STRIPED_LYOCELL-LINEN_SHIRT_1.jpg",
            "region": "ap-south-1"
          },
          "private": "bnVsbA=="
        },
        {
          "index_key": "STRIPED_LYOCELL-LINEN_SHIRT_2.jpg",
          "schema_version": 0,
          "attributes": {
            "acl": null,
            "arn": "arn:aws:s3:::e-commerce-product-images-bucket/images/STRIPED_LYOCELL-LINEN_SHIRT_2.jpg",
            "bucket": "e-commerce-product-images-bucket",
            "bucket_key_enabled": false,
            "cache_control": "",
            "checksum_algorithm": null,
            "checksum_crc32": "",
            "checksum_crc32c": "",
            "checksum_crc64nvme": "",
            "checksum_sha1": "",
            "checksum_sha256": "",
            "content": null,
            "content_base64": null,
            "content_disposition": "",
            "content_encoding": "",
            "content_language": "",
            "content_type": "image/jpeg",
            "etag": "510a636131c0f3bb3aed2a4bc6abe13e",
            "force_destroy": false,
            "id": "e-commerce-product-images-bucket/images/STRIPED_LYOCELL-LINEN_SHIRT_2.jpg",
            "key": "images/STRIPED_LYOCELL-LINEN_SHIRT_2.jpg",
            "kms_key_id": null,
            "metadata": null,
            "object_lock_legal_hold_status": "",
            "object_lock_mode": "",
            "object_lock_retain_until_date": "",
            "override_provider": [],
            "region": "ap-south-1",
            "server_side_encryption": "AES256",
            "source": "downloaded_images/STRIPED_LYOCELL-LINEN_SHIRT_2.jpg",
            "source_hash": null,
            "storage_class": "STANDARD",
            "tags": null,
            "tags_all": {},
            "version_id": "6vQzjvJ9y.lvPY4I2BEw_NspQES0Dnh2",
            "website_redirect": ""
          },
          "sensitive_attributes": [],
          "identity_schema_version": 0,
          "identity": {
            "account_id": "471112555655",
            "bucket": "e-commerce-product-images-bucket",
            "key": "images/STRIPED_LYOCELL-LINEN_SHIRT_2.jpg",
            "region": "ap-south-1"
          },
          "private": "bnVsbA=="
        },
        {
          "index_key": "STRIPED_SEERSUCKER_SHIRT_1.jpg",
          "schema_version": 0,
          "attributes": {
            "acl": null,
            "arn": "arn:aws:s3:::e-commerce-product-images-bucket/images/STRIPED_SEERSUCKER_SHIRT_1.jpg",
            "bucket": "e-commerce-product-images-bucket",
            "bucket_key_enabled": false,
            "cache_control": "",
            "checksum_algorithm": null,
            "checksum_crc32": "",
            "checksum_crc32c": "",
            "checksum_crc64nvme": "",
            "checksum_sha1": "",
            "checksum_sha256": "",
            "content": null,
            "content_base64": null,
            "content_disposition": "",
            "content_encoding": "",
            "content_language": "",
            "content_type": "image/jpeg",
            "etag": "037b8065935c7a464c525276d94b9e43",
            "force_destroy": false,
            "id": "e-commerce-product-images-bucket/images/STRIPED_SEERSUCKER_SHIRT_1.jpg",
            "key": "images/STRIPED_SEERSUCKER_SHIRT_1.jpg",
            "kms_key_id": null,
            "metadata": null,
            "object_lock_legal_hold_status": "",
            "object_lock_mode": "",
            "object_lock_retain_until_date": "",
            "override_provider": [],
            "region": "ap-south-1",
            "server_side_encryption": "AES256",
            "source": "downloaded_images/STRIPED_SEERSUCKER_SHIRT_1.jpg",
            "source_hash": null,
            "storage_class": "STANDARD",
            "tags": null,
            "tags_all": {},
            "version_id": "_BYvjpEzfTcOacXGTYnY51RPfFb3mLIe",
            "website_redirect": ""
          },
          "sensitive_attributes": [],
          "identity_schema_version": 0,
          "identity": {
            "account_id": "471112555655",
            "bucket": "e-commerce-product-images-bucket",
            "key": "images/STRIPED_SEERSUCKER_SHIRT_1.jpg",
            "region": "ap-south-1"
          },
          "private": "bnVsbA=="
        },
        {
          "index_key": "STRIPED_SEERSUCKER_SHIRT_2.jpg",
          "schema_version": 0,
          "attributes": {
            "acl": null,
            "arn": "arn:aws:s3:::e-commerce-product-images-bucket/images/STRIPED_SEERSUCKER_SHIRT_2.jpg",
            "bucket": "e-commerce-product-images-bucket",
            "bucket_key_enabled": false,
            "cache_control": "",
            "checksum_algorithm": null,
            "checksum_crc32": "",
            "checksum_crc32c": "",
            "checksum_crc64nvme": "",
            "checksum_sha1": "",
            "checksum_sha256": "",
            "content": null,
            "content_base64": null,
            "content_disposition": "",
            "content_encoding": "",
            "content_language": "",
            "content_type": "image/jpeg",
            "etag": "20e8fbc25dcf4f54b94f90c45a49e0a1",
            "force_destroy": false,
            "id": "e-commerce-product-images-bucket/images/STRIPED_SEERSUCKER_SHIRT_2.jpg",
            "key": "images/STRIPED_SEERSUCKER_SHIRT_2.jpg",
            "kms_key_id": null,
            "metadata": null,
            "object_lock_legal_hold_status": "",
            "object_lock_mode": "",
            "object_lock_retain_until_date": "",
            "override_provider": [],
            "region": "ap-south-1",
            "server_side_encryption": "AES256",
            "source": "downloaded_images/STRIPED_SEERSUCKER_SHIRT_2.jpg",
            "source_hash": null,
            "storage_class": "STANDARD",
            "tags": null,
            "tags_all": {},
            "version_id": "26dEtpDNKrzC5yfTzBihGQ.RJ0Dh8uUr",
            "website_redirect": ""
          },
          "sensitive_attributes": [],
          "identity_schema_version": 0,
          "identity": {
            "account_id": "471112555655",
            "bucket": "e-commerce-product-images-bucket",
            "key": "images/STRIPED_SEERSUCKER_SHIRT_2.jpg",
            "region": "ap-south-1"
          },
          "private": "bnVsbA=="
        },
        {
          "index_key": "STRIPED_SHIRT_1.jpg",
          "schema_version": 0,
          "attributes": {
            "acl": null,
            "arn": "arn:aws:s3:::e-commerce-product-images-bucket/images/STRIPED_SHIRT_1.jpg",
            "bucket": "e-commerce-product-images-bucket",
            "bucket_key_enabled": false,
            "cache_control": "",
            "checksum_algorithm": null,
            "checksum_crc32": "",
            "checksum_crc32c": "",
            "checksum_crc64nvme": "",
            "checksum_sha1": "",
            "checksum_sha256": "",
            "content": null,
            "content_base64": null,
            "content_disposition": "",
            "content_encoding": "",
            "content_language": "",
            "content_type": "image/jpeg",
            "etag": "b9db4632db6549391b52730cfbeed1f3",
            "force_destroy": false,
            "id": "e-commerce-product-images-bucket/images/STRIPED_SHIRT_1.jpg",
            "key": "images/STRIPED_SHIRT_1.jpg",
            "kms_key_id": null,
            "metadata": null,
            "object_lock_legal_hold_status": "",
            "object_lock_mode": "",
            "object_lock_retain_until_date": "",
            "override_provider": [],
            "region": "ap-south-1",
            "server_side_encryption": "AES256",
            "source": "downloaded_images/STRIPED_SHIRT_1.jpg",
            "source_hash": null,
            "storage_class": "STANDARD",
            "tags": null,
            "tags_all": {},
            "version_id": "uURrWb3ZMIqZSpAGC28M9c2B8AT27N2W",
            "website_redirect": ""
          },
          "sensitive_attributes": [],
          "identity_schema_version": 0,
          "identity": {
            "account_id": "471112555655",
            "bucket": "e-commerce-product-images-bucket",
            "key": "images/STRIPED_SHIRT_1.jpg",
            "region": "ap-south-1"
          },
          "private": "bnVsbA=="
        },
        {
          "index_key": "STRIPED_SHIRT_2.jpg",
          "schema_version": 0,
          "attributes": {
            "acl": null,
            "arn": "arn:aws:s3:::e-commerce-product-images-bucket/images/STRIPED_SHIRT_2.jpg",
            "bucket": "e-commerce-product-images-bucket",
            "bucket_key_enabled": false,
            "cache_control": "",
            "checksum_algorithm": null,
            "checksum_crc32": "",
            "checksum_crc32c": "",
            "checksum_crc64nvme": "",
            "checksum_sha1": "",
            "checksum_sha256": "",
            "content": null,
            "content_base64": null,
            "content_disposition": "",
            "content_encoding": "",
            "content_language": "",
            "content_type": "image/jpeg",
            "etag": "6e876acddc619f17ed07c3713b7d7a7f",
            "force_destroy": false,
            "id": "e-commerce-product-images-bucket/images/STRIPED_SHIRT_2.jpg",
            "key": "images/STRIPED_SHIRT_2.jpg",
            "kms_key_id": null,
            "metadata": null,
            "object_lock_legal_hold_status": "",
            "object_lock_mode": "",
            "object_lock_retain_until_date": "",
            "override_provider": [],
            "region": "ap-south-1",
            "server_side_encryption": "AES256",
            "source": "downloaded_images/STRIPED_SHIRT_2.jpg",
            "source_hash": null,
            "storage_class": "STANDARD",
            "tags": null,
            "tags_all": {},
            "version_id": "WDmFS6WxLflB661KKW_pWA1K6DUFpc22",
            "website_redirect": ""
          },
          "sensitive_attributes": [],
          "identity_schema_version": 0,
          "identity": {
            "account_id": "471112555655",
            "bucket": "e-commerce-product-images-bucket",
            "key": "images/STRIPED_SHIRT_2.jpg",
            "region": "ap-south-1"
          },
          "private": "bnVsbA=="
        },
        {
          "index_key": "STRIPED_TEXTURED_SHIRT_1.jpg",
          "schema_version": 0,
          "attributes": {
            "acl": null,
            "arn": "arn:aws:s3:::e-commerce-product-images-bucket/images/STRIPED_TEXTURED_SHIRT_1.jpg",
            "bucket": "e-commerce-product-images-bucket",
            "bucket_key_enabled": false,
            "cache_control": "",
            "checksum_algorithm": null,
            "checksum_crc32": "",
            "checksum_crc32c": "",
            "checksum_crc64nvme": "",
            "checksum_sha1": "",
            "checksum_sha256": "",
            "content": null,
            "content_base64": null,
            "content_disposition": "",
            "content_encoding": "",
            "content_language": "",
            "content_type": "image/jpeg",
            "etag": "3792cb5a3f19ea1a671b8e45c4797884",
            "force_destroy": false,
            "id": "e-commerce-product-images-bucket/images/STRIPED_TEXTURED_SHIRT_1.jpg",
            "key": "images/STRIPED_TEXTURED_SHIRT_1.jpg",
            "kms_key_id": null,
            "metadata": null,
            "object_lock_legal_hold_status": "",
            "object_lock_mode": "",
            "object_lock_retain_until_date": "",
            "override_provider": [],
            "region": "ap-south-1",
            "server_side_encryption": "AES256",
            "source": "downloaded_images/STRIPED_TEXTURED_SHIRT_1.jpg",
            "source_hash": null,
            "storage_class": "STANDARD",
            "tags": null,
            "tags_all": {},
            "version_id": ".zUpZa.kSODYv_VBTTsW0045AO7Ulovs",
            "website_redirect": ""
          },
          "sensitive_attributes": [],
          "identity_schema_version": 0,
          "identity": {
            "account_id": "471112555655",
            "bucket": "e-commerce-product-images-bucket",
            "key": "images/STRIPED_TEXTURED_SHIRT_1.jpg",
            "region": "ap-south-1"
          },
          "private": "bnVsbA=="
        },
        {
          "index_key": "STRIPED_TEXTURED_SHIRT_2.jpg",
          "schema_version": 0,
          "attributes": {
            "acl": null,
            "arn": "arn:aws:s3:::e-commerce-product-images-bucket/images/STRIPED_TEXTURED_SHIRT_2.jpg",
            "bucket": "e-commerce-product-images-bucket",
            "bucket_key_enabled": false,
            "cache_control": "",
            "checksum_algorithm": null,
            "checksum_crc32": "",
            "checksum_crc32c": "",
            "checksum_crc64nvme": "",
            "checksum_sha1": "",
            "checksum_sha256": "",
            "content": null,
            "content_base64": null,
            "content_disposition": "",
            "content_encoding": "",
            "content_language": "",
            "content_type": "image/jpeg",
            "etag": "114f75be376db61d76013ffc1a534eda",
            "force_destroy": false,
            "id": "e-commerce-product-images-bucket/images/STRIPED_TEXTURED_SHIRT_2.jpg",
            "key": "images/STRIPED_TEXTURED_SHIRT_2.jpg",
            "kms_key_id": null,
            "metadata": null,
            "object_lock_legal_hold_status": "",
            "object_lock_mode": "",
            "object_lock_retain_until_date": "",
            "override_provider": [],
            "region": "ap-south-1",
            "server_side_encryption": "AES256",
            "source": "downloaded_images/STRIPED_TEXTURED_SHIRT_2.jpg",
            "source_hash": null,
            "storage_class": "STANDARD",
            "tags": null,
            "tags_all": {},
            "version_id": "bOwkagmd2MTRp9U1UJgEu_GE4UgRf8V9",
            "website_redirect": ""
          },
          "sensitive_attributes": [],
          "identity_schema_version": 0,
          "identity": {
            "account_id": "471112555655",
            "bucket": "e-commerce-product-images-bucket",
            "key": "images/STRIPED_TEXTURED_SHIRT_2.jpg",
            "region": "ap-south-1"
          },
          "private": "bnVsbA=="
        },
        {
          "index_key": "STRIPE_PRINT_SHIRT_1.jpg",
          "schema_version": 0,
          "attributes": {
            "acl": null,
            "arn": "arn:aws:s3:::e-commerce-product-images-bucket/images/STRIPE_PRINT_SHIRT_1.jpg",
            "bucket": "e-commerce-product-images-bucket",
            "bucket_key_enabled": false,
            "cache_control": "",
            "checksum_algorithm": null,
            "checksum_crc32": "",
            "checksum_crc32c": "",
            "checksum_crc64nvme": "",
            "checksum_sha1": "",
            "checksum_sha256": "",
            "content": null,
            "content_base64": null,
            "content_disposition": "",
            "content_encoding": "",
            "content_language": "",
            "content_type": "image/jpeg",
            "etag": "bf453b1a33ccd482734f6adf345d65e7",
            "force_destroy": false,
            "id": "e-commerce-product-images-bucket/images/STRIPE_PRINT_SHIRT_1.jpg",
            "key": "images/STRIPE_PRINT_SHIRT_1.jpg",
            "kms_key_id": null,
            "metadata": null,
            "object_lock_legal_hold_status": "",
            "object_lock_mode": "",
            "object_lock_retain_until_date": "",
            "override_provider": [],
            "region": "ap-south-1",
            "server_side_encryption": "AES256",
            "source": "downloaded_images/STRIPE_PRINT_SHIRT_1.jpg",
            "source_hash": null,
            "storage_class": "STANDARD",
            "tags": null,
            "tags_all": {},
            "version_id": "XGzOjAC8v8fXuj.cKJLmr9R.fGugFQjE",
            "website_redirect": ""
          },
          "sensitive_attributes": [],
          "identity_schema_version": 0,
          "identity": {
            "account_id": "471112555655",
            "bucket": "e-commerce-product-images-bucket",
            "key": "images/STRIPE_PRINT_SHIRT_1.jpg",
            "region": "ap-south-1"
          },
          "private": "bnVsbA=="
        },
        {
          "index_key": "STRIPE_PRINT_SHIRT_2.jpg",
          "schema_version": 0,
          "attributes": {
            "acl": null,
            "arn": "arn:aws:s3:::e-commerce-product-images-bucket/images/STRIPE_PRINT_SHIRT_2.jpg",
            "bucket": "e-commerce-product-images-bucket",
            "bucket_key_enabled": false,
            "cache_control": "",
            "checksum_algorithm": null,
            "checksum_crc32": "",
            "checksum_crc32c": "",
            "checksum_crc64nvme": "",
            "checksum_sha1": "",
            "checksum_sha256": "",
            "content": null,
            "content_base64": null,
            "content_disposition": "",
            "content_encoding": "",
            "content_language": "",
            "content_type": "image/jpeg",
            "etag": "91291a6acb5b15264d49867b7ae39c70",
            "force_destroy": false,
            "id": "e-commerce-product-images-bucket/images/STRIPE_PRINT_SHIRT_2.jpg",
            "key": "images/STRIPE_PRINT_SHIRT_2.jpg",
            "kms_key_id": null,
            "metadata": null,
            "object_lock_legal_hold_status": "",
            "object_lock_mode": "",
            "object_lock_retain_until_date": "",
            "override_provider": [],
            "region": "ap-south-1",
            "server_side_encryption": "AES256",
            "source": "downloaded_images/STRIPE_PRINT_SHIRT_2.jpg",
            "source_hash": null,
            "storage_class": "STANDARD",
            "tags": null,
            "tags_all": {},
            "version_id": "l9olnPh4BecCPiinSNufd05W64rpfg83",
            "website_redirect": ""
          },
          "sensitive_attributes": [],
          "identity_schema_version": 0,
          "identity": {
            "account_id": "471112555655",
            "bucket": "e-commerce-product-images-bucket",
            "key": "images/STRIPE_PRINT_SHIRT_2.jpg",
            "region": "ap-south-1"
          },
          "private": "bnVsbA=="
        },
        {
          "index_key": "TEXTURED_CROCHET_SHIRT_1.jpg",
          "schema_version": 0,
          "attributes": {
            "acl": null,
            "arn": "arn:aws:s3:::e-commerce-product-images-bucket/images/TEXTURED_CROCHET_SHIRT_1.jpg",
            "bucket": "e-commerce-product-images-bucket",
            "bucket_key_enabled": false,
            "cache_control": "",
            "checksum_algorithm": null,
            "checksum_crc32": "",
            "checksum_crc32c": "",
            "checksum_crc64nvme": "",
            "checksum_sha1": "",
            "checksum_sha256": "",
            "content": null,
            "content_base64": null,
            "content_disposition": "",
            "content_encoding": "",
            "content_language": "",
            "content_type": "image/jpeg",
            "etag": "56a34168c6fa8d6f8ef1b46070072004",
            "force_destroy": false,
            "id": "e-commerce-product-images-bucket/images/TEXTURED_CROCHET_SHIRT_1.jpg",
            "key": "images/TEXTURED_CROCHET_SHIRT_1.jpg",
            "kms_key_id": null,
            "metadata": null,
            "object_lock_legal_hold_status": "",
            "object_lock_mode": "",
            "object_lock_retain_until_date": "",
            "override_provider": [],
            "region": "ap-south-1",
            "server_side_encryption": "AES256",
            "source": "downloaded_images/TEXTURED_CROCHET_SHIRT_1.jpg",
            "source_hash": null,
            "storage_class": "STANDARD",
            "tags": null,
            "tags_all": {},
            "version_id": "7uwRYw0PGIgFfrYSSlXweaqTsynd0vdZ",
            "website_redirect": ""
          },
          "sensitive_attributes": [],
          "identity_schema_version": 0,
          "identity": {
            "account_id": "471112555655",
            "bucket": "e-commerce-product-images-bucket",
            "key": "images/TEXTURED_CROCHET_SHIRT_1.jpg",
            "region": "ap-south-1"
          },
          "private": "bnVsbA=="
        },
        {
          "index_key": "TEXTURED_CROCHET_SHIRT_2.jpg",
          "schema_version": 0,
          "attributes": {
            "acl": null,
            "arn": "arn:aws:s3:::e-commerce-product-images-bucket/images/TEXTURED_CROCHET_SHIRT_2.jpg",
            "bucket": "e-commerce-product-images-bucket",
            "bucket_key_enabled": false,
            "cache_control": "",
            "checksum_algorithm": null,
            "checksum_crc32": "",
            "checksum_crc32c": "",
            "checksum_crc64nvme": "",
            "checksum_sha1": "",
            "checksum_sha256": "",
            "content": null,
            "content_base64": null,
            "content_disposition": "",
            "content_encoding": "",
            "content_language": "",
            "content_type": "image/jpeg",
            "etag": "79b0afdd4382eb91cbd045c8f1d52aa6",
            "force_destroy": false,
            "id": "e-commerce-product-images-bucket/images/TEXTURED_CROCHET_SHIRT_2.jpg",
            "key": "images/TEXTURED_CROCHET_SHIRT_2.jpg",
            "kms_key_id": null,
            "metadata": null,
            "object_lock_legal_hold_status": "",
            "object_lock_mode": "",
            "object_lock_retain_until_date": "",
            "override_provider": [],
            "region": "ap-south-1",
            "server_side_encryption": "AES256",
            "source": "downloaded_images/TEXTURED_CROCHET_SHIRT_2.jpg",
            "source_hash": null,
            "storage_class": "STANDARD",
            "tags": null,
            "tags_all": {},
            "version_id": "s1oaNm2QZ3sT108yr4UQEoj4sgs.OkjB",
            "website_redirect": ""
          },
          "sensitive_attributes": [],
          "identity_schema_version": 0,
          "identity": {
            "account_id": "471112555655",
            "bucket": "e-commerce-product-images-bucket",
            "key": "images/TEXTURED_CROCHET_SHIRT_2.jpg",
            "region": "ap-south-1"
          },
          "private": "bnVsbA=="
        },
        {
          "index_key": "TEXTURED_LYOCELL_BLEND_SHIRT_1.jpg",
          "schema_version": 0,
          "attributes": {
            "acl": null,
            "arn": "arn:aws:s3:::e-commerce-product-images-bucket/images/TEXTURED_LYOCELL_BLEND_SHIRT_1.jpg",
            "bucket": "e-commerce-product-images-bucket",
            "bucket_key_enabled": false,
            "cache_control": "",
            "checksum_algorithm": null,
            "checksum_crc32": "",
            "checksum_crc32c": "",
            "checksum_crc64nvme": "",
            "checksum_sha1": "",
            "checksum_sha256": "",
            "content": null,
            "content_base64": null,
            "content_disposition": "",
            "content_encoding": "",
            "content_language": "",
            "content_type": "image/jpeg",
            "etag": "e4fda26a7ee90b806d1624416033a0a7",
            "force_destroy": false,
            "id": "e-commerce-product-images-bucket/images/TEXTURED_LYOCELL_BLEND_SHIRT_1.jpg",
            "key": "images/TEXTURED_LYOCELL_BLEND_SHIRT_1.jpg",
            "kms_key_id": null,
            "metadata": null,
            "object_lock_legal_hold_status": "",
            "object_lock_mode": "",
            "object_lock_retain_until_date": "",
            "override_provider": [],
            "region": "ap-south-1",
            "server_side_encryption": "AES256",
            "source": "downloaded_images/TEXTURED_LYOCELL_BLEND_SHIRT_1.jpg",
            "source_hash": null,
            "storage_class": "STANDARD",
            "tags": null,
            "tags_all": {},
            "version_id": "vvduIwJHN3SnE7YAYcQicQe76V_2H7bI",
            "website_redirect": ""
          },
          "sensitive_attributes": [],
          "identity_schema_version": 0,
          "identity": {
            "account_id": "471112555655",
            "bucket": "e-commerce-product-images-bucket",
            "key": "images/TEXTURED_LYOCELL_BLEND_SHIRT_1.jpg",
            "region": "ap-south-1"
          },
          "private": "bnVsbA=="
        },
        {
          "index_key": "TEXTURED_LYOCELL_BLEND_SHIRT_2.jpg",
          "schema_version": 0,
          "attributes": {
            "acl": null,
            "arn": "arn:aws:s3:::e-commerce-product-images-bucket/images/TEXTURED_LYOCELL_BLEND_SHIRT_2.jpg",
            "bucket": "e-commerce-product-images-bucket",
            "bucket_key_enabled": false,
            "cache_control": "",
            "checksum_algorithm": null,
            "checksum_crc32": "",
            "checksum_crc32c": "",
            "checksum_crc64nvme": "",
            "checksum_sha1": "",
            "checksum_sha256": "",
            "content": null,
            "content_base64": null,
            "content_disposition": "",
            "content_encoding": "",
            "content_language": "",
            "content_type": "image/jpeg",
            "etag": "eecd7c22b6c276d337c0fa1f0fbc3330",
            "force_destroy": false,
            "id": "e-commerce-product-images-bucket/images/TEXTURED_LYOCELL_BLEND_SHIRT_2.jpg",
            "key": "images/TEXTURED_LYOCELL_BLEND_SHIRT_2.jpg",
            "kms_key_id": null,
            "metadata": null,
            "object_lock_legal_hold_status": "",
            "object_lock_mode": "",
            "object_lock_retain_until_date": "",
            "override_provider": [],
            "region": "ap-south-1",
            "server_side_encryption": "AES256",
            "source": "downloaded_images/TEXTURED_LYOCELL_BLEND_SHIRT_2.jpg",
            "source_hash": null,
            "storage_class": "STANDARD",
            "tags": null,
            "tags_all": {},
            "version_id": "EgVDHIi4ppdV6VkR5lM2PZbhtPe2lJM8",
            "website_redirect": ""
          },
          "sensitive_attributes": [],
          "identity_schema_version": 0,
          "identity": {
            "account_id": "471112555655",
            "bucket": "e-commerce-product-images-bucket",
            "key": "images/TEXTURED_LYOCELL_BLEND_SHIRT_2.jpg",
            "region": "ap-south-1"
          },
          "private": "bnVsbA=="
        },
        {
          "index_key": "TEXTURED_SHIRT_1.jpg",
          "schema_version": 0,
          "attributes": {
            "acl": null,
            "arn": "arn:aws:s3:::e-commerce-product-images-bucket/images/TEXTURED_SHIRT_1.jpg",
            "bucket": "e-commerce-product-images-bucket",
            "bucket_key_enabled": false,
            "cache_control": "",
            "checksum_algorithm": null,
            "checksum_crc32": "",
            "checksum_crc32c": "",
            "checksum_crc64nvme": "",
            "checksum_sha1": "",
            "checksum_sha256": "",
            "content": null,
            "content_base64": null,
            "content_disposition": "",
            "content_encoding": "",
            "content_language": "",
            "content_type": "image/jpeg",
            "etag": "fc6fdd59e42117712cddcd7c416390e2",
            "force_destroy": false,
            "id": "e-commerce-product-images-bucket/images/TEXTURED_SHIRT_1.jpg",
            "key": "images/TEXTURED_SHIRT_1.jpg",
            "kms_key_id": null,
            "metadata": null,
            "object_lock_legal_hold_status": "",
            "object_lock_mode": "",
            "object_lock_retain_until_date": "",
            "override_provider": [],
            "region": "ap-south-1",
            "server_side_encryption": "AES256",
            "source": "downloaded_images/TEXTURED_SHIRT_1.jpg",
            "source_hash": null,
            "storage_class": "STANDARD",
            "tags": null,
            "tags_all": {},
            "version_id": "pQ8rNHLYYOwqhM3iTDdJbN0mzcpetNR0",
            "website_redirect": ""
          },
          "sensitive_attributes": [],
          "identity_schema_version": 0,
          "identity": {
            "account_id": "471112555655",
            "bucket": "e-commerce-product-images-bucket",
            "key": "images/TEXTURED_SHIRT_1.jpg",
            "region": "ap-south-1"
          },
          "private": "bnVsbA=="
        },
        {
          "index_key": "TEXTURED_SHIRT_2.jpg",
          "schema_version": 0,
          "attributes": {
            "acl": null,
            "arn": "arn:aws:s3:::e-commerce-product-images-bucket/images/TEXTURED_SHIRT_2.jpg",
            "bucket": "e-commerce-product-images-bucket",
            "bucket_key_enabled": false,
            "cache_control": "",
            "checksum_algorithm": null,
            "checksum_crc32": "",
            "checksum_crc32c": "",
            "checksum_crc64nvme": "",
            "checksum_sha1": "",
            "checksum_sha256": "",
            "content": null,
            "content_base64": null,
            "content_disposition": "",
            "content_encoding": "",
            "content_language": "",
            "content_type": "image/jpeg",
            "etag": "e5574b2994011ee1b77ee78e18659047",
            "force_destroy": false,
            "id": "e-commerce-product-images-bucket/images/TEXTURED_SHIRT_2.jpg",
            "key": "images/TEXTURED_SHIRT_2.jpg",
            "kms_key_id": null,
            "metadata": null,
            "object_lock_legal_hold_status": "",
            "object_lock_mode": "",
            "object_lock_retain_until_date": "",
            "override_provider": [],
            "region": "ap-south-1",
            "server_side_encryption": "AES256",
            "source": "downloaded_images/TEXTURED_SHIRT_2.jpg",
            "source_hash": null,
            "storage_class": "STANDARD",
            "tags": null,
            "tags_all": {},
            "version_id": "u1R4AooVOU2JYte4Fu9Wn5j5LxkERvgM",
            "website_redirect": ""
          },
          "sensitive_attributes": [],
          "identity_schema_version": 0,
          "identity": {
            "account_id": "471112555655",
            "bucket": "e-commerce-product-images-bucket",
            "key": "images/TEXTURED_SHIRT_2.jpg",
            "region": "ap-south-1"
          },
          "private": "bnVsbA=="
        },
        {
          "index_key": "TEXTURED_SHIRT_WITH_PRINT_1.jpg",
          "schema_version": 0,
          "attributes": {
            "acl": null,
            "arn": "arn:aws:s3:::e-commerce-product-images-bucket/images/TEXTURED_SHIRT_WITH_PRINT_1.jpg",
            "bucket": "e-commerce-product-images-bucket",
            "bucket_key_enabled": false,
            "cache_control": "",
            "checksum_algorithm": null,
            "checksum_crc32": "",
            "checksum_crc32c": "",
            "checksum_crc64nvme": "",
            "checksum_sha1": "",
            "checksum_sha256": "",
            "content": null,
            "content_base64": null,
            "content_disposition": "",
            "content_encoding": "",
            "content_language": "",
            "content_type": "image/jpeg",
            "etag": "036809f0a38e45206cea7156fd283abe",
            "force_destroy": false,
            "id": "e-commerce-product-images-bucket/images/TEXTURED_SHIRT_WITH_PRINT_1.jpg",
            "key": "images/TEXTURED_SHIRT_WITH_PRINT_1.jpg",
            "kms_key_id": null,
            "metadata": null,
            "object_lock_legal_hold_status": "",
            "object_lock_mode": "",
            "object_lock_retain_until_date": "",
            "override_provider": [],
            "region": "ap-south-1",
            "server_side_encryption": "AES256",
            "source": "downloaded_images/TEXTURED_SHIRT_WITH_PRINT_1.jpg",
            "source_hash": null,
            "storage_class": "STANDARD",
            "tags": null,
            "tags_all": {},
            "version_id": "RLbpVBWnp9aolkE20ovhJTr9JvSHjY4K",
            "website_redirect": ""
          },
          "sensitive_attributes": [],
          "identity_schema_version": 0,
          "identity": {
            "account_id": "471112555655",
            "bucket": "e-commerce-product-images-bucket",
            "key": "images/TEXTURED_SHIRT_WITH_PRINT_1.jpg",
            "region": "ap-south-1"
          },
          "private": "bnVsbA=="
        },
        {
          "index_key": "TEXTURED_SHIRT_WITH_PRINT_2.jpg",
          "schema_version": 0,
          "attributes": {
            "acl": null,
            "arn": "arn:aws:s3:::e-commerce-product-images-bucket/images/TEXTURED_SHIRT_WITH_PRINT_2.jpg",
            "bucket": "e-commerce-product-images-bucket",
            "bucket_key_enabled": false,
            "cache_control": "",
            "checksum_algorithm": null,
            "checksum_crc32": "",
            "checksum_crc32c": "",
            "checksum_crc64nvme": "",
            "checksum_sha1": "",
            "checksum_sha256": "",
            "content": null,
            "content_base64": null,
            "content_disposition": "",
            "content_encoding": "",
            "content_language": "",
            "content_type": "image/jpeg",
            "etag": "3c948e5b1730b6a0b3f3dfae99dcf3d6",
            "force_destroy": false,
            "id": "e-commerce-product-images-bucket/images/TEXTURED_SHIRT_WITH_PRINT_2.jpg",
            "key": "images/TEXTURED_SHIRT_WITH_PRINT_2.jpg",
            "kms_key_id": null,
            "metadata": null,
            "object_lock_legal_hold_status": "",
            "object_lock_mode": "",
            "object_lock_retain_until_date": "",
            "override_provider": [],
            "region": "ap-south-1",
            "server_side_encryption": "AES256",
            "source": "downloaded_images/TEXTURED_SHIRT_WITH_PRINT_2.jpg",
            "source_hash": null,
            "storage_class": "STANDARD",
            "tags": null,
            "tags_all": {},
            "version_id": "09pRKERsHEkooGBf5bFWRHuH7vnWFUk5",
            "website_redirect": ""
          },
          "sensitive_attributes": [],
          "identity_schema_version": 0,
          "identity": {
            "account_id": "471112555655",
            "bucket": "e-commerce-product-images-bucket",
            "key": "images/TEXTURED_SHIRT_WITH_PRINT_2.jpg",
            "region": "ap-south-1"
          },
          "private": "bnVsbA=="
        },
        {
          "index_key": "TEXTURED_TWILL_SHIRT_1.jpg",
          "schema_version": 0,
          "attributes": {
            "acl": null,
            "arn": "arn:aws:s3:::e-commerce-product-images-bucket/images/TEXTURED_TWILL_SHIRT_1.jpg",
            "bucket": "e-commerce-product-images-bucket",
            "bucket_key_enabled": false,
            "cache_control": "",
            "checksum_algorithm": null,
            "checksum_crc32": "",
            "checksum_crc32c": "",
            "checksum_crc64nvme": "",
            "checksum_sha1": "",
            "checksum_sha256": "",
            "content": null,
            "content_base64": null,
            "content_disposition": "",
            "content_encoding": "",
            "content_language": "",
            "content_type": "image/jpeg",
            "etag": "4bf9d2347db47bda01fbcbe0538c1410",
            "force_destroy": false,
            "id": "e-commerce-product-images-bucket/images/TEXTURED_TWILL_SHIRT_1.jpg",
            "key": "images/TEXTURED_TWILL_SHIRT_1.jpg",
            "kms_key_id": null,
            "metadata": null,
            "object_lock_legal_hold_status": "",
            "object_lock_mode": "",
            "object_lock_retain_until_date": "",
            "override_provider": [],
            "region": "ap-south-1",
            "server_side_encryption": "AES256",
            "source": "downloaded_images/TEXTURED_TWILL_SHIRT_1.jpg",
            "source_hash": null,
            "storage_class": "STANDARD",
            "tags": null,
            "tags_all": {},
            "version_id": "Lp90u8MvmmRkDCv.JIYaIaksh0X4tz.j",
            "website_redirect": ""
          },
          "sensitive_attributes": [],
          "identity_schema_version": 0,
          "identity": {
            "account_id": "471112555655",
            "bucket": "e-commerce-product-images-bucket",
            "key": "images/TEXTURED_TWILL_SHIRT_1.jpg",
            "region": "ap-south-1"
          },
          "private": "bnVsbA=="
        },
        {
          "index_key": "TEXTURED_TWILL_SHIRT_2.jpg",
          "schema_version": 0,
          "attributes": {
            "acl": null,
            "arn": "arn:aws:s3:::e-commerce-product-images-bucket/images/TEXTURED_TWILL_SHIRT_2.jpg",
            "bucket": "e-commerce-product-images-bucket",
            "bucket_key_enabled": false,
            "cache_control": "",
            "checksum_algorithm": null,
            "checksum_crc32": "",
            "checksum_crc32c": "",
            "checksum_crc64nvme": "",
            "checksum_sha1": "",
            "checksum_sha256": "",
            "content": null,
            "content_base64": null,
            "content_disposition": "",
            "content_encoding": "",
            "content_language": "",
            "content_type": "image/jpeg",
            "etag": "1becd16f043b601dddcf176dbd46eb51",
            "force_destroy": false,
            "id": "e-commerce-product-images-bucket/images/TEXTURED_TWILL_SHIRT_2.jpg",
            "key": "images/TEXTURED_TWILL_SHIRT_2.jpg",
            "kms_key_id": null,
            "metadata": null,
            "object_lock_legal_hold_status": "",
            "object_lock_mode": "",
            "object_lock_retain_until_date": "",
            "override_provider": [],
            "region": "ap-south-1",
            "server_side_encryption": "AES256",
            "source": "downloaded_images/TEXTURED_TWILL_SHIRT_2.jpg",
            "source_hash": null,
            "storage_class": "STANDARD",
            "tags": null,
            "tags_all": {},
            "version_id": "jzTw3T62JgENLK44BYlQxjZaqsS_._ei",
            "website_redirect": ""
          },
          "sensitive_attributes": [],
          "identity_schema_version": 0,
          "identity": {
            "account_id": "471112555655",
            "bucket": "e-commerce-product-images-bucket",
            "key": "images/TEXTURED_TWILL_SHIRT_2.jpg",
            "region": "ap-south-1"
          },
          "private": "bnVsbA=="
        },
        {
          "index_key": "TIE-DYE_PRINT_SHIRT_1.jpg",
          "schema_version": 0,
          "attributes": {
            "acl": null,
            "arn": "arn:aws:s3:::e-commerce-product-images-bucket/images/TIE-DYE_PRINT_SHIRT_1.jpg",
            "bucket": "e-commerce-product-images-bucket",
            "bucket_key_enabled": false,
            "cache_control": "",
            "checksum_algorithm": null,
            "checksum_crc32": "",
            "checksum_crc32c": "",
            "checksum_crc64nvme": "",
            "checksum_sha1": "",
            "checksum_sha256": "",
            "content": null,
            "content_base64": null,
            "content_disposition": "",
            "content_encoding": "",
            "content_language": "",
            "content_type": "image/jpeg",
            "etag": "233644a6b9063754a81fd579e1ae05bb",
            "force_destroy": false,
            "id": "e-commerce-product-images-bucket/images/TIE-DYE_PRINT_SHIRT_1.jpg",
            "key": "images/TIE-DYE_PRINT_SHIRT_1.jpg",
            "kms_key_id": null,
            "metadata": null,
            "object_lock_legal_hold_status": "",
            "object_lock_mode": "",
            "object_lock_retain_until_date": "",
            "override_provider": [],
            "region": "ap-south-1",
            "server_side_encryption": "AES256",
            "source": "downloaded_images/TIE-DYE_PRINT_SHIRT_1.jpg",
            "source_hash": null,
            "storage_class": "STANDARD",
            "tags": null,
            "tags_all": {},
            "version_id": "lD4hrm0FIXOAIhaEm31ldeZttV8wnA0u",
            "website_redirect": ""
          },
          "sensitive_attributes": [],
          "identity_schema_version": 0,
          "identity": {
            "account_id": "471112555655",
            "bucket": "e-commerce-product-images-bucket",
            "key": "images/TIE-DYE_PRINT_SHIRT_1.jpg",
            "region": "ap-south-1"
          },
          "private": "bnVsbA=="
        },
        {
          "index_key": "TIE-DYE_PRINT_SHIRT_2.jpg",
          "schema_version": 0,
          "attributes": {
            "acl": null,
            "arn": "arn:aws:s3:::e-commerce-product-images-bucket/images/TIE-DYE_PRINT_SHIRT_2.jpg",
            "bucket": "e-commerce-product-images-bucket",
            "bucket_key_enabled": false,
            "cache_control": "",
            "checksum_algorithm": null,
            "checksum_crc32": "",
            "checksum_crc32c": "",
            "checksum_crc64nvme": "",
            "checksum_sha1": "",
            "checksum_sha256": "",
            "content": null,
            "content_base64": null,
            "content_disposition": "",
            "content_encoding": "",
            "content_language": "",
            "content_type": "image/jpeg",
            "etag": "c6e739dbbabeedec11ea7a64e9ead8fb",
            "force_destroy": false,
            "id": "e-commerce-product-images-bucket/images/TIE-DYE_PRINT_SHIRT_2.jpg",
            "key": "images/TIE-DYE_PRINT_SHIRT_2.jpg",
            "kms_key_id": null,
            "metadata": null,
            "object_lock_legal_hold_status": "",
            "object_lock_mode": "",
            "object_lock_retain_until_date": "",
            "override_provider": [],
            "region": "ap-south-1",
            "server_side_encryption": "AES256",
            "source": "downloaded_images/TIE-DYE_PRINT_SHIRT_2.jpg",
            "source_hash": null,
            "storage_class": "STANDARD",
            "tags": null,
            "tags_all": {},
            "version_id": "YJFtvNKIUrCG4_5ChwrQRvK5QT77xFBH",
            "website_redirect": ""
          },
          "sensitive_attributes": [],
          "identity_schema_version": 0,
          "identity": {
            "account_id": "471112555655",
            "bucket": "e-commerce-product-images-bucket",
            "key": "images/TIE-DYE_PRINT_SHIRT_2.jpg",
            "region": "ap-south-1"
          },
          "private": "bnVsbA=="
        },
        {
          "index_key": "UTILITY_SHIRT_WITH_POCKETS_1.jpg",
          "schema_version": 0,
          "attributes": {
            "acl": null,
            "arn": "arn:aws:s3:::e-commerce-product-images-bucket/images/UTILITY_SHIRT_WITH_POCKETS_1.jpg",
            "bucket": "e-commerce-product-images-bucket",
            "bucket_key_enabled": false,
            "cache_control": "",
            "checksum_algorithm": null,
            "checksum_crc32": "",
            "checksum_crc32c": "",
            "checksum_crc64nvme": "",
            "checksum_sha1": "",
            "checksum_sha256": "",
            "content": null,
            "content_base64": null,
            "content_disposition": "",
            "content_encoding": "",
            "content_language": "",
            "content_type": "image/jpeg",
            "etag": "61f60cd70490c2411787db6d0b067cc4",
            "force_destroy": false,
            "id": "e-commerce-product-images-bucket/images/UTILITY_SHIRT_WITH_POCKETS_1.jpg",
            "key": "images/UTILITY_SHIRT_WITH_POCKETS_1.jpg",
            "kms_key_id": null,
            "metadata": null,
            "object_lock_legal_hold_status": "",
            "object_lock_mode": "",
            "object_lock_retain_until_date": "",
            "override_provider": [],
            "region": "ap-south-1",
            "server_side_encryption": "AES256",
            "source": "downloaded_images/UTILITY_SHIRT_WITH_POCKETS_1.jpg",
            "source_hash": null,
            "storage_class": "STANDARD",
            "tags": null,
            "tags_all": {},
            "version_id": "S2XW7zpzkkE5YGQyf.U.vb1mlyvoLhyb",
            "website_redirect": ""
          },
          "sensitive_attributes": [],
          "identity_schema_version": 0,
          "identity": {
            "account_id": "471112555655",
            "bucket": "e-commerce-product-images-bucket",
            "key": "images/UTILITY_SHIRT_WITH_POCKETS_1.jpg",
            "region": "ap-south-1"
          },
          "private": "bnVsbA=="
        },
        {
          "index_key": "UTILITY_SHIRT_WITH_POCKETS_2.jpg",
          "schema_version": 0,
          "attributes": {
            "acl": null,
            "arn": "arn:aws:s3:::e-commerce-product-images-bucket/images/UTILITY_SHIRT_WITH_POCKETS_2.jpg",
            "bucket": "e-commerce-product-images-bucket",
            "bucket_key_enabled": false,
            "cache_control": "",
            "checksum_algorithm": null,
            "checksum_crc32": "",
            "checksum_crc32c": "",
            "checksum_crc64nvme": "",
            "checksum_sha1": "",
            "checksum_sha256": "",
            "content": null,
            "content_base64": null,
            "content_disposition": "",
            "content_encoding": "",
            "content_language": "",
            "content_type": "image/jpeg",
            "etag": "7be114cc4fe9c8069bd3c02ef7477a07",
            "force_destroy": false,
            "id": "e-commerce-product-images-bucket/images/UTILITY_SHIRT_WITH_POCKETS_2.jpg",
            "key": "images/UTILITY_SHIRT_WITH_POCKETS_2.jpg",
            "kms_key_id": null,
            "metadata": null,
            "object_lock_legal_hold_status": "",
            "object_lock_mode": "",
            "object_lock_retain_until_date": "",
            "override_provider": [],
            "region": "ap-south-1",
            "server_side_encryption": "AES256",
            "source": "downloaded_images/UTILITY_SHIRT_WITH_POCKETS_2.jpg",
            "source_hash": null,
            "storage_class": "STANDARD",
            "tags": null,
            "tags_all": {},
            "version_id": "RLiYxRAbCbL53oBhswzH4v5MAfZygWKI",
            "website_redirect": ""
          },
          "sensitive_attributes": [],
          "identity_schema_version": 0,
          "identity": {
            "account_id": "471112555655",
            "bucket": "e-commerce-product-images-bucket",
            "key": "images/UTILITY_SHIRT_WITH_POCKETS_2.jpg",
            "region": "ap-south-1"
          },
          "private": "bnVsbA=="
        },
        {
          "index_key": "VERTICAL_TEXTURED_SHIRT_1.jpg",
          "schema_version": 0,
          "attributes": {
            "acl": null,
            "arn": "arn:aws:s3:::e-commerce-product-images-bucket/images/VERTICAL_TEXTURED_SHIRT_1.jpg",
            "bucket": "e-commerce-product-images-bucket",
            "bucket_key_enabled": false,
            "cache_control": "",
            "checksum_algorithm": null,
            "checksum_crc32": "",
            "checksum_crc32c": "",
            "checksum_crc64nvme": "",
            "checksum_sha1": "",
            "checksum_sha256": "",
            "content": null,
            "content_base64": null,
            "content_disposition": "",
            "content_encoding": "",
            "content_language": "",
            "content_type": "image/jpeg",
            "etag": "a12245d34be4f1ccedd0bd211ae88d49",
            "force_destroy": false,
            "id": "e-commerce-product-images-bucket/images/VERTICAL_TEXTURED_SHIRT_1.jpg",
            "key": "images/VERTICAL_TEXTURED_SHIRT_1.jpg",
            "kms_key_id": null,
            "metadata": null,
            "object_lock_legal_hold_status": "",
            "object_lock_mode": "",
            "object_lock_retain_until_date": "",
            "override_provider": [],
            "region": "ap-south-1",
            "server_side_encryption": "AES256",
            "source": "downloaded_images/VERTICAL_TEXTURED_SHIRT_1.jpg",
            "source_hash": null,
            "storage_class": "STANDARD",
            "tags": null,
            "tags_all": {},
            "version_id": "6FwpHLrHKCOcG8DSuK91oL4vo_04Uc7T",
            "website_redirect": ""
          },
          "sensitive_attributes": [],
          "identity_schema_version": 0,
          "identity": {
            "account_id": "471112555655",
            "bucket": "e-commerce-product-images-bucket",
            "key": "images/VERTICAL_TEXTURED_SHIRT_1.jpg",
            "region": "ap-south-1"
          },
          "private": "bnVsbA=="
        },
        {
          "index_key": "VERTICAL_TEXTURED_SHIRT_2.jpg",
          "schema_version": 0,
          "attributes": {
            "acl": null,
            "arn": "arn:aws:s3:::e-commerce-product-images-bucket/images/VERTICAL_TEXTURED_SHIRT_2.jpg",
            "bucket": "e-commerce-product-images-bucket",
            "bucket_key_enabled": false,
            "cache_control": "",
            "checksum_algorithm": null,
            "checksum_crc32": "",
            "checksum_crc32c": "",
            "checksum_crc64nvme": "",
            "checksum_sha1": "",
            "checksum_sha256": "",
            "content": null,
            "content_base64": null,
            "content_disposition": "",
            "content_encoding": "",
            "content_language": "",
            "content_type": "image/jpeg",
            "etag": "b53c03c7e64a7b9ccc231fbdbdfcc0fa",
            "force_destroy": false,
            "id": "e-commerce-product-images-bucket/images/VERTICAL_TEXTURED_SHIRT_2.jpg",
            "key": "images/VERTICAL_TEXTURED_SHIRT_2.jpg",
            "kms_key_id": null,
            "metadata": null,
            "object_lock_legal_hold_status": "",
            "object_lock_mode": "",
            "object_lock_retain_until_date": "",
            "override_provider": [],
            "region": "ap-south-1",
            "server_side_encryption": "AES256",
            "source": "downloaded_images/VERTICAL_TEXTURED_SHIRT_2.jpg",
            "source_hash": null,
            "storage_class": "STANDARD",
            "tags": null,
            "tags_all": {},
            "version_id": "Jou.J9svDgv4eOB0ldWiGsTOm7PP8fzI",
            "website_redirect": ""
          },
          "sensitive_attributes": [],
          "identity_schema_version": 0,
          "identity": {
            "account_id": "471112555655",
            "bucket": "e-commerce-product-images-bucket",
            "key": "images/VERTICAL_TEXTURED_SHIRT_2.jpg",
            "region": "ap-south-1"
          },
          "private": "bnVsbA=="
        },
        {
          "index_key": "VISCOSE_-_LINEN_SHIRT_1.jpg",
          "schema_version": 0,
          "attributes": {
            "acl": null,
            "arn": "arn:aws:s3:::e-commerce-product-images-bucket/images/VISCOSE_-_LINEN_SHIRT_1.jpg",
            "bucket": "e-commerce-product-images-bucket",
            "bucket_key_enabled": false,
            "cache_control": "",
            "checksum_algorithm": null,
            "checksum_crc32": "",
            "checksum_crc32c": "",
            "checksum_crc64nvme": "",
            "checksum_sha1": "",
            "checksum_sha256": "",
            "content": null,
            "content_base64": null,
            "content_disposition": "",
            "content_encoding": "",
            "content_language": "",
            "content_type": "image/jpeg",
            "etag": "aa60b323d0511b506e63e2574d753e36",
            "force_destroy": false,
            "id": "e-commerce-product-images-bucket/images/VISCOSE_-_LINEN_SHIRT_1.jpg",
            "key": "images/VISCOSE_-_LINEN_SHIRT_1.jpg",
            "kms_key_id": null,
            "metadata": null,
            "object_lock_legal_hold_status": "",
            "object_lock_mode": "",
            "object_lock_retain_until_date": "",
            "override_provider": [],
            "region": "ap-south-1",
            "server_side_encryption": "AES256",
            "source": "downloaded_images/VISCOSE_-_LINEN_SHIRT_1.jpg",
            "source_hash": null,
            "storage_class": "STANDARD",
            "tags": null,
            "tags_all": {},
            "version_id": "DMYmIvzfcy0wFviGB92dbz4640rIDNnE",
            "website_redirect": ""
          },
          "sensitive_attributes": [],
          "identity_schema_version": 0,
          "identity": {
            "account_id": "471112555655",
            "bucket": "e-commerce-product-images-bucket",
            "key": "images/VISCOSE_-_LINEN_SHIRT_1.jpg",
            "region": "ap-south-1"
          },
          "private": "bnVsbA=="
        },
        {
          "index_key": "VISCOSE_-_LINEN_SHIRT_2.jpg",
          "schema_version": 0,
          "attributes": {
            "acl": null,
            "arn": "arn:aws:s3:::e-commerce-product-images-bucket/images/VISCOSE_-_LINEN_SHIRT_2.jpg",
            "bucket": "e-commerce-product-images-bucket",
            "bucket_key_enabled": false,
            "cache_control": "",
            "checksum_algorithm": null,
            "checksum_crc32": "",
            "checksum_crc32c": "",
            "checksum_crc64nvme": "",
            "checksum_sha1": "",
            "checksum_sha256": "",
            "content": null,
            "content_base64": null,
            "content_disposition": "",
            "content_encoding": "",
            "content_language": "",
            "content_type": "image/jpeg",
            "etag": "223370a516d217a11c18e6be120e59b1",
            "force_destroy": false,
            "id": "e-commerce-product-images-bucket/images/VISCOSE_-_LINEN_SHIRT_2.jpg",
            "key": "images/VISCOSE_-_LINEN_SHIRT_2.jpg",
            "kms_key_id": null,
            "metadata": null,
            "object_lock_legal_hold_status": "",
            "object_lock_mode": "",
            "object_lock_retain_until_date": "",
            "override_provider": [],
            "region": "ap-south-1",
            "server_side_encryption": "AES256",
            "source": "downloaded_images/VISCOSE_-_LINEN_SHIRT_2.jpg",
            "source_hash": null,
            "storage_class": "STANDARD",
            "tags": null,
            "tags_all": {},
            "version_id": "lLZVDVjYsL3P7gSEBJYOjrsvSwAUESbH",
            "website_redirect": ""
          },
          "sensitive_attributes": [],
          "identity_schema_version": 0,
          "identity": {
            "account_id": "471112555655",
            "bucket": "e-commerce-product-images-bucket",
            "key": "images/VISCOSE_-_LINEN_SHIRT_2.jpg",
            "region": "ap-south-1"
          },
          "private": "bnVsbA=="
        },
        {
          "index_key": "VISCOSE_LINEN_BLEND_SHIRT_1.jpg",
          "schema_version": 0,
          "attributes": {
            "acl": null,
            "arn": "arn:aws:s3:::e-commerce-product-images-bucket/images/VISCOSE_LINEN_BLEND_SHIRT_1.jpg",
            "bucket": "e-commerce-product-images-bucket",
            "bucket_key_enabled": false,
            "cache_control": "",
            "checksum_algorithm": null,
            "checksum_crc32": "",
            "checksum_crc32c": "",
            "checksum_crc64nvme": "",
            "checksum_sha1": "",
            "checksum_sha256": "",
            "content": null,
            "content_base64": null,
            "content_disposition": "",
            "content_encoding": "",
            "content_language": "",
            "content_type": "image/jpeg",
            "etag": "0d60c34aed0f82b733d7e162f7922bd5",
            "force_destroy": false,
            "id": "e-commerce-product-images-bucket/images/VISCOSE_LINEN_BLEND_SHIRT_1.jpg",
            "key": "images/VISCOSE_LINEN_BLEND_SHIRT_1.jpg",
            "kms_key_id": null,
            "metadata": null,
            "object_lock_legal_hold_status": "",
            "object_lock_mode": "",
            "object_lock_retain_until_date": "",
            "override_provider": [],
            "region": "ap-south-1",
            "server_side_encryption": "AES256",
            "source": "downloaded_images/VISCOSE_LINEN_BLEND_SHIRT_1.jpg",
            "source_hash": null,
            "storage_class": "STANDARD",
            "tags": null,
            "tags_all": {},
            "version_id": "OTbda3P_hsIxpFvyhHf4Vt7FqprOdrSM",
            "website_redirect": ""
          },
          "sensitive_attributes": [],
          "identity_schema_version": 0,
          "identity": {
            "account_id": "471112555655",
            "bucket": "e-commerce-product-images-bucket",
            "key": "images/VISCOSE_LINEN_BLEND_SHIRT_1.jpg",
            "region": "ap-south-1"
          },
          "private": "bnVsbA=="
        },
        {
          "index_key": "VISCOSE_LINEN_BLEND_SHIRT_2.jpg",
          "schema_version": 0,
          "attributes": {
            "acl": null,
            "arn": "arn:aws:s3:::e-commerce-product-images-bucket/images/VISCOSE_LINEN_BLEND_SHIRT_2.jpg",
            "bucket": "e-commerce-product-images-bucket",
            "bucket_key_enabled": false,
            "cache_control": "",
            "checksum_algorithm": null,
            "checksum_crc32": "",
            "checksum_crc32c": "",
            "checksum_crc64nvme": "",
            "checksum_sha1": "",
            "checksum_sha256": "",
            "content": null,
            "content_base64": null,
            "content_disposition": "",
            "content_encoding": "",
            "content_language": "",
            "content_type": "image/jpeg",
            "etag": "910a3bb1c3afceff30c66448332599a1",
            "force_destroy": false,
            "id": "e-commerce-product-images-bucket/images/VISCOSE_LINEN_BLEND_SHIRT_2.jpg",
            "key": "images/VISCOSE_LINEN_BLEND_SHIRT_2.jpg",
            "kms_key_id": null,
            "metadata": null,
            "object_lock_legal_hold_status": "",
            "object_lock_mode": "",
            "object_lock_retain_until_date": "",
            "override_provider": [],
            "region": "ap-south-1",
            "server_side_encryption": "AES256",
            "source": "downloaded_images/VISCOSE_LINEN_BLEND_SHIRT_2.jpg",
            "source_hash": null,
            "storage_class": "STANDARD",
            "tags": null,
            "tags_all": {},
            "version_id": "2ovmz5nMvTRLd.cOVw_2IneAPE_03gs2",
            "website_redirect": ""
          },
          "sensitive_attributes": [],
          "identity_schema_version": 0,
          "identity": {
            "account_id": "471112555655",
            "bucket": "e-commerce-product-images-bucket",
            "key": "images/VISCOSE_LINEN_BLEND_SHIRT_2.jpg",
            "region": "ap-south-1"
          },
          "private": "bnVsbA=="
        }
      ]
    }
  ],
  "check_results": null
}
